{
  "version": 4,
  "terraform_version": "1.11.4",
  "serial": 1557,
  "lineage": "aa86e838-343b-cf5b-4882-f1bf9fa244ef",
  "outputs": {
    "app_alb_dns_name": {
      "value": "app.myphonefriend.com",
      "type": "string"
    },
    "asterisk_instance_id": {
      "value": "i-03d6c966c9078d8cb",
      "type": "string"
    },
    "asterisk_private_ip": {
      "value": "172.31.100.78",
      "type": "string"
    },
    "asterisk_public_ip": {
      "value": "3.140.153.103",
      "type": "string"
    },
    "connection_test_commands": {
      "value": "# Test from local machine:\ncurl -u asterisk:YOUR_ARI_PASSWORD http://3.140.153.103:8088/ari/asterisk/info\n    \n# SSH to Asterisk instance:\nssh -i your-key.pem ec2-user@3.140.153.103\n    \n# From Asterisk instance, test internal connectivity:\ncurl http://localhost:8088/ari/asterisk/info\n    \n# Check Docker status on Asterisk:\nsudo docker ps\nsudo docker logs asterisk\n    \n# Use ECS Exec to test from app container:\naws ecs execute-command --cluster bianca-cluster --task TASK_ID --container bianca-app-backend --interactive --command \"/bin/sh\"\n# Then inside container:\ncurl http://172.31.100.78:8088/ari/asterisk/info\n    \n# Test MongoDB connectivity from app container:\n# First get MongoDB task ID:\naws ecs list-tasks --cluster bianca-cluster --service-name mongodb-service\n# Then test connection:\nmongosh mongodb://mongodb.myphonefriend.internal:27017\n",
      "type": "string"
    },
    "deployment_architecture": {
      "value": "MongoDB runs as separate ECS service. App deployments no longer affect MongoDB. Zero-downtime deployments enabled.",
      "type": "string"
    },
    "mongodb_service_discovery_dns": {
      "value": "mongodb.myphonefriend.internal",
      "type": "string"
    },
    "nat_gateway_ip": {
      "value": "18.216.248.123",
      "type": "string"
    },
    "network_architecture": {
      "value": "Hybrid: Asterisk in public subnet with EIP for Twilio, App in private subnet. RTP uses private IPs within VPC.",
      "type": "string"
    },
    "private_subnet_cidrs": {
      "value": [
        "172.31.110.0/24",
        "172.31.111.0/24"
      ],
      "type": [
        "tuple",
        [
          "string",
          "string"
        ]
      ]
    },
    "sip_dns_name": {
      "value": "sip.myphonefriend.com",
      "type": "string"
    }
  },
  "resources": [
    {
      "mode": "data",
      "type": "aws_acm_certificate",
      "name": "app_cert",
      "provider": "provider[\"registry.terraform.io/hashicorp/aws\"]",
      "instances": [
        {
          "schema_version": 0,
          "attributes": {
            "arn": "arn:aws:acm:us-east-2:730335291008:certificate/7c210226-1854-4fba-b48f-ae233fd9619f",
            "certificate": "-----BEGIN CERTIFICATE-----\nMIIF0TCCBLmgAwIBAgIQCn1mXv228cV4LjCnkTmkTDANBgkqhkiG9w0BAQsFADA8\nMQswCQYDVQQGEwJVUzEPMA0GA1UEChMGQW1hem9uMRwwGgYDVQQDExNBbWF6b24g\nUlNBIDIwNDggTTAyMB4XDTI1MDIyMjAwMDAwMFoXDTI2MDMyNDIzNTk1OVowHjEc\nMBoGA1UEAwwTKi5teXBob25lZnJpZW5kLmNvbTCCASIwDQYJKoZIhvcNAQEBBQAD\nggEPADCCAQoCggEBAJHE+CayJHUZI/ozHrcqnOychb5CU+0ysGD5Izul/jkZzeLW\nHYK173uOTPlpOGMRpPfeMaL/6y01Arq3uyZeRlEP3MHm/piXXvtGjGv7n24B9MFH\nIPuUFHbMusJhfFYCV1l2O2l2WSxmk8gzQELAJxBPQQNsH5mzqTsq5/Qh6R3F2rlN\n/6crZzB0pIzg7z/VtOftI7+oEkGP1LwyC+/7DdE0BTuGPQNG0FiYxBV8WedSLWP2\n3sll5jW8Wp+H/nPVeO+k/Wu9tW76DikRiCc+sH5vmOL2IUHCQ3Si/EJ4Mgph86TJ\nCssPGXbTq7D94Y5qmtCxR8qEg7wQ2HGJtNMmxycCAwEAAaOCAuswggLnMB8GA1Ud\nIwQYMBaAFMAxUs1aUMOCfHRxzsvpnPl664LiMB0GA1UdDgQWBBRCYeNiM1kwp/fP\nRM2B/D8IYcVOljAeBgNVHREEFzAVghMqLm15cGhvbmVmcmllbmQuY29tMBMGA1Ud\nIAQMMAowCAYGZ4EMAQIBMA4GA1UdDwEB/wQEAwIFoDAdBgNVHSUEFjAUBggrBgEF\nBQcDAQYIKwYBBQUHAwIwOwYDVR0fBDQwMjAwoC6gLIYqaHR0cDovL2NybC5yMm0w\nMi5hbWF6b250cnVzdC5jb20vcjJtMDIuY3JsMHUGCCsGAQUFBwEBBGkwZzAtBggr\nBgEFBQcwAYYhaHR0cDovL29jc3AucjJtMDIuYW1hem9udHJ1c3QuY29tMDYGCCsG\nAQUFBzAChipodHRwOi8vY3J0LnIybTAyLmFtYXpvbnRydXN0LmNvbS9yMm0wMi5j\nZXIwDAYDVR0TAQH/BAIwADCCAX0GCisGAQQB1nkCBAIEggFtBIIBaQFnAHYADleU\nvPOuqT4zGyyZB7P3kN+bwj1xMiXdIaklrGHFTiEAAAGVKwbILwAABAMARzBFAiAJ\nA1ZeLg2t5nk4XGcZ+qz3kCyeImCVAZGdKVuq8BAZPwIhAKzKw5ICgIO1hVufm/xA\nNI+OoqrYhMjVGN7WRQlZsZ3SAHUAZBHEbKQS7KeJHKICLgC8q08oB9QeNSer6v7V\nA8l9zfAAAAGVKwbIbgAABAMARjBEAiAacVhjpZMGb5uECl30QkhnO2qYDwK5KSYv\nOSM/Upl9dAIgcsLadXHpSNqBxGbuPpQZI9v+Zk6qgwTr9d3som8njfsAdgBJnJtp\n3h187Pw23s2HZKa4W68Kh4AZ0VVS++nrKd34wwAAAZUrBsiEAAAEAwBHMEUCIQC3\nLktbreZ6Wk8ZP6UfXt6n619KSJuuSQh5vOmvXyg6QAIgB6oSPdeovgKOYhj65v+e\nVk+Fv3j2ayiI6QvB1W1UJtYwDQYJKoZIhvcNAQELBQADggEBAGZFrxj0v4WO3FmR\nmlxOQzVNknv1sxGlZKl6p07dsTX8ETcf2Hw2w8u/qw0gBqsDmj53yJNWVGqZFuPr\nH81g6rLF8KFBgh9NCXTg1mph6EpH/DEaLvN6oV9qW83xdE1Tg6bb3xccL6dkYwDp\nztE30tT4UWFUKiwiu6ZrHXzoW3YGIeiQyGXBGpc+CUJN+7Y/6ZnF6ukJUaEQLOaU\nbGqO3ljq7dhQrJEkXyZZ2DbEO91dZkeiGE+q0jGx/3i3UiqjwgRT0X5l0eWu/D0J\nt+7JvYIUFDppp7VEnAqSUF33R+K8lX9Et0PsI49eXOhDHkcaCeeqsQ3USIFNNMw8\nCgUULZc=\n-----END CERTIFICATE-----\n",
            "certificate_chain": "-----BEGIN CERTIFICATE-----\nMIIEXjCCA0agAwIBAgITB3MSSkvL1E7HtTvq8ZSELToPoTANBgkqhkiG9w0BAQsF\nADA5MQswCQYDVQQGEwJVUzEPMA0GA1UEChMGQW1hem9uMRkwFwYDVQQDExBBbWF6\nb24gUm9vdCBDQSAxMB4XDTIyMDgyMzIyMjUzMFoXDTMwMDgyMzIyMjUzMFowPDEL\nMAkGA1UEBhMCVVMxDzANBgNVBAoTBkFtYXpvbjEcMBoGA1UEAxMTQW1hem9uIFJT\nQSAyMDQ4IE0wMjCCASIwDQYJKoZIhvcNAQEBBQADggEPADCCAQoCggEBALtDGMZa\nqHneKei1by6+pUPPLljTB143Si6VpEWPc6mSkFhZb/6qrkZyoHlQLbDYnI2D7hD0\nsdzEqfnuAjIsuXQLG3A8TvX6V3oFNBFVe8NlLJHvBseKY88saLwufxkZVwk74g4n\nWlNMXzla9Y5F3wwRHwMVH443xGz6UtGSZSqQ94eFx5X7Tlqt8whi8qCaKdZ5rNak\n+r9nUThOeClqFd4oXych//Rc7Y0eX1KNWHYSI1Nk31mYgiK3JvH063g+K9tHA63Z\neTgKgndlh+WI+zv7i44HepRZjA1FYwYZ9Vv/9UkC5Yz8/yU65fgjaE+wVHM4e/Yy\nC2osrPWE7gJ+dXMCAwEAAaOCAVowggFWMBIGA1UdEwEB/wQIMAYBAf8CAQAwDgYD\nVR0PAQH/BAQDAgGGMB0GA1UdJQQWMBQGCCsGAQUFBwMBBggrBgEFBQcDAjAdBgNV\nHQ4EFgQUwDFSzVpQw4J8dHHOy+mc+XrrguIwHwYDVR0jBBgwFoAUhBjMhTTsvAyU\nlC4IWZzHshBOCggwewYIKwYBBQUHAQEEbzBtMC8GCCsGAQUFBzABhiNodHRwOi8v\nb2NzcC5yb290Y2ExLmFtYXpvbnRydXN0LmNvbTA6BggrBgEFBQcwAoYuaHR0cDov\nL2NydC5yb290Y2ExLmFtYXpvbnRydXN0LmNvbS9yb290Y2ExLmNlcjA/BgNVHR8E\nODA2MDSgMqAwhi5odHRwOi8vY3JsLnJvb3RjYTEuYW1hem9udHJ1c3QuY29tL3Jv\nb3RjYTEuY3JsMBMGA1UdIAQMMAowCAYGZ4EMAQIBMA0GCSqGSIb3DQEBCwUAA4IB\nAQAtTi6Fs0Azfi+iwm7jrz+CSxHH+uHl7Law3MQSXVtR8RV53PtR6r/6gNpqlzdo\nZq4FKbADi1v9Bun8RY8D51uedRfjsbeodizeBB8nXmeyD33Ep7VATj4ozcd31YFV\nfgRhvTSxNrrTlNpWkUk0m3BMPv8sg381HhA6uEYokE5q9uws/3YkKqRiEz3TsaWm\nJqIRZhMbgAfp7O7FUwFIb7UIspogZSKxPIWJpxiPo3TcBambbVtQOcNRWz5qCQdD\nslI2yayq0n2TXoHyNCLEH8rpsJRVILFsg0jc7BaFrMnF462+ajSehgj12IidNeRN\n4zl+EoNaWdpnWndvSpAEkq2P\n-----END CERTIFICATE-----\n-----BEGIN CERTIFICATE-----\nMIIEkjCCA3qgAwIBAgITBn+USionzfP6wq4rAfkI7rnExjANBgkqhkiG9w0BAQsF\nADCBmDELMAkGA1UEBhMCVVMxEDAOBgNVBAgTB0FyaXpvbmExEzARBgNVBAcTClNj\nb3R0c2RhbGUxJTAjBgNVBAoTHFN0YXJmaWVsZCBUZWNobm9sb2dpZXMsIEluYy4x\nOzA5BgNVBAMTMlN0YXJmaWVsZCBTZXJ2aWNlcyBSb290IENlcnRpZmljYXRlIEF1\ndGhvcml0eSAtIEcyMB4XDTE1MDUyNTEyMDAwMFoXDTM3MTIzMTAxMDAwMFowOTEL\nMAkGA1UEBhMCVVMxDzANBgNVBAoTBkFtYXpvbjEZMBcGA1UEAxMQQW1hem9uIFJv\nb3QgQ0EgMTCCASIwDQYJKoZIhvcNAQEBBQADggEPADCCAQoCggEBALJ4gHHKeNXj\nca9HgFB0fW7Y14h29Jlo91ghYPl0hAEvrAIthtOgQ3pOsqTQNroBvo3bSMgHFzZM\n9O6II8c+6zf1tRn4SWiw3te5djgdYZ6k/oI2peVKVuRF4fn9tBb6dNqcmzU5L/qw\nIFAGbHrQgLKm+a/sRxmPUDgH3KKHOVj4utWp+UhnMJbulHheb4mjUcAwhmahRWa6\nVOujw5H5SNz/0egwLX0tdHA114gk957EWW67c4cX8jJGKLhD+rcdqsq08p8kDi1L\n93FcXmn/6pUCyziKrlA4b9v7LWIbxcceVOF34GfID5yHI9Y/QCB/IIDEgEw+OyQm\njgSubJrIqg0CAwEAAaOCATEwggEtMA8GA1UdEwEB/wQFMAMBAf8wDgYDVR0PAQH/\nBAQDAgGGMB0GA1UdDgQWBBSEGMyFNOy8DJSULghZnMeyEE4KCDAfBgNVHSMEGDAW\ngBScXwDfqgHXMCs4iKK4bUqc8hGRgzB4BggrBgEFBQcBAQRsMGowLgYIKwYBBQUH\nMAGGImh0dHA6Ly9vY3NwLnJvb3RnMi5hbWF6b250cnVzdC5jb20wOAYIKwYBBQUH\nMAKGLGh0dHA6Ly9jcnQucm9vdGcyLmFtYXpvbnRydXN0LmNvbS9yb290ZzIuY2Vy\nMD0GA1UdHwQ2MDQwMqAwoC6GLGh0dHA6Ly9jcmwucm9vdGcyLmFtYXpvbnRydXN0\nLmNvbS9yb290ZzIuY3JsMBEGA1UdIAQKMAgwBgYEVR0gADANBgkqhkiG9w0BAQsF\nAAOCAQEAYjdCXLwQtT6LLOkMm2xF4gcAevnFWAu5CIw+7bMlPLVvUOTNNWqnkzSW\nMiGpSESrnO09tKpzbeR/FoCJbM8oAxiDR3mjEH4wW6w7sGDgd9QIpuEdfF7Au/ma\neyKdpwAJfqxGF4PcnCZXmTA5YpaP7dreqsXMGz7KQ2hsVxa81Q4gLv7/wmpdLqBK\nbRRYh5TmOTFffHPLkIhqhBGWJ6bt2YFGpn6jcgAKUj6DiAdjd4lpFw85hdKrCEVN\n0FE6/V1dN2RMfjCyVSRCnTawXZwXgWHxyvkQAiSr6w10kY17RSlQOYiypok1JR4U\nakcjMS9cmvqtmg5iUaQqqcT5NJ0hGA==\n-----END CERTIFICATE-----\n",
            "domain": "*.myphonefriend.com",
            "id": "arn:aws:acm:us-east-2:730335291008:certificate/7c210226-1854-4fba-b48f-ae233fd9619f",
            "key_types": null,
            "most_recent": true,
            "status": "ISSUED",
            "statuses": [
              "ISSUED"
            ],
            "tags": {},
            "types": null
          },
          "sensitive_attributes": []
        }
      ]
    },
    {
      "mode": "data",
      "type": "aws_ami",
      "name": "amazon_linux_2",
      "provider": "provider[\"registry.terraform.io/hashicorp/aws\"]",
      "instances": [
        {
          "schema_version": 0,
          "attributes": {
            "architecture": "x86_64",
            "arn": "arn:aws:ec2:us-east-2::image/ami-054d057aaa6f1aa39",
            "block_device_mappings": [
              {
                "device_name": "/dev/xvda",
                "ebs": {
                  "delete_on_termination": "true",
                  "encrypted": "false",
                  "iops": "0",
                  "snapshot_id": "snap-0ae2cab61aa8c5ecc",
                  "throughput": "0",
                  "volume_size": "8",
                  "volume_type": "gp2"
                },
                "no_device": "",
                "virtual_name": ""
              }
            ],
            "boot_mode": "",
            "creation_date": "2025-06-20T08:42:12.000Z",
            "deprecation_time": "2025-09-18T08:42:00.000Z",
            "description": "Amazon Linux 2 AMI 2.0.20250623.0 x86_64 HVM gp2",
            "ena_support": true,
            "executable_users": null,
            "filter": [
              {
                "name": "name",
                "values": [
                  "amzn2-ami-hvm-*-x86_64-gp2"
                ]
              },
              {
                "name": "virtualization-type",
                "values": [
                  "hvm"
                ]
              }
            ],
            "hypervisor": "xen",
            "id": "ami-054d057aaa6f1aa39",
            "image_id": "ami-054d057aaa6f1aa39",
            "image_location": "amazon/amzn2-ami-hvm-2.0.20250623.0-x86_64-gp2",
            "image_owner_alias": "amazon",
            "image_type": "machine",
            "imds_support": "",
            "include_deprecated": false,
            "kernel_id": "",
            "last_launched_time": "",
            "most_recent": true,
            "name": "amzn2-ami-hvm-2.0.20250623.0-x86_64-gp2",
            "name_regex": null,
            "owner_id": "137112412989",
            "owners": [
              "amazon"
            ],
            "platform": "",
            "platform_details": "Linux/UNIX",
            "product_codes": [],
            "public": true,
            "ramdisk_id": "",
            "root_device_name": "/dev/xvda",
            "root_device_type": "ebs",
            "root_snapshot_id": "snap-0ae2cab61aa8c5ecc",
            "sriov_net_support": "simple",
            "state": "available",
            "state_reason": {
              "code": "UNSET",
              "message": "UNSET"
            },
            "tags": {},
            "timeouts": null,
            "tpm_support": "",
            "uefi_data": null,
            "usage_operation": "RunInstances",
            "virtualization_type": "hvm"
          },
          "sensitive_attributes": []
        }
      ]
    },
    {
      "mode": "data",
      "type": "aws_availability_zones",
      "name": "available",
      "provider": "provider[\"registry.terraform.io/hashicorp/aws\"]",
      "instances": [
        {
          "schema_version": 0,
          "attributes": {
            "all_availability_zones": null,
            "exclude_names": null,
            "exclude_zone_ids": null,
            "filter": null,
            "group_names": [
              "us-east-2-zg-1"
            ],
            "id": "us-east-2",
            "names": [
              "us-east-2a",
              "us-east-2b",
              "us-east-2c"
            ],
            "state": "available",
            "timeouts": null,
            "zone_ids": [
              "use2-az1",
              "use2-az2",
              "use2-az3"
            ]
          },
          "sensitive_attributes": []
        }
      ]
    },
    {
      "mode": "data",
      "type": "aws_iam_policy_document",
      "name": "codebuild_assume_role_policy",
      "provider": "provider[\"registry.terraform.io/hashicorp/aws\"]",
      "instances": [
        {
          "schema_version": 0,
          "attributes": {
            "id": "1229436035",
            "json": "{\n  \"Version\": \"2012-10-17\",\n  \"Statement\": [\n    {\n      \"Effect\": \"Allow\",\n      \"Action\": \"sts:AssumeRole\",\n      \"Principal\": {\n        \"Service\": \"codebuild.amazonaws.com\"\n      }\n    }\n  ]\n}",
            "minified_json": "{\"Version\":\"2012-10-17\",\"Statement\":[{\"Effect\":\"Allow\",\"Action\":\"sts:AssumeRole\",\"Principal\":{\"Service\":\"codebuild.amazonaws.com\"}}]}",
            "override_json": null,
            "override_policy_documents": null,
            "policy_id": null,
            "source_json": null,
            "source_policy_documents": null,
            "statement": [
              {
                "actions": [
                  "sts:AssumeRole"
                ],
                "condition": [],
                "effect": "Allow",
                "not_actions": [],
                "not_principals": [],
                "not_resources": [],
                "principals": [
                  {
                    "identifiers": [
                      "codebuild.amazonaws.com"
                    ],
                    "type": "Service"
                  }
                ],
                "resources": [],
                "sid": ""
              }
            ],
            "version": "2012-10-17"
          },
          "sensitive_attributes": []
        }
      ]
    },
    {
      "mode": "data",
      "type": "aws_route53_zone",
      "name": "myphonefriend",
      "provider": "provider[\"registry.terraform.io/hashicorp/aws\"]",
      "instances": [
        {
          "schema_version": 0,
          "attributes": {
            "arn": "arn:aws:route53:::hostedzone/Z01139329KKK4CX1YYHV",
            "caller_reference": "522fa5f5-bf43-4059-9870-ffe266c6892d",
            "comment": "",
            "id": "Z01139329KKK4CX1YYHV",
            "linked_service_description": null,
            "linked_service_principal": null,
            "name": "myphonefriend.com",
            "name_servers": [
              "ns-369.awsdns-46.com",
              "ns-935.awsdns-52.net",
              "ns-1796.awsdns-32.co.uk",
              "ns-1045.awsdns-02.org"
            ],
            "primary_name_server": "ns-369.awsdns-46.com",
            "private_zone": false,
            "resource_record_set_count": 10,
            "tags": {},
            "vpc_id": null,
            "zone_id": "Z01139329KKK4CX1YYHV"
          },
          "sensitive_attributes": []
        }
      ]
    },
    {
      "mode": "data",
      "type": "aws_secretsmanager_secret",
      "name": "app_secret",
      "provider": "provider[\"registry.terraform.io/hashicorp/aws\"]",
      "instances": [
        {
          "schema_version": 0,
          "attributes": {
            "arn": "arn:aws:secretsmanager:us-east-2:730335291008:secret:MySecretsManagerSecret-LyB1aP",
            "created_date": "2024-03-13T01:35:40Z",
            "description": "",
            "id": "arn:aws:secretsmanager:us-east-2:730335291008:secret:MySecretsManagerSecret-LyB1aP",
            "kms_key_id": "",
            "last_changed_date": "2025-05-16T23:15:31Z",
            "name": "MySecretsManagerSecret",
            "policy": "",
            "tags": {}
          },
          "sensitive_attributes": []
        }
      ]
    },
    {
      "mode": "managed",
      "type": "aws_cloudwatch_log_group",
      "name": "app_log_group",
      "provider": "provider[\"registry.terraform.io/hashicorp/aws\"]",
      "instances": [
        {
          "schema_version": 0,
          "attributes": {
            "arn": "arn:aws:logs:us-east-2:730335291008:log-group:/ecs/bianca-app-backend",
            "id": "/ecs/bianca-app-backend",
            "kms_key_id": "",
            "log_group_class": "STANDARD",
            "name": "/ecs/bianca-app-backend",
            "name_prefix": "",
            "retention_in_days": 14,
            "skip_destroy": false,
            "tags": {
              "Name": "bianca-app-backend-logs"
            },
            "tags_all": {
              "Name": "bianca-app-backend-logs"
            }
          },
          "sensitive_attributes": [],
          "private": "bnVsbA=="
        }
      ]
    },
    {
      "mode": "managed",
      "type": "aws_cloudwatch_log_group",
      "name": "asterisk_log_group",
      "provider": "provider[\"registry.terraform.io/hashicorp/aws\"]",
      "instances": [
        {
          "schema_version": 0,
          "attributes": {
            "arn": "arn:aws:logs:us-east-2:730335291008:log-group:/aws/ec2/asterisk",
            "id": "/aws/ec2/asterisk",
            "kms_key_id": "",
            "log_group_class": "STANDARD",
            "name": "/aws/ec2/asterisk",
            "name_prefix": "",
            "retention_in_days": 14,
            "skip_destroy": false,
            "tags": {
              "Name": "asterisk-ec2-logs"
            },
            "tags_all": {
              "Name": "asterisk-ec2-logs"
            }
          },
          "sensitive_attributes": [],
          "private": "bnVsbA=="
        }
      ]
    },
    {
      "mode": "managed",
      "type": "aws_cloudwatch_log_group",
      "name": "mongodb_log_group",
      "provider": "provider[\"registry.terraform.io/hashicorp/aws\"]",
      "instances": [
        {
          "schema_version": 0,
          "attributes": {
            "arn": "arn:aws:logs:us-east-2:730335291008:log-group:/ecs/mongodb",
            "id": "/ecs/mongodb",
            "kms_key_id": "",
            "log_group_class": "STANDARD",
            "name": "/ecs/mongodb",
            "name_prefix": "",
            "retention_in_days": 14,
            "skip_destroy": false,
            "tags": {
              "Name": "mongodb-logs"
            },
            "tags_all": {
              "Name": "mongodb-logs"
            }
          },
          "sensitive_attributes": [],
          "private": "bnVsbA=="
        }
      ]
    },
    {
      "mode": "managed",
      "type": "aws_codebuild_project",
      "name": "bianca_project",
      "provider": "provider[\"registry.terraform.io/hashicorp/aws\"]",
      "instances": [
        {
          "schema_version": 0,
          "attributes": {
            "arn": "arn:aws:codebuild:us-east-2:730335291008:project/bianca-app-build",
            "artifacts": [
              {
                "artifact_identifier": "",
                "bucket_owner_access": "",
                "encryption_disabled": false,
                "location": "",
                "name": "bianca-app-build",
                "namespace_type": "",
                "override_artifact_name": false,
                "packaging": "NONE",
                "path": "",
                "type": "CODEPIPELINE"
              }
            ],
            "badge_enabled": false,
            "badge_url": "",
            "build_batch_config": [],
            "build_timeout": 60,
            "cache": [
              {
                "location": "",
                "modes": [],
                "type": "NO_CACHE"
              }
            ],
            "concurrent_build_limit": 0,
            "description": "Builds Docker images for Bianca application",
            "encryption_key": "arn:aws:kms:us-east-2:730335291008:alias/aws/s3",
            "environment": [
              {
                "certificate": "",
                "compute_type": "BUILD_GENERAL1_SMALL",
                "environment_variable": [],
                "fleet": [],
                "image": "aws/codebuild/standard:7.0",
                "image_pull_credentials_type": "CODEBUILD",
                "privileged_mode": true,
                "registry_credential": [],
                "type": "LINUX_CONTAINER"
              }
            ],
            "file_system_locations": [],
            "id": "arn:aws:codebuild:us-east-2:730335291008:project/bianca-app-build",
            "logs_config": [
              {
                "cloudwatch_logs": [
                  {
                    "group_name": "",
                    "status": "ENABLED",
                    "stream_name": ""
                  }
                ],
                "s3_logs": [
                  {
                    "bucket_owner_access": "",
                    "encryption_disabled": false,
                    "location": "",
                    "status": "DISABLED"
                  }
                ]
              }
            ],
            "name": "bianca-app-build",
            "project_visibility": "PRIVATE",
            "public_project_alias": "",
            "queued_timeout": 480,
            "resource_access_role": "",
            "secondary_artifacts": [],
            "secondary_source_version": [],
            "secondary_sources": [],
            "service_role": "arn:aws:iam::730335291008:role/CodeBuildServiceRole",
            "source": [
              {
                "auth": [],
                "build_status_config": [],
                "buildspec": "devops/buildspec.yml",
                "git_clone_depth": 0,
                "git_submodules_config": [],
                "insecure_ssl": false,
                "location": "",
                "report_build_status": false,
                "type": "CODEPIPELINE"
              }
            ],
            "source_version": "",
            "tags": {
              "Name": "bianca-app-build"
            },
            "tags_all": {
              "Name": "bianca-app-build"
            },
            "vpc_config": []
          },
          "sensitive_attributes": [],
          "private": "bnVsbA==",
          "dependencies": [
            "aws_iam_role.codebuild_role",
            "data.aws_iam_policy_document.codebuild_assume_role_policy"
          ]
        }
      ]
    },
    {
      "mode": "managed",
      "type": "aws_codepipeline",
      "name": "bianca_pipeline",
      "provider": "provider[\"registry.terraform.io/hashicorp/aws\"]",
      "instances": [
        {
          "schema_version": 0,
          "attributes": {
            "arn": "arn:aws:codepipeline:us-east-2:730335291008:BiancaApp-ECS-Pipeline",
            "artifact_store": [
              {
                "encryption_key": [],
                "location": "bianca-codepipeline-artifact-bucket",
                "region": "",
                "type": "S3"
              }
            ],
            "execution_mode": "SUPERSEDED",
            "id": "BiancaApp-ECS-Pipeline",
            "name": "BiancaApp-ECS-Pipeline",
            "pipeline_type": "V1",
            "role_arn": "arn:aws:iam::730335291008:role/CodePipelineServiceRole",
            "stage": [
              {
                "action": [
                  {
                    "category": "Source",
                    "configuration": {
                      "BranchName": "upgrade/mongo7.0",
                      "ConnectionArn": "arn:aws:codeconnections:us-east-2:730335291008:connection/a126dbfd-f253-42e4-811b-cda3ebd5a629",
                      "FullRepositoryId": "slampenny/bianca-app-backend",
                      "OutputArtifactFormat": "CODE_ZIP"
                    },
                    "input_artifacts": [],
                    "name": "Source",
                    "namespace": "",
                    "output_artifacts": [
                      "SourceOutput"
                    ],
                    "owner": "AWS",
                    "provider": "CodeStarSourceConnection",
                    "region": "",
                    "role_arn": "",
                    "run_order": 1,
                    "timeout_in_minutes": 0,
                    "version": "1"
                  }
                ],
                "before_entry": [],
                "name": "Source",
                "on_failure": [],
                "on_success": []
              },
              {
                "action": [
                  {
                    "category": "Build",
                    "configuration": {
                      "ProjectName": "bianca-app-build"
                    },
                    "input_artifacts": [
                      "SourceOutput"
                    ],
                    "name": "Build",
                    "namespace": "",
                    "output_artifacts": [
                      "BuildOutput"
                    ],
                    "owner": "AWS",
                    "provider": "CodeBuild",
                    "region": "",
                    "role_arn": "",
                    "run_order": 1,
                    "timeout_in_minutes": 0,
                    "version": "1"
                  }
                ],
                "before_entry": [],
                "name": "Build",
                "on_failure": [],
                "on_success": []
              },
              {
                "action": [
                  {
                    "category": "Deploy",
                    "configuration": {
                      "ClusterName": "bianca-cluster",
                      "FileName": "imagedefinitions_app.json",
                      "ServiceName": "bianca-service"
                    },
                    "input_artifacts": [
                      "BuildOutput"
                    ],
                    "name": "DeployAppECS",
                    "namespace": "",
                    "output_artifacts": [],
                    "owner": "AWS",
                    "provider": "ECS",
                    "region": "",
                    "role_arn": "",
                    "run_order": 1,
                    "timeout_in_minutes": 0,
                    "version": "1"
                  }
                ],
                "before_entry": [],
                "name": "Deploy",
                "on_failure": [],
                "on_success": []
              }
            ],
            "tags": {
              "Name": "BiancaApp-ECS-Pipeline"
            },
            "tags_all": {
              "Name": "BiancaApp-ECS-Pipeline"
            },
            "trigger": [],
            "trigger_all": [],
            "variable": []
          },
          "sensitive_attributes": [],
          "private": "bnVsbA==",
          "dependencies": [
            "aws_cloudwatch_log_group.app_log_group",
            "aws_cloudwatch_log_group.mongodb_log_group",
            "aws_codebuild_project.bianca_project",
            "aws_ecs_cluster.cluster",
            "aws_ecs_service.app_service",
            "aws_ecs_service.mongodb_service",
            "aws_ecs_task_definition.app_task",
            "aws_ecs_task_definition.mongodb_task",
            "aws_efs_access_point.mongo_ap",
            "aws_efs_file_system.mongodb_data",
            "aws_eip.asterisk_eip",
            "aws_eip_association.asterisk_eip_assoc",
            "aws_iam_instance_profile.asterisk_profile",
            "aws_iam_role.asterisk_ec2_role",
            "aws_iam_role.codebuild_role",
            "aws_iam_role.codepipeline_role",
            "aws_iam_role.ecs_execution_role",
            "aws_iam_role.ecs_task_role",
            "aws_instance.asterisk",
            "aws_lb.app_lb",
            "aws_lb_listener.http_listener",
            "aws_lb_listener.https_listener",
            "aws_lb_target_group.app_tg",
            "aws_s3_bucket.artifact_bucket",
            "aws_security_group.alb_sg",
            "aws_security_group.asterisk_ec2_sg",
            "aws_security_group.bianca_app_sg",
            "aws_security_group.mongodb_sg",
            "aws_security_group.vpc_endpoints_sg",
            "aws_service_discovery_private_dns_namespace.internal",
            "aws_service_discovery_service.bianca_app_sd_service",
            "aws_service_discovery_service.mongodb_sd_service",
            "aws_subnet.private_a",
            "aws_subnet.private_b",
            "aws_subnet.public_a",
            "aws_subnet.public_b",
            "data.aws_acm_certificate.app_cert",
            "data.aws_ami.amazon_linux_2",
            "data.aws_availability_zones.available",
            "data.aws_iam_policy_document.codebuild_assume_role_policy",
            "data.aws_secretsmanager_secret.app_secret"
          ]
        }
      ]
    },
    {
      "mode": "managed",
      "type": "aws_ecr_repository",
      "name": "app_repo",
      "provider": "provider[\"registry.terraform.io/hashicorp/aws\"]",
      "instances": [
        {
          "schema_version": 0,
          "attributes": {
            "arn": "arn:aws:ecr:us-east-2:730335291008:repository/bianca-app-backend",
            "encryption_configuration": [
              {
                "encryption_type": "AES256",
                "kms_key": ""
              }
            ],
            "force_delete": null,
            "id": "bianca-app-backend",
            "image_scanning_configuration": [
              {
                "scan_on_push": true
              }
            ],
            "image_tag_mutability": "MUTABLE",
            "name": "bianca-app-backend",
            "registry_id": "730335291008",
            "repository_url": "730335291008.dkr.ecr.us-east-2.amazonaws.com/bianca-app-backend",
            "tags": {
              "Name": "bianca-app-backend"
            },
            "tags_all": {
              "Name": "bianca-app-backend"
            },
            "timeouts": null
          },
          "sensitive_attributes": [],
          "private": "eyJlMmJmYjczMC1lY2FhLTExZTYtOGY4OC0zNDM2M2JjN2M0YzAiOnsiZGVsZXRlIjoxMjAwMDAwMDAwMDAwfX0="
        }
      ]
    },
    {
      "mode": "managed",
      "type": "aws_ecr_repository",
      "name": "asterisk_repo",
      "provider": "provider[\"registry.terraform.io/hashicorp/aws\"]",
      "instances": [
        {
          "schema_version": 0,
          "attributes": {
            "arn": "arn:aws:ecr:us-east-2:730335291008:repository/bianca-app-asterisk",
            "encryption_configuration": [
              {
                "encryption_type": "AES256",
                "kms_key": ""
              }
            ],
            "force_delete": null,
            "id": "bianca-app-asterisk",
            "image_scanning_configuration": [
              {
                "scan_on_push": true
              }
            ],
            "image_tag_mutability": "MUTABLE",
            "name": "bianca-app-asterisk",
            "registry_id": "730335291008",
            "repository_url": "730335291008.dkr.ecr.us-east-2.amazonaws.com/bianca-app-asterisk",
            "tags": {
              "Name": "bianca-app-asterisk"
            },
            "tags_all": {
              "Name": "bianca-app-asterisk"
            },
            "timeouts": null
          },
          "sensitive_attributes": [],
          "private": "eyJlMmJmYjczMC1lY2FhLTExZTYtOGY4OC0zNDM2M2JjN2M0YzAiOnsiZGVsZXRlIjoxMjAwMDAwMDAwMDAwfX0="
        }
      ]
    },
    {
      "mode": "managed",
      "type": "aws_ecs_cluster",
      "name": "cluster",
      "provider": "provider[\"registry.terraform.io/hashicorp/aws\"]",
      "instances": [
        {
          "schema_version": 0,
          "attributes": {
            "arn": "arn:aws:ecs:us-east-2:730335291008:cluster/bianca-cluster",
            "configuration": [],
            "id": "arn:aws:ecs:us-east-2:730335291008:cluster/bianca-cluster",
            "name": "bianca-cluster",
            "service_connect_defaults": [],
            "setting": [
              {
                "name": "containerInsights",
                "value": "enabled"
              }
            ],
            "tags": {
              "Name": "bianca-cluster"
            },
            "tags_all": {
              "Name": "bianca-cluster"
            }
          },
          "sensitive_attributes": [],
          "private": "bnVsbA=="
        }
      ]
    },
    {
      "mode": "managed",
      "type": "aws_ecs_service",
      "name": "app_service",
      "provider": "provider[\"registry.terraform.io/hashicorp/aws\"]",
      "instances": [
        {
          "schema_version": 1,
          "attributes": {
            "alarms": [],
            "availability_zone_rebalancing": "DISABLED",
            "capacity_provider_strategy": [],
            "cluster": "arn:aws:ecs:us-east-2:730335291008:cluster/bianca-cluster",
            "deployment_circuit_breaker": [
              {
                "enable": false,
                "rollback": false
              }
            ],
            "deployment_controller": [
              {
                "type": "ECS"
              }
            ],
            "deployment_maximum_percent": 200,
            "deployment_minimum_healthy_percent": 100,
            "desired_count": 1,
            "enable_ecs_managed_tags": false,
            "enable_execute_command": true,
            "force_delete": null,
            "force_new_deployment": null,
            "health_check_grace_period_seconds": 300,
            "iam_role": "/aws-service-role/ecs.amazonaws.com/AWSServiceRoleForECS",
            "id": "arn:aws:ecs:us-east-2:730335291008:service/bianca-cluster/bianca-service",
            "launch_type": "FARGATE",
            "load_balancer": [
              {
                "container_name": "bianca-app-backend",
                "container_port": 3000,
                "elb_name": "",
                "target_group_arn": "arn:aws:elasticloadbalancing:us-east-2:730335291008:targetgroup/bianca-target-group/06afc8767fc5e872"
              }
            ],
            "name": "bianca-service",
            "network_configuration": [
              {
                "assign_public_ip": false,
                "security_groups": [
                  "sg-07c134670ee6c4d54",
                  "sg-0a0e3e92768a8a82d"
                ],
                "subnets": [
                  "subnet-0201d14b63e52699d",
                  "subnet-0ff05ef8a1122d36b"
                ]
              }
            ],
            "ordered_placement_strategy": [],
            "placement_constraints": [],
            "platform_version": "LATEST",
            "propagate_tags": "NONE",
            "scheduling_strategy": "REPLICA",
            "service_connect_configuration": [],
            "service_registries": [
              {
                "container_name": "",
                "container_port": 0,
                "port": 0,
                "registry_arn": "arn:aws:servicediscovery:us-east-2:730335291008:service/srv-wn6njkocglznokqh"
              }
            ],
            "tags": {
              "Name": "bianca-service"
            },
            "tags_all": {
              "Name": "bianca-service"
            },
            "task_definition": "arn:aws:ecs:us-east-2:730335291008:task-definition/bianca-service:405",
            "timeouts": null,
            "triggers": {},
            "volume_configuration": [],
            "vpc_lattice_configurations": [],
            "wait_for_steady_state": false
          },
          "sensitive_attributes": [],
          "private": "eyJlMmJmYjczMC1lY2FhLTExZTYtOGY4OC0zNDM2M2JjN2M0YzAiOnsiY3JlYXRlIjoxMjAwMDAwMDAwMDAwLCJkZWxldGUiOjEyMDAwMDAwMDAwMDAsInVwZGF0ZSI6MTIwMDAwMDAwMDAwMH0sInNjaGVtYV92ZXJzaW9uIjoiMSJ9",
          "dependencies": [
            "aws_cloudwatch_log_group.app_log_group",
            "aws_cloudwatch_log_group.mongodb_log_group",
            "aws_ecs_cluster.cluster",
            "aws_ecs_service.mongodb_service",
            "aws_ecs_task_definition.app_task",
            "aws_ecs_task_definition.mongodb_task",
            "aws_efs_access_point.mongo_ap",
            "aws_efs_file_system.mongodb_data",
            "aws_eip.asterisk_eip",
            "aws_eip_association.asterisk_eip_assoc",
            "aws_iam_instance_profile.asterisk_profile",
            "aws_iam_role.asterisk_ec2_role",
            "aws_iam_role.ecs_execution_role",
            "aws_iam_role.ecs_task_role",
            "aws_instance.asterisk",
            "aws_lb.app_lb",
            "aws_lb_listener.http_listener",
            "aws_lb_listener.https_listener",
            "aws_lb_target_group.app_tg",
            "aws_security_group.alb_sg",
            "aws_security_group.asterisk_ec2_sg",
            "aws_security_group.bianca_app_sg",
            "aws_security_group.mongodb_sg",
            "aws_security_group.vpc_endpoints_sg",
            "aws_service_discovery_private_dns_namespace.internal",
            "aws_service_discovery_service.bianca_app_sd_service",
            "aws_service_discovery_service.mongodb_sd_service",
            "aws_subnet.private_a",
            "aws_subnet.private_b",
            "aws_subnet.public_a",
            "aws_subnet.public_b",
            "data.aws_acm_certificate.app_cert",
            "data.aws_ami.amazon_linux_2",
            "data.aws_availability_zones.available",
            "data.aws_secretsmanager_secret.app_secret"
          ]
        }
      ]
    },
    {
      "mode": "managed",
      "type": "aws_ecs_service",
      "name": "mongodb_service",
      "provider": "provider[\"registry.terraform.io/hashicorp/aws\"]",
      "instances": [
        {
          "schema_version": 1,
          "attributes": {
            "alarms": [],
            "availability_zone_rebalancing": "DISABLED",
            "capacity_provider_strategy": [],
            "cluster": "arn:aws:ecs:us-east-2:730335291008:cluster/bianca-cluster",
            "deployment_circuit_breaker": [
              {
                "enable": false,
                "rollback": false
              }
            ],
            "deployment_controller": [
              {
                "type": "ECS"
              }
            ],
            "deployment_maximum_percent": 200,
            "deployment_minimum_healthy_percent": 100,
            "desired_count": 1,
            "enable_ecs_managed_tags": false,
            "enable_execute_command": false,
            "force_delete": null,
            "force_new_deployment": null,
            "health_check_grace_period_seconds": 0,
            "iam_role": "/aws-service-role/ecs.amazonaws.com/AWSServiceRoleForECS",
            "id": "arn:aws:ecs:us-east-2:730335291008:service/bianca-cluster/mongodb-service",
            "launch_type": "FARGATE",
            "load_balancer": [],
            "name": "mongodb-service",
            "network_configuration": [
              {
                "assign_public_ip": false,
                "security_groups": [
                  "sg-040e32afea81a3b8d",
                  "sg-0a0e3e92768a8a82d"
                ],
                "subnets": [
                  "subnet-0201d14b63e52699d",
                  "subnet-0ff05ef8a1122d36b"
                ]
              }
            ],
            "ordered_placement_strategy": [],
            "placement_constraints": [],
            "platform_version": "LATEST",
            "propagate_tags": "NONE",
            "scheduling_strategy": "REPLICA",
            "service_connect_configuration": [],
            "service_registries": [
              {
                "container_name": "",
                "container_port": 0,
                "port": 0,
                "registry_arn": "arn:aws:servicediscovery:us-east-2:730335291008:service/srv-an4guog5avykmm2u"
              }
            ],
            "tags": {
              "Name": "mongodb-service"
            },
            "tags_all": {
              "Name": "mongodb-service"
            },
            "task_definition": "arn:aws:ecs:us-east-2:730335291008:task-definition/mongodb-service:5",
            "timeouts": null,
            "triggers": {},
            "volume_configuration": [],
            "vpc_lattice_configurations": [],
            "wait_for_steady_state": false
          },
          "sensitive_attributes": [],
          "private": "eyJlMmJmYjczMC1lY2FhLTExZTYtOGY4OC0zNDM2M2JjN2M0YzAiOnsiY3JlYXRlIjoxMjAwMDAwMDAwMDAwLCJkZWxldGUiOjEyMDAwMDAwMDAwMDAsInVwZGF0ZSI6MTIwMDAwMDAwMDAwMH0sInNjaGVtYV92ZXJzaW9uIjoiMSJ9",
          "dependencies": [
            "aws_cloudwatch_log_group.mongodb_log_group",
            "aws_ecs_cluster.cluster",
            "aws_ecs_task_definition.mongodb_task",
            "aws_efs_access_point.mongo_ap",
            "aws_efs_file_system.mongodb_data",
            "aws_iam_role.ecs_execution_role",
            "aws_iam_role.ecs_task_role",
            "aws_security_group.alb_sg",
            "aws_security_group.bianca_app_sg",
            "aws_security_group.mongodb_sg",
            "aws_security_group.vpc_endpoints_sg",
            "aws_service_discovery_private_dns_namespace.internal",
            "aws_service_discovery_service.mongodb_sd_service",
            "aws_subnet.private_a",
            "aws_subnet.private_b",
            "data.aws_availability_zones.available"
          ]
        }
      ]
    },
    {
      "mode": "managed",
      "type": "aws_ecs_task_definition",
      "name": "app_task",
      "provider": "provider[\"registry.terraform.io/hashicorp/aws\"]",
      "instances": [
        {
          "schema_version": 1,
          "attributes": {
            "arn": "arn:aws:ecs:us-east-2:730335291008:task-definition/bianca-service:405",
            "arn_without_revision": "arn:aws:ecs:us-east-2:730335291008:task-definition/bianca-service",
            "container_definitions": "[{\"environment\":[{\"name\":\"ALB_DNS_NAME\",\"value\":\"bianca-load-balancer-1774778217.us-east-2.elb.amazonaws.com\"},{\"name\":\"APP_RTP_PORT_RANGE\",\"value\":\"16384-16484\"},{\"name\":\"ASTERISK_CONNECT_TIMEOUT\",\"value\":\"300000\"},{\"name\":\"ASTERISK_PRIVATE_IP\",\"value\":\"172.31.100.78\"},{\"name\":\"ASTERISK_PUBLIC_IP\",\"value\":\"3.140.153.103\"},{\"name\":\"ASTERISK_RETRY_INTERVAL\",\"value\":\"15000\"},{\"name\":\"ASTERISK_RTP_HOST\",\"value\":\"172.31.100.78\"},{\"name\":\"ASTERISK_URL\",\"value\":\"http://172.31.100.78:8088\"},{\"name\":\"AWS_REGION\",\"value\":\"us-east-2\"},{\"name\":\"AWS_SES_REGION\",\"value\":\"us-east-2\"},{\"name\":\"MONGODB_URL\",\"value\":\"mongodb://mongodb.myphonefriend.internal:27017/bianca-service\"},{\"name\":\"NETWORK_MODE\",\"value\":\"HYBRID\"},{\"name\":\"NODE_ENV\",\"value\":\"production\"},{\"name\":\"RTP_LISTENER_HOST\",\"value\":\"0.0.0.0\"},{\"name\":\"RTP_PORT_RANGE\",\"value\":\"10000-20000\"},{\"name\":\"USE_PRIVATE_NETWORK_FOR_RTP\",\"value\":\"true\"},{\"name\":\"WEBSOCKET_URL\",\"value\":\"wss://app.myphonefriend.com\"}],\"essential\":true,\"healthCheck\":{\"command\":[\"CMD-SHELL\",\"curl -f http://localhost:3000/health || exit 1\"],\"interval\":30,\"retries\":10,\"startPeriod\":120,\"timeout\":10},\"image\":\"730335291008.dkr.ecr.us-east-2.amazonaws.com/bianca-app-backend:latest\",\"logConfiguration\":{\"logDriver\":\"awslogs\",\"options\":{\"awslogs-group\":\"/ecs/bianca-app-backend\",\"awslogs-region\":\"us-east-2\",\"awslogs-stream-prefix\":\"app\"}},\"mountPoints\":[],\"name\":\"bianca-app-backend\",\"portMappings\":[{\"containerPort\":3000,\"hostPort\":3000,\"protocol\":\"tcp\"},{\"containerPort\":16384,\"hostPort\":16384,\"protocol\":\"udp\"},{\"containerPort\":16484,\"hostPort\":16484,\"protocol\":\"udp\"}],\"secrets\":[{\"name\":\"ASTERISK_PASSWORD\",\"valueFrom\":\"arn:aws:secretsmanager:us-east-2:730335291008:secret:MySecretsManagerSecret-LyB1aP:ARI_PASSWORD::\"},{\"name\":\"JWT_SECRET\",\"valueFrom\":\"arn:aws:secretsmanager:us-east-2:730335291008:secret:MySecretsManagerSecret-LyB1aP:JWT_SECRET::\"},{\"name\":\"OPENAI_API_KEY\",\"valueFrom\":\"arn:aws:secretsmanager:us-east-2:730335291008:secret:MySecretsManagerSecret-LyB1aP:OPENAI_API_KEY::\"},{\"name\":\"STRIPE_PUBLISHABLE_KEY\",\"valueFrom\":\"arn:aws:secretsmanager:us-east-2:730335291008:secret:MySecretsManagerSecret-LyB1aP:STRIPE_PUBLISHABLE_KEY::\"},{\"name\":\"STRIPE_SECRET_KEY\",\"valueFrom\":\"arn:aws:secretsmanager:us-east-2:730335291008:secret:MySecretsManagerSecret-LyB1aP:STRIPE_SECRET_KEY::\"},{\"name\":\"TWILIO_ACCOUNTSID\",\"valueFrom\":\"arn:aws:secretsmanager:us-east-2:730335291008:secret:MySecretsManagerSecret-LyB1aP:TWILIO_ACCOUNTSID::\"},{\"name\":\"TWILIO_AUTHTOKEN\",\"valueFrom\":\"arn:aws:secretsmanager:us-east-2:730335291008:secret:MySecretsManagerSecret-LyB1aP:TWILIO_AUTHTOKEN::\"},{\"name\":\"TWILIO_PHONENUMBER\",\"valueFrom\":\"arn:aws:secretsmanager:us-east-2:730335291008:secret:MySecretsManagerSecret-LyB1aP:TWILIO_PHONENUMBER::\"}],\"systemControls\":[],\"volumesFrom\":[]}]",
            "cpu": "512",
            "enable_fault_injection": false,
            "ephemeral_storage": [],
            "execution_role_arn": "arn:aws:iam::730335291008:role/ecsTaskExecutionRole",
            "family": "bianca-service",
            "id": "bianca-service",
            "inference_accelerator": [],
            "ipc_mode": "",
            "memory": "1024",
            "network_mode": "awsvpc",
            "pid_mode": "",
            "placement_constraints": [],
            "proxy_configuration": [],
            "requires_compatibilities": [
              "FARGATE"
            ],
            "revision": 405,
            "runtime_platform": [],
            "skip_destroy": false,
            "tags": {
              "Name": "bianca-service"
            },
            "tags_all": {
              "Name": "bianca-service"
            },
            "task_role_arn": "arn:aws:iam::730335291008:role/ecsTaskRole",
            "track_latest": false,
            "volume": []
          },
          "sensitive_attributes": [],
          "private": "eyJzY2hlbWFfdmVyc2lvbiI6IjEifQ==",
          "dependencies": [
            "aws_cloudwatch_log_group.app_log_group",
            "aws_eip.asterisk_eip",
            "aws_iam_instance_profile.asterisk_profile",
            "aws_iam_role.asterisk_ec2_role",
            "aws_iam_role.ecs_execution_role",
            "aws_iam_role.ecs_task_role",
            "aws_instance.asterisk",
            "aws_lb.app_lb",
            "aws_security_group.alb_sg",
            "aws_security_group.asterisk_ec2_sg",
            "aws_subnet.public_a",
            "aws_subnet.public_b",
            "data.aws_ami.amazon_linux_2",
            "data.aws_availability_zones.available",
            "data.aws_secretsmanager_secret.app_secret"
          ]
        }
      ]
    },
    {
      "mode": "managed",
      "type": "aws_ecs_task_definition",
      "name": "mongodb_task",
      "provider": "provider[\"registry.terraform.io/hashicorp/aws\"]",
      "instances": [
        {
          "schema_version": 1,
          "attributes": {
            "arn": "arn:aws:ecs:us-east-2:730335291008:task-definition/mongodb-service:5",
            "arn_without_revision": "arn:aws:ecs:us-east-2:730335291008:task-definition/mongodb-service",
            "container_definitions": "[{\"environment\":[{\"name\":\"MONGODB_DIRECTORYPERDB\",\"value\":\"true\"},{\"name\":\"MONGODB_JOURNAL_ENABLED\",\"value\":\"true\"}],\"essential\":true,\"healthCheck\":{\"command\":[\"CMD-SHELL\",\"mongosh --eval 'db.adminCommand(\\\"ping\\\")' --quiet || exit 1\"],\"interval\":30,\"retries\":3,\"startPeriod\":60,\"timeout\":10},\"image\":\"public.ecr.aws/docker/library/mongo:7.0\",\"logConfiguration\":{\"logDriver\":\"awslogs\",\"options\":{\"awslogs-region\":\"us-east-2\",\"awslogs-stream-prefix\":\"mongo\",\"awslogs-group\":\"/ecs/mongodb\"}},\"mountPoints\":[{\"containerPath\":\"/data/db\",\"readOnly\":false,\"sourceVolume\":\"mongodb-data\"}],\"name\":\"mongodb\",\"portMappings\":[{\"containerPort\":27017,\"hostPort\":27017,\"protocol\":\"tcp\"}],\"systemControls\":[],\"volumesFrom\":[]}]",
            "cpu": "512",
            "enable_fault_injection": false,
            "ephemeral_storage": [],
            "execution_role_arn": "arn:aws:iam::730335291008:role/ecsTaskExecutionRole",
            "family": "mongodb-service",
            "id": "mongodb-service",
            "inference_accelerator": [],
            "ipc_mode": "",
            "memory": "1024",
            "network_mode": "awsvpc",
            "pid_mode": "",
            "placement_constraints": [],
            "proxy_configuration": [],
            "requires_compatibilities": [
              "FARGATE"
            ],
            "revision": 5,
            "runtime_platform": [],
            "skip_destroy": false,
            "tags": {
              "Name": "mongodb-service"
            },
            "tags_all": {
              "Name": "mongodb-service"
            },
            "task_role_arn": "arn:aws:iam::730335291008:role/ecsTaskRole",
            "track_latest": false,
            "volume": [
              {
                "configure_at_launch": false,
                "docker_volume_configuration": [],
                "efs_volume_configuration": [
                  {
                    "authorization_config": [
                      {
                        "access_point_id": "fsap-0a38952a2bda40c90",
                        "iam": ""
                      }
                    ],
                    "file_system_id": "fs-0e16b0b37b962aa90",
                    "root_directory": "/",
                    "transit_encryption": "ENABLED",
                    "transit_encryption_port": 0
                  }
                ],
                "fsx_windows_file_server_volume_configuration": [],
                "host_path": "",
                "name": "mongodb-data"
              }
            ]
          },
          "sensitive_attributes": [],
          "private": "eyJzY2hlbWFfdmVyc2lvbiI6IjEifQ==",
          "dependencies": [
            "aws_cloudwatch_log_group.mongodb_log_group",
            "aws_efs_access_point.mongo_ap",
            "aws_efs_file_system.mongodb_data",
            "aws_iam_role.ecs_execution_role",
            "aws_iam_role.ecs_task_role"
          ]
        }
      ]
    },
    {
      "mode": "managed",
      "type": "aws_efs_access_point",
      "name": "mongo_ap",
      "provider": "provider[\"registry.terraform.io/hashicorp/aws\"]",
      "instances": [
        {
          "schema_version": 0,
          "attributes": {
            "arn": "arn:aws:elasticfilesystem:us-east-2:730335291008:access-point/fsap-0a38952a2bda40c90",
            "file_system_arn": "arn:aws:elasticfilesystem:us-east-2:730335291008:file-system/fs-0e16b0b37b962aa90",
            "file_system_id": "fs-0e16b0b37b962aa90",
            "id": "fsap-0a38952a2bda40c90",
            "owner_id": "730335291008",
            "posix_user": [
              {
                "gid": 999,
                "secondary_gids": null,
                "uid": 999
              }
            ],
            "root_directory": [
              {
                "creation_info": [
                  {
                    "owner_gid": 999,
                    "owner_uid": 999,
                    "permissions": "700"
                  }
                ],
                "path": "/mongodb_v7_clean"
              }
            ],
            "tags": {
              "Name": "MongoDB Access Point for bianca-cluster"
            },
            "tags_all": {
              "Name": "MongoDB Access Point for bianca-cluster"
            }
          },
          "sensitive_attributes": [],
          "private": "bnVsbA==",
          "dependencies": [
            "aws_efs_file_system.mongodb_data"
          ]
        }
      ]
    },
    {
      "mode": "managed",
      "type": "aws_efs_file_system",
      "name": "mongodb_data",
      "provider": "provider[\"registry.terraform.io/hashicorp/aws\"]",
      "instances": [
        {
          "schema_version": 0,
          "attributes": {
            "arn": "arn:aws:elasticfilesystem:us-east-2:730335291008:file-system/fs-0e16b0b37b962aa90",
            "availability_zone_id": "",
            "availability_zone_name": "",
            "creation_token": "mongodb-data-bianca-cluster",
            "dns_name": "fs-0e16b0b37b962aa90.efs.us-east-2.amazonaws.com",
            "encrypted": false,
            "id": "fs-0e16b0b37b962aa90",
            "kms_key_id": "",
            "lifecycle_policy": [],
            "name": "MongoDB Data for bianca-cluster",
            "number_of_mount_targets": 2,
            "owner_id": "730335291008",
            "performance_mode": "generalPurpose",
            "protection": [
              {
                "replication_overwrite": "ENABLED"
              }
            ],
            "provisioned_throughput_in_mibps": 0,
            "size_in_bytes": [
              {
                "value": 1163386880,
                "value_in_ia": 0,
                "value_in_standard": 1163386880
              }
            ],
            "tags": {
              "Name": "MongoDB Data for bianca-cluster"
            },
            "tags_all": {
              "Name": "MongoDB Data for bianca-cluster"
            },
            "throughput_mode": "bursting"
          },
          "sensitive_attributes": [],
          "private": "bnVsbA=="
        }
      ]
    },
    {
      "mode": "managed",
      "type": "aws_efs_file_system_policy",
      "name": "mongodb_policy",
      "provider": "provider[\"registry.terraform.io/hashicorp/aws\"]",
      "instances": [
        {
          "schema_version": 0,
          "attributes": {
            "bypass_policy_lockout_safety_check": false,
            "file_system_id": "fs-0e16b0b37b962aa90",
            "id": "fs-0e16b0b37b962aa90",
            "policy": "{\"Statement\":[{\"Action\":[\"elasticfilesystem:ClientMount\",\"elasticfilesystem:ClientWrite\"],\"Condition\":{\"Bool\":{\"aws:SecureTransport\":\"true\"}},\"Effect\":\"Allow\",\"Principal\":{\"AWS\":\"*\"},\"Resource\":\"arn:aws:elasticfilesystem:us-east-2:730335291008:file-system/fs-0e16b0b37b962aa90\",\"Sid\":\"AllowECSAccess\"}],\"Version\":\"2012-10-17\"}"
          },
          "sensitive_attributes": [],
          "private": "bnVsbA==",
          "dependencies": [
            "aws_efs_file_system.mongodb_data"
          ]
        }
      ]
    },
    {
      "mode": "managed",
      "type": "aws_efs_mount_target",
      "name": "mongodb_mount",
      "provider": "provider[\"registry.terraform.io/hashicorp/aws\"]",
      "instances": [
        {
          "index_key": 0,
          "schema_version": 0,
          "attributes": {
            "availability_zone_id": "use2-az1",
            "availability_zone_name": "us-east-2a",
            "dns_name": "fs-0e16b0b37b962aa90.efs.us-east-2.amazonaws.com",
            "file_system_arn": "arn:aws:elasticfilesystem:us-east-2:730335291008:file-system/fs-0e16b0b37b962aa90",
            "file_system_id": "fs-0e16b0b37b962aa90",
            "id": "fsmt-003f8db726f8a3acf",
            "ip_address": "172.31.110.73",
            "mount_target_dns_name": "us-east-2a.fs-0e16b0b37b962aa90.efs.us-east-2.amazonaws.com",
            "network_interface_id": "eni-057cacf74febc8b47",
            "owner_id": "730335291008",
            "security_groups": [
              "sg-0e8f769c53c04cf19"
            ],
            "subnet_id": "subnet-0201d14b63e52699d",
            "timeouts": null
          },
          "sensitive_attributes": [],
          "private": "eyJlMmJmYjczMC1lY2FhLTExZTYtOGY4OC0zNDM2M2JjN2M0YzAiOnsiY3JlYXRlIjoxODAwMDAwMDAwMDAwLCJkZWxldGUiOjYwMDAwMDAwMDAwMH19",
          "dependencies": [
            "aws_efs_file_system.mongodb_data",
            "aws_security_group.alb_sg",
            "aws_security_group.bianca_app_sg",
            "aws_security_group.efs_sg",
            "aws_subnet.private_a",
            "aws_subnet.private_b",
            "data.aws_availability_zones.available"
          ]
        },
        {
          "index_key": 1,
          "schema_version": 0,
          "attributes": {
            "availability_zone_id": "use2-az2",
            "availability_zone_name": "us-east-2b",
            "dns_name": "fs-0e16b0b37b962aa90.efs.us-east-2.amazonaws.com",
            "file_system_arn": "arn:aws:elasticfilesystem:us-east-2:730335291008:file-system/fs-0e16b0b37b962aa90",
            "file_system_id": "fs-0e16b0b37b962aa90",
            "id": "fsmt-09617ca59e764ebee",
            "ip_address": "172.31.111.134",
            "mount_target_dns_name": "us-east-2b.fs-0e16b0b37b962aa90.efs.us-east-2.amazonaws.com",
            "network_interface_id": "eni-0b069316dd37010d9",
            "owner_id": "730335291008",
            "security_groups": [
              "sg-0e8f769c53c04cf19"
            ],
            "subnet_id": "subnet-0ff05ef8a1122d36b",
            "timeouts": null
          },
          "sensitive_attributes": [],
          "private": "eyJlMmJmYjczMC1lY2FhLTExZTYtOGY4OC0zNDM2M2JjN2M0YzAiOnsiY3JlYXRlIjoxODAwMDAwMDAwMDAwLCJkZWxldGUiOjYwMDAwMDAwMDAwMH19",
          "dependencies": [
            "aws_efs_file_system.mongodb_data",
            "aws_security_group.alb_sg",
            "aws_security_group.bianca_app_sg",
            "aws_security_group.efs_sg",
            "aws_subnet.private_a",
            "aws_subnet.private_b",
            "data.aws_availability_zones.available"
          ]
        }
      ]
    },
    {
      "mode": "managed",
      "type": "aws_eip",
      "name": "asterisk_eip",
      "provider": "provider[\"registry.terraform.io/hashicorp/aws\"]",
      "instances": [
        {
          "schema_version": 0,
          "attributes": {
            "address": null,
            "allocation_id": "eipalloc-053da54c536d8066e",
            "arn": "arn:aws:ec2:us-east-2:730335291008:elastic-ip/eipalloc-053da54c536d8066e",
            "associate_with_private_ip": null,
            "association_id": "eipassoc-01905395158bbf30a",
            "carrier_ip": "",
            "customer_owned_ip": "",
            "customer_owned_ipv4_pool": "",
            "domain": "vpc",
            "id": "eipalloc-053da54c536d8066e",
            "instance": "i-03d6c966c9078d8cb",
            "ipam_pool_id": null,
            "network_border_group": "us-east-2",
            "network_interface": "eni-04bfb99c9bba0735e",
            "private_dns": "ip-172-31-100-78.us-east-2.compute.internal",
            "private_ip": "172.31.100.78",
            "ptr_record": "",
            "public_dns": "ec2-3-140-153-103.us-east-2.compute.amazonaws.com",
            "public_ip": "3.140.153.103",
            "public_ipv4_pool": "amazon",
            "tags": {
              "Name": "asterisk-permanent-eip"
            },
            "tags_all": {
              "Name": "asterisk-permanent-eip"
            },
            "timeouts": null,
            "vpc": true
          },
          "sensitive_attributes": [],
          "private": "eyJlMmJmYjczMC1lY2FhLTExZTYtOGY4OC0zNDM2M2JjN2M0YzAiOnsiZGVsZXRlIjoxODAwMDAwMDAwMDAsInJlYWQiOjkwMDAwMDAwMDAwMCwidXBkYXRlIjozMDAwMDAwMDAwMDB9fQ=="
        }
      ]
    },
    {
      "mode": "managed",
      "type": "aws_eip",
      "name": "nat_gateway",
      "provider": "provider[\"registry.terraform.io/hashicorp/aws\"]",
      "instances": [
        {
          "schema_version": 0,
          "attributes": {
            "address": null,
            "allocation_id": "eipalloc-0ce9b38740bc14595",
            "arn": "arn:aws:ec2:us-east-2:730335291008:elastic-ip/eipalloc-0ce9b38740bc14595",
            "associate_with_private_ip": null,
            "association_id": "eipassoc-0eda73e7fa2ca15c2",
            "carrier_ip": "",
            "customer_owned_ip": "",
            "customer_owned_ipv4_pool": "",
            "domain": "vpc",
            "id": "eipalloc-0ce9b38740bc14595",
            "instance": "",
            "ipam_pool_id": null,
            "network_border_group": "us-east-2",
            "network_interface": "eni-00e4ea9eb406a6b08",
            "private_dns": "ip-172-31-100-210.us-east-2.compute.internal",
            "private_ip": "172.31.100.210",
            "ptr_record": "",
            "public_dns": "ec2-18-216-248-123.us-east-2.compute.amazonaws.com",
            "public_ip": "18.216.248.123",
            "public_ipv4_pool": "amazon",
            "tags": {
              "Name": "bianca-nat-gateway-eip"
            },
            "tags_all": {
              "Name": "bianca-nat-gateway-eip"
            },
            "timeouts": null,
            "vpc": true
          },
          "sensitive_attributes": [],
          "private": "eyJlMmJmYjczMC1lY2FhLTExZTYtOGY4OC0zNDM2M2JjN2M0YzAiOnsiZGVsZXRlIjoxODAwMDAwMDAwMDAsInJlYWQiOjkwMDAwMDAwMDAwMCwidXBkYXRlIjozMDAwMDAwMDAwMDB9fQ=="
        }
      ]
    },
    {
      "mode": "managed",
      "type": "aws_eip_association",
      "name": "asterisk_eip_assoc",
      "provider": "provider[\"registry.terraform.io/hashicorp/aws\"]",
      "instances": [
        {
          "schema_version": 0,
          "attributes": {
            "allocation_id": "eipalloc-053da54c536d8066e",
            "allow_reassociation": null,
            "id": "eipassoc-01905395158bbf30a",
            "instance_id": "i-03d6c966c9078d8cb",
            "network_interface_id": "eni-04bfb99c9bba0735e",
            "private_ip_address": "172.31.100.78",
            "public_ip": "3.140.153.103"
          },
          "sensitive_attributes": [],
          "private": "bnVsbA==",
          "dependencies": [
            "aws_eip.asterisk_eip",
            "aws_iam_instance_profile.asterisk_profile",
            "aws_iam_role.asterisk_ec2_role",
            "aws_instance.asterisk",
            "aws_security_group.asterisk_ec2_sg",
            "aws_subnet.public_a",
            "data.aws_ami.amazon_linux_2",
            "data.aws_availability_zones.available",
            "data.aws_secretsmanager_secret.app_secret"
          ]
        }
      ]
    },
    {
      "mode": "managed",
      "type": "aws_iam_instance_profile",
      "name": "asterisk_profile",
      "provider": "provider[\"registry.terraform.io/hashicorp/aws\"]",
      "instances": [
        {
          "schema_version": 0,
          "attributes": {
            "arn": "arn:aws:iam::730335291008:instance-profile/asterisk-ec2-profile",
            "create_date": "2025-06-11T03:12:08Z",
            "id": "asterisk-ec2-profile",
            "name": "asterisk-ec2-profile",
            "name_prefix": "",
            "path": "/",
            "role": "asterisk-ec2-role",
            "tags": {},
            "tags_all": {},
            "unique_id": "AIPA2UC3AE2AD3TCQI4W3"
          },
          "sensitive_attributes": [],
          "private": "bnVsbA==",
          "dependencies": [
            "aws_iam_role.asterisk_ec2_role"
          ]
        }
      ]
    },
    {
      "mode": "managed",
      "type": "aws_iam_policy",
      "name": "codebuild_ecr_policy",
      "provider": "provider[\"registry.terraform.io/hashicorp/aws\"]",
      "instances": [
        {
          "schema_version": 0,
          "attributes": {
            "arn": "arn:aws:iam::730335291008:policy/CodeBuildECRPolicy",
            "attachment_count": 1,
            "description": "Allow CodeBuild to push Docker images to ECR",
            "id": "arn:aws:iam::730335291008:policy/CodeBuildECRPolicy",
            "name": "CodeBuildECRPolicy",
            "name_prefix": "",
            "path": "/",
            "policy": "{\"Statement\":[{\"Action\":\"ecr:GetAuthorizationToken\",\"Effect\":\"Allow\",\"Resource\":\"*\",\"Sid\":\"AllowECRAuth\"},{\"Action\":[\"ecr:BatchCheckLayerAvailability\",\"ecr:GetDownloadUrlForLayer\",\"ecr:PutImage\",\"ecr:InitiateLayerUpload\",\"ecr:UploadLayerPart\",\"ecr:CompleteLayerUpload\",\"ecr:BatchGetImage\",\"ecr:GetRepositoryPolicy\",\"ecr:DescribeRepositories\"],\"Effect\":\"Allow\",\"Resource\":[\"arn:aws:ecr:us-east-2:730335291008:repository/bianca-app-backend\",\"arn:aws:ecr:us-east-2:730335291008:repository/bianca-app-asterisk\"],\"Sid\":\"AllowECRImagePush\"}],\"Version\":\"2012-10-17\"}",
            "policy_id": "ANPA2UC3AE2ADFS6337WF",
            "tags": {},
            "tags_all": {}
          },
          "sensitive_attributes": [],
          "private": "bnVsbA==",
          "dependencies": [
            "aws_ecr_repository.app_repo",
            "aws_ecr_repository.asterisk_repo"
          ]
        }
      ]
    },
    {
      "mode": "managed",
      "type": "aws_iam_policy",
      "name": "codebuild_ecs_task_def_policy",
      "provider": "provider[\"registry.terraform.io/hashicorp/aws\"]",
      "instances": [
        {
          "schema_version": 0,
          "attributes": {
            "arn": "arn:aws:iam::730335291008:policy/CodeBuildECSTaskDefPolicy",
            "attachment_count": 1,
            "description": "Allow CodeBuild to register and describe ECS task definitions",
            "id": "arn:aws:iam::730335291008:policy/CodeBuildECSTaskDefPolicy",
            "name": "CodeBuildECSTaskDefPolicy",
            "name_prefix": "",
            "path": "/",
            "policy": "{\"Statement\":[{\"Action\":\"ecs:RegisterTaskDefinition\",\"Effect\":\"Allow\",\"Resource\":\"*\"},{\"Action\":\"ecs:DescribeTaskDefinition\",\"Effect\":\"Allow\",\"Resource\":\"*\"}],\"Version\":\"2012-10-17\"}",
            "policy_id": "ANPA2UC3AE2AHMNHRDFQ2",
            "tags": {},
            "tags_all": {}
          },
          "sensitive_attributes": [],
          "private": "bnVsbA=="
        }
      ]
    },
    {
      "mode": "managed",
      "type": "aws_iam_policy",
      "name": "codebuild_logs_policy",
      "provider": "provider[\"registry.terraform.io/hashicorp/aws\"]",
      "instances": [
        {
          "schema_version": 0,
          "attributes": {
            "arn": "arn:aws:iam::730335291008:policy/CodeBuildLogsPolicy",
            "attachment_count": 1,
            "description": "Allow CodeBuild to write logs to CloudWatch",
            "id": "arn:aws:iam::730335291008:policy/CodeBuildLogsPolicy",
            "name": "CodeBuildLogsPolicy",
            "name_prefix": "",
            "path": "/",
            "policy": "{\"Statement\":[{\"Action\":[\"logs:CreateLogGroup\",\"logs:CreateLogStream\",\"logs:PutLogEvents\"],\"Effect\":\"Allow\",\"Resource\":\"arn:aws:logs:us-east-2:730335291008:log-group:/aws/codebuild/bianca-app-build:*\"}],\"Version\":\"2012-10-17\"}",
            "policy_id": "ANPA2UC3AE2AJFW6EIJKG",
            "tags": {},
            "tags_all": {}
          },
          "sensitive_attributes": [],
          "private": "bnVsbA==",
          "dependencies": [
            "aws_codebuild_project.bianca_project",
            "aws_iam_role.codebuild_role",
            "data.aws_iam_policy_document.codebuild_assume_role_policy"
          ]
        }
      ]
    },
    {
      "mode": "managed",
      "type": "aws_iam_policy",
      "name": "codebuild_pass_role_policy",
      "provider": "provider[\"registry.terraform.io/hashicorp/aws\"]",
      "instances": [
        {
          "schema_version": 0,
          "attributes": {
            "arn": "arn:aws:iam::730335291008:policy/CodeBuildPassRolePolicy",
            "attachment_count": 1,
            "description": "Allow CodeBuild to pass ECS task execution and task roles",
            "id": "arn:aws:iam::730335291008:policy/CodeBuildPassRolePolicy",
            "name": "CodeBuildPassRolePolicy",
            "name_prefix": "",
            "path": "/",
            "policy": "{\"Statement\":[{\"Action\":\"iam:PassRole\",\"Effect\":\"Allow\",\"Resource\":\"arn:aws:iam::730335291008:role/ecsTaskExecutionRole\"},{\"Action\":\"iam:PassRole\",\"Effect\":\"Allow\",\"Resource\":\"arn:aws:iam::730335291008:role/ecsTaskRole\"}],\"Version\":\"2012-10-17\"}",
            "policy_id": "ANPA2UC3AE2AC5AVERIIB",
            "tags": {},
            "tags_all": {}
          },
          "sensitive_attributes": [],
          "private": "bnVsbA==",
          "dependencies": [
            "aws_iam_role.ecs_execution_role",
            "aws_iam_role.ecs_task_role"
          ]
        }
      ]
    },
    {
      "mode": "managed",
      "type": "aws_iam_policy",
      "name": "codebuild_s3_artifact_policy",
      "provider": "provider[\"registry.terraform.io/hashicorp/aws\"]",
      "instances": [
        {
          "schema_version": 0,
          "attributes": {
            "arn": "arn:aws:iam::730335291008:policy/CodeBuildS3ArtifactPolicy",
            "attachment_count": 1,
            "description": "Allow CodeBuild to access S3 artifact bucket",
            "id": "arn:aws:iam::730335291008:policy/CodeBuildS3ArtifactPolicy",
            "name": "CodeBuildS3ArtifactPolicy",
            "name_prefix": "",
            "path": "/",
            "policy": "{\"Statement\":[{\"Action\":[\"s3:GetObject\",\"s3:GetObjectVersion\",\"s3:PutObject\",\"s3:GetBucketAcl\",\"s3:GetBucketLocation\"],\"Effect\":\"Allow\",\"Resource\":[\"arn:aws:s3:::bianca-codepipeline-artifact-bucket\",\"arn:aws:s3:::bianca-codepipeline-artifact-bucket/*\"]}],\"Version\":\"2012-10-17\"}",
            "policy_id": "ANPA2UC3AE2AEXEM7ANU4",
            "tags": {},
            "tags_all": {}
          },
          "sensitive_attributes": [],
          "private": "bnVsbA==",
          "dependencies": [
            "aws_s3_bucket.artifact_bucket"
          ]
        }
      ]
    },
    {
      "mode": "managed",
      "type": "aws_iam_policy",
      "name": "codepipeline_base_policy",
      "provider": "provider[\"registry.terraform.io/hashicorp/aws\"]",
      "instances": [
        {
          "schema_version": 0,
          "attributes": {
            "arn": "arn:aws:iam::730335291008:policy/CodePipelineBasePermissions",
            "attachment_count": 1,
            "description": "Base permissions for CodePipeline",
            "id": "arn:aws:iam::730335291008:policy/CodePipelineBasePermissions",
            "name": "CodePipelineBasePermissions",
            "name_prefix": "",
            "path": "/",
            "policy": "{\"Statement\":[{\"Action\":[\"s3:GetObject\",\"s3:GetObjectVersion\",\"s3:PutObject\",\"s3:ListBucket\"],\"Effect\":\"Allow\",\"Resource\":[\"arn:aws:s3:::bianca-codepipeline-artifact-bucket\",\"arn:aws:s3:::bianca-codepipeline-artifact-bucket/*\"]},{\"Action\":[\"codebuild:StartBuild\",\"codebuild:StopBuild\",\"codebuild:BatchGetBuilds\"],\"Effect\":\"Allow\",\"Resource\":\"arn:aws:codebuild:us-east-2:730335291008:project/bianca-app-build\"},{\"Action\":[\"ecs:DescribeServices\",\"ecs:UpdateService\",\"ecs:DescribeTaskDefinition\"],\"Effect\":\"Allow\",\"Resource\":[\"arn:aws:ecs:us-east-2:730335291008:service/bianca-cluster/bianca-service\",\"arn:aws:ecs:us-east-2:730335291008:task-definition/*\"]},{\"Action\":\"iam:PassRole\",\"Condition\":{\"StringEqualsIfExists\":{\"iam:PassedToService\":\"ecs-tasks.amazonaws.com\"}},\"Effect\":\"Allow\",\"Resource\":[\"arn:aws:iam::730335291008:role/ecsTaskExecutionRole\",\"arn:aws:iam::730335291008:role/ecsTaskRole\"]},{\"Action\":\"codestar-connections:UseConnection\",\"Effect\":\"Allow\",\"Resource\":\"arn:aws:codeconnections:us-east-2:730335291008:connection/a126dbfd-f253-42e4-811b-cda3ebd5a629\"},{\"Action\":\"secretsmanager:GetSecretValue\",\"Effect\":\"Allow\",\"Resource\":\"arn:aws:secretsmanager:us-east-2:730335291008:secret:MySecretsManagerSecret-*\"}],\"Version\":\"2012-10-17\"}",
            "policy_id": "ANPA2UC3AE2AJIVKITOPT",
            "tags": {},
            "tags_all": {}
          },
          "sensitive_attributes": [],
          "private": "bnVsbA==",
          "dependencies": [
            "aws_cloudwatch_log_group.app_log_group",
            "aws_cloudwatch_log_group.mongodb_log_group",
            "aws_codebuild_project.bianca_project",
            "aws_ecs_cluster.cluster",
            "aws_ecs_service.app_service",
            "aws_ecs_service.mongodb_service",
            "aws_ecs_task_definition.app_task",
            "aws_ecs_task_definition.mongodb_task",
            "aws_efs_access_point.mongo_ap",
            "aws_efs_file_system.mongodb_data",
            "aws_eip.asterisk_eip",
            "aws_eip_association.asterisk_eip_assoc",
            "aws_iam_instance_profile.asterisk_profile",
            "aws_iam_role.asterisk_ec2_role",
            "aws_iam_role.codebuild_role",
            "aws_iam_role.ecs_execution_role",
            "aws_iam_role.ecs_task_role",
            "aws_instance.asterisk",
            "aws_lb.app_lb",
            "aws_lb_listener.http_listener",
            "aws_lb_listener.https_listener",
            "aws_lb_target_group.app_tg",
            "aws_s3_bucket.artifact_bucket",
            "aws_security_group.alb_sg",
            "aws_security_group.asterisk_ec2_sg",
            "aws_security_group.bianca_app_sg",
            "aws_security_group.mongodb_sg",
            "aws_security_group.vpc_endpoints_sg",
            "aws_service_discovery_private_dns_namespace.internal",
            "aws_service_discovery_service.bianca_app_sd_service",
            "aws_service_discovery_service.mongodb_sd_service",
            "aws_subnet.private_a",
            "aws_subnet.private_b",
            "aws_subnet.public_a",
            "aws_subnet.public_b",
            "data.aws_acm_certificate.app_cert",
            "data.aws_ami.amazon_linux_2",
            "data.aws_availability_zones.available",
            "data.aws_iam_policy_document.codebuild_assume_role_policy",
            "data.aws_secretsmanager_secret.app_secret"
          ]
        }
      ]
    },
    {
      "mode": "managed",
      "type": "aws_iam_policy",
      "name": "ecs_execution_secrets_policy",
      "provider": "provider[\"registry.terraform.io/hashicorp/aws\"]",
      "instances": [
        {
          "schema_version": 0,
          "attributes": {
            "arn": "arn:aws:iam::730335291008:policy/ECSTaskExecutionSecretsManagerPolicy",
            "attachment_count": 1,
            "description": "Allows ECS tasks to get secrets from Secrets Manager for env vars",
            "id": "arn:aws:iam::730335291008:policy/ECSTaskExecutionSecretsManagerPolicy",
            "name": "ECSTaskExecutionSecretsManagerPolicy",
            "name_prefix": "",
            "path": "/",
            "policy": "{\"Statement\":[{\"Action\":\"secretsmanager:GetSecretValue\",\"Effect\":\"Allow\",\"Resource\":\"arn:aws:secretsmanager:us-east-2:730335291008:secret:MySecretsManagerSecret-*\"}],\"Version\":\"2012-10-17\"}",
            "policy_id": "ANPA2UC3AE2AGVUOL7ZXT",
            "tags": {},
            "tags_all": {}
          },
          "sensitive_attributes": [],
          "private": "bnVsbA=="
        }
      ]
    },
    {
      "mode": "managed",
      "type": "aws_iam_policy",
      "name": "ecs_task_exec_policy",
      "provider": "provider[\"registry.terraform.io/hashicorp/aws\"]",
      "instances": [
        {
          "schema_version": 0,
          "attributes": {
            "arn": "arn:aws:iam::730335291008:policy/ECSTaskExecPolicy",
            "attachment_count": 1,
            "description": "Allows ECS Exec functionality",
            "id": "arn:aws:iam::730335291008:policy/ECSTaskExecPolicy",
            "name": "ECSTaskExecPolicy",
            "name_prefix": "",
            "path": "/",
            "policy": "{\"Statement\":[{\"Action\":[\"ssmmessages:CreateControlChannel\",\"ssmmessages:CreateDataChannel\",\"ssmmessages:OpenControlChannel\"],\"Effect\":\"Allow\",\"Resource\":\"*\"}],\"Version\":\"2012-10-17\"}",
            "policy_id": "ANPA2UC3AE2AIYIFIRENW",
            "tags": {},
            "tags_all": {}
          },
          "sensitive_attributes": [],
          "private": "bnVsbA=="
        }
      ]
    },
    {
      "mode": "managed",
      "type": "aws_iam_policy",
      "name": "ecs_task_s3_debug_audio_policy",
      "provider": "provider[\"registry.terraform.io/hashicorp/aws\"]",
      "instances": [
        {
          "schema_version": 0,
          "attributes": {
            "arn": "arn:aws:iam::730335291008:policy/ECSTaskS3DebugAudioPolicy",
            "attachment_count": 1,
            "description": "Allows ECS tasks to write debug audio to a specific S3 bucket",
            "id": "arn:aws:iam::730335291008:policy/ECSTaskS3DebugAudioPolicy",
            "name": "ECSTaskS3DebugAudioPolicy",
            "name_prefix": "",
            "path": "/",
            "policy": "{\"Statement\":[{\"Action\":[\"s3:PutObject\"],\"Effect\":\"Allow\",\"Resource\":\"arn:aws:s3:::bianca-audio-debug/*\"}],\"Version\":\"2012-10-17\"}",
            "policy_id": "ANPA2UC3AE2ALFRCPQS2W",
            "tags": {},
            "tags_all": {}
          },
          "sensitive_attributes": [],
          "private": "bnVsbA=="
        }
      ]
    },
    {
      "mode": "managed",
      "type": "aws_iam_policy",
      "name": "ecs_task_secrets_policy",
      "provider": "provider[\"registry.terraform.io/hashicorp/aws\"]",
      "instances": [
        {
          "schema_version": 0,
          "attributes": {
            "arn": "arn:aws:iam::730335291008:policy/ECSTaskSecretsManagerPolicyForApp",
            "attachment_count": 1,
            "description": "Allows ECS tasks to get secrets from Secrets Manager (for application use)",
            "id": "arn:aws:iam::730335291008:policy/ECSTaskSecretsManagerPolicyForApp",
            "name": "ECSTaskSecretsManagerPolicyForApp",
            "name_prefix": "",
            "path": "/",
            "policy": "{\"Statement\":[{\"Action\":\"secretsmanager:GetSecretValue\",\"Effect\":\"Allow\",\"Resource\":\"arn:aws:secretsmanager:us-east-2:730335291008:secret:MySecretsManagerSecret-*\"}],\"Version\":\"2012-10-17\"}",
            "policy_id": "ANPA2UC3AE2AEIBAS3TB6",
            "tags": {},
            "tags_all": {}
          },
          "sensitive_attributes": [],
          "private": "bnVsbA=="
        }
      ]
    },
    {
      "mode": "managed",
      "type": "aws_iam_policy",
      "name": "ecs_task_ses_policy",
      "provider": "provider[\"registry.terraform.io/hashicorp/aws\"]",
      "instances": [
        {
          "schema_version": 0,
          "attributes": {
            "arn": "arn:aws:iam::730335291008:policy/ECSTaskSESPolicy",
            "attachment_count": 1,
            "description": "Allows ECS tasks to send email via SES",
            "id": "arn:aws:iam::730335291008:policy/ECSTaskSESPolicy",
            "name": "ECSTaskSESPolicy",
            "name_prefix": "",
            "path": "/",
            "policy": "{\"Statement\":[{\"Action\":[\"ses:SendEmail\",\"ses:SendRawEmail\",\"ses:GetSendQuota\",\"ses:GetSendStatistics\",\"ses:ListIdentities\",\"ses:GetIdentityVerificationAttributes\",\"ses:GetAccountSendingEnabled\"],\"Effect\":\"Allow\",\"Resource\":\"*\"}],\"Version\":\"2012-10-17\"}",
            "policy_id": "ANPA2UC3AE2AED5NXECGK",
            "tags": {},
            "tags_all": {}
          },
          "sensitive_attributes": [],
          "private": "bnVsbA=="
        }
      ]
    },
    {
      "mode": "managed",
      "type": "aws_iam_role",
      "name": "asterisk_ec2_role",
      "provider": "provider[\"registry.terraform.io/hashicorp/aws\"]",
      "instances": [
        {
          "schema_version": 0,
          "attributes": {
            "arn": "arn:aws:iam::730335291008:role/asterisk-ec2-role",
            "assume_role_policy": "{\"Statement\":[{\"Action\":\"sts:AssumeRole\",\"Effect\":\"Allow\",\"Principal\":{\"Service\":\"ec2.amazonaws.com\"}}],\"Version\":\"2012-10-17\"}",
            "create_date": "2025-06-11T03:12:07Z",
            "description": "",
            "force_detach_policies": false,
            "id": "asterisk-ec2-role",
            "inline_policy": [
              {
                "name": "asterisk-ecr-pull-policy",
                "policy": "{\"Version\":\"2012-10-17\",\"Statement\":[{\"Action\":[\"ecr:GetAuthorizationToken\",\"ecr:BatchCheckLayerAvailability\",\"ecr:GetDownloadUrlForLayer\",\"ecr:BatchGetImage\"],\"Effect\":\"Allow\",\"Resource\":\"*\"}]}"
              },
              {
                "name": "asterisk-secrets-policy",
                "policy": "{\"Version\":\"2012-10-17\",\"Statement\":[{\"Action\":[\"secretsmanager:GetSecretValue\"],\"Effect\":\"Allow\",\"Resource\":\"arn:aws:secretsmanager:us-east-2:730335291008:secret:MySecretsManagerSecret-LyB1aP\"}]}"
              }
            ],
            "managed_policy_arns": [
              "arn:aws:iam::aws:policy/AmazonSSMManagedInstanceCore",
              "arn:aws:iam::aws:policy/CloudWatchAgentServerPolicy"
            ],
            "max_session_duration": 3600,
            "name": "asterisk-ec2-role",
            "name_prefix": "",
            "path": "/",
            "permissions_boundary": "",
            "tags": {},
            "tags_all": {},
            "unique_id": "AROA2UC3AE2AG2OLPSXQ7"
          },
          "sensitive_attributes": [],
          "private": "bnVsbA=="
        }
      ]
    },
    {
      "mode": "managed",
      "type": "aws_iam_role",
      "name": "codebuild_role",
      "provider": "provider[\"registry.terraform.io/hashicorp/aws\"]",
      "instances": [
        {
          "schema_version": 0,
          "attributes": {
            "arn": "arn:aws:iam::730335291008:role/CodeBuildServiceRole",
            "assume_role_policy": "{\"Statement\":[{\"Action\":\"sts:AssumeRole\",\"Effect\":\"Allow\",\"Principal\":{\"Service\":\"codebuild.amazonaws.com\"}}],\"Version\":\"2012-10-17\"}",
            "create_date": "2025-03-09T18:45:23Z",
            "description": "",
            "force_detach_policies": false,
            "id": "CodeBuildServiceRole",
            "inline_policy": [],
            "managed_policy_arns": [
              "arn:aws:iam::730335291008:policy/CodeBuildECRPolicy",
              "arn:aws:iam::730335291008:policy/CodeBuildECSTaskDefPolicy",
              "arn:aws:iam::730335291008:policy/CodeBuildLogsPolicy",
              "arn:aws:iam::730335291008:policy/CodeBuildPassRolePolicy",
              "arn:aws:iam::730335291008:policy/CodeBuildS3ArtifactPolicy"
            ],
            "max_session_duration": 3600,
            "name": "CodeBuildServiceRole",
            "name_prefix": "",
            "path": "/",
            "permissions_boundary": "",
            "tags": {
              "Name": "CodeBuildServiceRole"
            },
            "tags_all": {
              "Name": "CodeBuildServiceRole"
            },
            "unique_id": "AROA2UC3AE2AGM74V6DIN"
          },
          "sensitive_attributes": [],
          "private": "bnVsbA==",
          "dependencies": [
            "data.aws_iam_policy_document.codebuild_assume_role_policy"
          ]
        }
      ]
    },
    {
      "mode": "managed",
      "type": "aws_iam_role",
      "name": "codepipeline_role",
      "provider": "provider[\"registry.terraform.io/hashicorp/aws\"]",
      "instances": [
        {
          "schema_version": 0,
          "attributes": {
            "arn": "arn:aws:iam::730335291008:role/CodePipelineServiceRole",
            "assume_role_policy": "{\"Statement\":[{\"Action\":\"sts:AssumeRole\",\"Effect\":\"Allow\",\"Principal\":{\"Service\":\"codepipeline.amazonaws.com\"}}],\"Version\":\"2012-10-17\"}",
            "create_date": "2025-03-09T18:45:34Z",
            "description": "",
            "force_detach_policies": false,
            "id": "CodePipelineServiceRole",
            "inline_policy": [
              {
                "name": "CodePipelineBasePermissions",
                "policy": "{\"Version\":\"2012-10-17\",\"Statement\":[{\"Action\":[\"s3:GetObject\",\"s3:GetObjectVersion\",\"s3:PutObject\",\"s3:ListBucket\"],\"Effect\":\"Allow\",\"Resource\":[\"arn:aws:s3:::bianca-codepipeline-artifact-bucket\",\"arn:aws:s3:::bianca-codepipeline-artifact-bucket/*\"]},{\"Action\":[\"codebuild:StartBuild\",\"codebuild:StopBuild\",\"codebuild:BatchGetBuilds\"],\"Effect\":\"Allow\",\"Resource\":\"arn:aws:codebuild:us-east-2:730335291008:project/bianca-app-build\"},{\"Action\":[\"ecs:DescribeServices\",\"ecs:UpdateService\",\"ecs:DescribeTaskDefinition\"],\"Effect\":\"Allow\",\"Resource\":[\"arn:aws:ecs:us-east-2:730335291008:service/bianca-cluster/bianca-service\",\"arn:aws:ecs:us-east-2:730335291008:task-definition/*\"]},{\"Action\":\"iam:PassRole\",\"Condition\":{\"StringEqualsIfExists\":{\"iam:PassedToService\":\"ecs-tasks.amazonaws.com\"}},\"Effect\":\"Allow\",\"Resource\":[\"arn:aws:iam::730335291008:role/ecsTaskExecutionRole\",\"arn:aws:iam::730335291008:role/ecsTaskRole\"]},{\"Action\":\"codestar-connections:UseConnection\",\"Effect\":\"Allow\",\"Resource\":\"arn:aws:codeconnections:us-east-2:730335291008:connection/a126dbfd-f253-42e4-811b-cda3ebd5a629\"},{\"Action\":\"secretsmanager:GetSecretValue\",\"Effect\":\"Allow\",\"Resource\":\"arn:aws:secretsmanager:us-east-2:730335291008:secret:MySecretsManagerSecret-*\"}]}"
              }
            ],
            "managed_policy_arns": [
              "arn:aws:iam::730335291008:policy/CodePipelineBasePermissions",
              "arn:aws:iam::aws:policy/AmazonECS_FullAccess"
            ],
            "max_session_duration": 3600,
            "name": "CodePipelineServiceRole",
            "name_prefix": "",
            "path": "/",
            "permissions_boundary": "",
            "tags": {
              "Name": "CodePipelineServiceRole"
            },
            "tags_all": {
              "Name": "CodePipelineServiceRole"
            },
            "unique_id": "AROA2UC3AE2ACCJ2MR5M2"
          },
          "sensitive_attributes": [],
          "private": "bnVsbA=="
        }
      ]
    },
    {
      "mode": "managed",
      "type": "aws_iam_role",
      "name": "ecs_execution_role",
      "provider": "provider[\"registry.terraform.io/hashicorp/aws\"]",
      "instances": [
        {
          "schema_version": 0,
          "attributes": {
            "arn": "arn:aws:iam::730335291008:role/ecsTaskExecutionRole",
            "assume_role_policy": "{\"Statement\":[{\"Action\":\"sts:AssumeRole\",\"Effect\":\"Allow\",\"Principal\":{\"Service\":\"ecs-tasks.amazonaws.com\"}}],\"Version\":\"2012-10-17\"}",
            "create_date": "2025-03-09T18:45:23Z",
            "description": "",
            "force_detach_policies": false,
            "id": "ecsTaskExecutionRole",
            "inline_policy": [],
            "managed_policy_arns": [
              "arn:aws:iam::730335291008:policy/ECSTaskExecutionSecretsManagerPolicy",
              "arn:aws:iam::aws:policy/service-role/AmazonECSTaskExecutionRolePolicy"
            ],
            "max_session_duration": 3600,
            "name": "ecsTaskExecutionRole",
            "name_prefix": "",
            "path": "/",
            "permissions_boundary": "",
            "tags": {
              "Name": "ecsTaskExecutionRole"
            },
            "tags_all": {
              "Name": "ecsTaskExecutionRole"
            },
            "unique_id": "AROA2UC3AE2AM6EAIRY6U"
          },
          "sensitive_attributes": [],
          "private": "bnVsbA=="
        }
      ]
    },
    {
      "mode": "managed",
      "type": "aws_iam_role",
      "name": "ecs_task_role",
      "provider": "provider[\"registry.terraform.io/hashicorp/aws\"]",
      "instances": [
        {
          "schema_version": 0,
          "attributes": {
            "arn": "arn:aws:iam::730335291008:role/ecsTaskRole",
            "assume_role_policy": "{\"Statement\":[{\"Action\":\"sts:AssumeRole\",\"Effect\":\"Allow\",\"Principal\":{\"Service\":\"ecs-tasks.amazonaws.com\"}}],\"Version\":\"2012-10-17\"}",
            "create_date": "2025-03-17T23:37:06Z",
            "description": "",
            "force_detach_policies": false,
            "id": "ecsTaskRole",
            "inline_policy": [],
            "managed_policy_arns": [
              "arn:aws:iam::730335291008:policy/ECSTaskExecPolicy",
              "arn:aws:iam::730335291008:policy/ECSTaskS3DebugAudioPolicy",
              "arn:aws:iam::730335291008:policy/ECSTaskSESPolicy",
              "arn:aws:iam::730335291008:policy/ECSTaskSecretsManagerPolicyForApp"
            ],
            "max_session_duration": 3600,
            "name": "ecsTaskRole",
            "name_prefix": "",
            "path": "/",
            "permissions_boundary": "",
            "tags": {
              "Name": "ecsTaskRole"
            },
            "tags_all": {
              "Name": "ecsTaskRole"
            },
            "unique_id": "AROA2UC3AE2AFOE7MCNMK"
          },
          "sensitive_attributes": [],
          "private": "bnVsbA=="
        }
      ]
    },
    {
      "mode": "managed",
      "type": "aws_iam_role_policy",
      "name": "asterisk_ecr_pull",
      "provider": "provider[\"registry.terraform.io/hashicorp/aws\"]",
      "instances": [
        {
          "schema_version": 0,
          "attributes": {
            "id": "asterisk-ec2-role:asterisk-ecr-pull-policy",
            "name": "asterisk-ecr-pull-policy",
            "name_prefix": "",
            "policy": "{\"Version\":\"2012-10-17\",\"Statement\":[{\"Action\":[\"ecr:GetAuthorizationToken\",\"ecr:BatchCheckLayerAvailability\",\"ecr:GetDownloadUrlForLayer\",\"ecr:BatchGetImage\"],\"Effect\":\"Allow\",\"Resource\":\"*\"}]}",
            "role": "asterisk-ec2-role"
          },
          "sensitive_attributes": [],
          "private": "bnVsbA==",
          "dependencies": [
            "aws_iam_role.asterisk_ec2_role"
          ]
        }
      ]
    },
    {
      "mode": "managed",
      "type": "aws_iam_role_policy",
      "name": "asterisk_secrets",
      "provider": "provider[\"registry.terraform.io/hashicorp/aws\"]",
      "instances": [
        {
          "schema_version": 0,
          "attributes": {
            "id": "asterisk-ec2-role:asterisk-secrets-policy",
            "name": "asterisk-secrets-policy",
            "name_prefix": "",
            "policy": "{\"Version\":\"2012-10-17\",\"Statement\":[{\"Action\":[\"secretsmanager:GetSecretValue\"],\"Effect\":\"Allow\",\"Resource\":\"arn:aws:secretsmanager:us-east-2:730335291008:secret:MySecretsManagerSecret-LyB1aP\"}]}",
            "role": "asterisk-ec2-role"
          },
          "sensitive_attributes": [],
          "private": "bnVsbA==",
          "dependencies": [
            "aws_iam_role.asterisk_ec2_role",
            "data.aws_secretsmanager_secret.app_secret"
          ]
        }
      ]
    },
    {
      "mode": "managed",
      "type": "aws_iam_role_policy_attachment",
      "name": "asterisk_cloudwatch",
      "provider": "provider[\"registry.terraform.io/hashicorp/aws\"]",
      "instances": [
        {
          "schema_version": 0,
          "attributes": {
            "id": "asterisk-ec2-role-20250611031207913200000002",
            "policy_arn": "arn:aws:iam::aws:policy/CloudWatchAgentServerPolicy",
            "role": "asterisk-ec2-role"
          },
          "sensitive_attributes": [],
          "private": "bnVsbA==",
          "dependencies": [
            "aws_iam_role.asterisk_ec2_role"
          ]
        }
      ]
    },
    {
      "mode": "managed",
      "type": "aws_iam_role_policy_attachment",
      "name": "asterisk_ssm",
      "provider": "provider[\"registry.terraform.io/hashicorp/aws\"]",
      "instances": [
        {
          "schema_version": 0,
          "attributes": {
            "id": "asterisk-ec2-role-20250611031207751100000001",
            "policy_arn": "arn:aws:iam::aws:policy/AmazonSSMManagedInstanceCore",
            "role": "asterisk-ec2-role"
          },
          "sensitive_attributes": [],
          "private": "bnVsbA==",
          "dependencies": [
            "aws_iam_role.asterisk_ec2_role"
          ]
        }
      ]
    },
    {
      "mode": "managed",
      "type": "aws_iam_role_policy_attachment",
      "name": "codebuild_ecr_attach",
      "provider": "provider[\"registry.terraform.io/hashicorp/aws\"]",
      "instances": [
        {
          "schema_version": 0,
          "attributes": {
            "id": "CodeBuildServiceRole-20250517182706920200000007",
            "policy_arn": "arn:aws:iam::730335291008:policy/CodeBuildECRPolicy",
            "role": "CodeBuildServiceRole"
          },
          "sensitive_attributes": [],
          "private": "bnVsbA==",
          "dependencies": [
            "aws_ecr_repository.app_repo",
            "aws_ecr_repository.asterisk_repo",
            "aws_iam_policy.codebuild_ecr_policy",
            "aws_iam_role.codebuild_role",
            "data.aws_iam_policy_document.codebuild_assume_role_policy"
          ]
        }
      ]
    },
    {
      "mode": "managed",
      "type": "aws_iam_role_policy_attachment",
      "name": "codebuild_ecs_task_def_attach",
      "provider": "provider[\"registry.terraform.io/hashicorp/aws\"]",
      "instances": [
        {
          "schema_version": 0,
          "attributes": {
            "id": "CodeBuildServiceRole-20250517182706794000000006",
            "policy_arn": "arn:aws:iam::730335291008:policy/CodeBuildECSTaskDefPolicy",
            "role": "CodeBuildServiceRole"
          },
          "sensitive_attributes": [],
          "private": "bnVsbA==",
          "dependencies": [
            "aws_iam_policy.codebuild_ecs_task_def_policy",
            "aws_iam_role.codebuild_role",
            "data.aws_iam_policy_document.codebuild_assume_role_policy"
          ]
        }
      ]
    },
    {
      "mode": "managed",
      "type": "aws_iam_role_policy_attachment",
      "name": "codebuild_logs_attach",
      "provider": "provider[\"registry.terraform.io/hashicorp/aws\"]",
      "instances": [
        {
          "schema_version": 0,
          "attributes": {
            "id": "CodeBuildServiceRole-2025051718270752740000000a",
            "policy_arn": "arn:aws:iam::730335291008:policy/CodeBuildLogsPolicy",
            "role": "CodeBuildServiceRole"
          },
          "sensitive_attributes": [],
          "private": "bnVsbA==",
          "dependencies": [
            "aws_codebuild_project.bianca_project",
            "aws_iam_policy.codebuild_logs_policy",
            "aws_iam_role.codebuild_role",
            "data.aws_iam_policy_document.codebuild_assume_role_policy"
          ]
        }
      ]
    },
    {
      "mode": "managed",
      "type": "aws_iam_role_policy_attachment",
      "name": "codebuild_pass_role_attach",
      "provider": "provider[\"registry.terraform.io/hashicorp/aws\"]",
      "instances": [
        {
          "schema_version": 0,
          "attributes": {
            "id": "CodeBuildServiceRole-20250517182707042000000008",
            "policy_arn": "arn:aws:iam::730335291008:policy/CodeBuildPassRolePolicy",
            "role": "CodeBuildServiceRole"
          },
          "sensitive_attributes": [],
          "private": "bnVsbA==",
          "dependencies": [
            "aws_iam_policy.codebuild_pass_role_policy",
            "aws_iam_role.codebuild_role",
            "aws_iam_role.ecs_execution_role",
            "aws_iam_role.ecs_task_role",
            "data.aws_iam_policy_document.codebuild_assume_role_policy"
          ]
        }
      ]
    },
    {
      "mode": "managed",
      "type": "aws_iam_role_policy_attachment",
      "name": "codebuild_s3_artifact_attach",
      "provider": "provider[\"registry.terraform.io/hashicorp/aws\"]",
      "instances": [
        {
          "schema_version": 0,
          "attributes": {
            "id": "CodeBuildServiceRole-20250517182707081500000009",
            "policy_arn": "arn:aws:iam::730335291008:policy/CodeBuildS3ArtifactPolicy",
            "role": "CodeBuildServiceRole"
          },
          "sensitive_attributes": [],
          "private": "bnVsbA==",
          "dependencies": [
            "aws_iam_policy.codebuild_s3_artifact_policy",
            "aws_iam_role.codebuild_role",
            "aws_s3_bucket.artifact_bucket",
            "data.aws_iam_policy_document.codebuild_assume_role_policy"
          ]
        }
      ]
    },
    {
      "mode": "managed",
      "type": "aws_iam_role_policy_attachment",
      "name": "codepipeline_base_policy_attach",
      "provider": "provider[\"registry.terraform.io/hashicorp/aws\"]",
      "instances": [
        {
          "schema_version": 0,
          "attributes": {
            "id": "CodePipelineServiceRole-20250629231304884400000001",
            "policy_arn": "arn:aws:iam::730335291008:policy/CodePipelineBasePermissions",
            "role": "CodePipelineServiceRole"
          },
          "sensitive_attributes": [],
          "private": "bnVsbA==",
          "dependencies": [
            "aws_cloudwatch_log_group.app_log_group",
            "aws_cloudwatch_log_group.mongodb_log_group",
            "aws_codebuild_project.bianca_project",
            "aws_ecs_cluster.cluster",
            "aws_ecs_service.app_service",
            "aws_ecs_service.mongodb_service",
            "aws_ecs_task_definition.app_task",
            "aws_ecs_task_definition.mongodb_task",
            "aws_efs_access_point.mongo_ap",
            "aws_efs_file_system.mongodb_data",
            "aws_eip.asterisk_eip",
            "aws_eip_association.asterisk_eip_assoc",
            "aws_iam_instance_profile.asterisk_profile",
            "aws_iam_policy.codepipeline_base_policy",
            "aws_iam_role.asterisk_ec2_role",
            "aws_iam_role.codebuild_role",
            "aws_iam_role.codepipeline_role",
            "aws_iam_role.ecs_execution_role",
            "aws_iam_role.ecs_task_role",
            "aws_instance.asterisk",
            "aws_lb.app_lb",
            "aws_lb_listener.http_listener",
            "aws_lb_listener.https_listener",
            "aws_lb_target_group.app_tg",
            "aws_s3_bucket.artifact_bucket",
            "aws_security_group.alb_sg",
            "aws_security_group.asterisk_ec2_sg",
            "aws_security_group.bianca_app_sg",
            "aws_security_group.mongodb_sg",
            "aws_security_group.vpc_endpoints_sg",
            "aws_service_discovery_private_dns_namespace.internal",
            "aws_service_discovery_service.bianca_app_sd_service",
            "aws_service_discovery_service.mongodb_sd_service",
            "aws_subnet.private_a",
            "aws_subnet.private_b",
            "aws_subnet.public_a",
            "aws_subnet.public_b",
            "data.aws_acm_certificate.app_cert",
            "data.aws_ami.amazon_linux_2",
            "data.aws_availability_zones.available",
            "data.aws_iam_policy_document.codebuild_assume_role_policy",
            "data.aws_secretsmanager_secret.app_secret"
          ]
        }
      ]
    },
    {
      "mode": "managed",
      "type": "aws_iam_role_policy_attachment",
      "name": "codepipeline_temp_ecs_full_attach",
      "provider": "provider[\"registry.terraform.io/hashicorp/aws\"]",
      "instances": [
        {
          "schema_version": 0,
          "attributes": {
            "id": "CodePipelineServiceRole-20250419225944410300000001",
            "policy_arn": "arn:aws:iam::aws:policy/AmazonECS_FullAccess",
            "role": "CodePipelineServiceRole"
          },
          "sensitive_attributes": [],
          "private": "bnVsbA==",
          "dependencies": [
            "aws_iam_role.codepipeline_role"
          ]
        }
      ]
    },
    {
      "mode": "managed",
      "type": "aws_iam_role_policy_attachment",
      "name": "ecs_execution_role_policy_attachment",
      "provider": "provider[\"registry.terraform.io/hashicorp/aws\"]",
      "instances": [
        {
          "schema_version": 0,
          "attributes": {
            "id": "ecsTaskExecutionRole-20250517182706395200000002",
            "policy_arn": "arn:aws:iam::aws:policy/service-role/AmazonECSTaskExecutionRolePolicy",
            "role": "ecsTaskExecutionRole"
          },
          "sensitive_attributes": [],
          "private": "bnVsbA==",
          "dependencies": [
            "aws_iam_role.ecs_execution_role"
          ]
        }
      ]
    },
    {
      "mode": "managed",
      "type": "aws_iam_role_policy_attachment",
      "name": "ecs_execution_secrets_policy_attach",
      "provider": "provider[\"registry.terraform.io/hashicorp/aws\"]",
      "instances": [
        {
          "schema_version": 0,
          "attributes": {
            "id": "ecsTaskExecutionRole-20250517182706124700000001",
            "policy_arn": "arn:aws:iam::730335291008:policy/ECSTaskExecutionSecretsManagerPolicy",
            "role": "ecsTaskExecutionRole"
          },
          "sensitive_attributes": [],
          "private": "bnVsbA==",
          "dependencies": [
            "aws_iam_policy.ecs_execution_secrets_policy",
            "aws_iam_role.ecs_execution_role"
          ]
        }
      ]
    },
    {
      "mode": "managed",
      "type": "aws_iam_role_policy_attachment",
      "name": "ecs_task_exec_policy_attach",
      "provider": "provider[\"registry.terraform.io/hashicorp/aws\"]",
      "instances": [
        {
          "schema_version": 0,
          "attributes": {
            "id": "ecsTaskRole-20250517182706702300000005",
            "policy_arn": "arn:aws:iam::730335291008:policy/ECSTaskExecPolicy",
            "role": "ecsTaskRole"
          },
          "sensitive_attributes": [],
          "private": "bnVsbA==",
          "dependencies": [
            "aws_iam_policy.ecs_task_exec_policy",
            "aws_iam_role.ecs_task_role"
          ]
        }
      ]
    },
    {
      "mode": "managed",
      "type": "aws_iam_role_policy_attachment",
      "name": "ecs_task_s3_debug_audio_attach",
      "provider": "provider[\"registry.terraform.io/hashicorp/aws\"]",
      "instances": [
        {
          "schema_version": 0,
          "attributes": {
            "id": "ecsTaskRole-20250530221520319400000001",
            "policy_arn": "arn:aws:iam::730335291008:policy/ECSTaskS3DebugAudioPolicy",
            "role": "ecsTaskRole"
          },
          "sensitive_attributes": [],
          "private": "bnVsbA==",
          "dependencies": [
            "aws_iam_policy.ecs_task_s3_debug_audio_policy",
            "aws_iam_role.ecs_task_role"
          ]
        }
      ]
    },
    {
      "mode": "managed",
      "type": "aws_iam_role_policy_attachment",
      "name": "ecs_task_secrets_policy_attach",
      "provider": "provider[\"registry.terraform.io/hashicorp/aws\"]",
      "instances": [
        {
          "schema_version": 0,
          "attributes": {
            "id": "ecsTaskRole-20250517182706489500000003",
            "policy_arn": "arn:aws:iam::730335291008:policy/ECSTaskSecretsManagerPolicyForApp",
            "role": "ecsTaskRole"
          },
          "sensitive_attributes": [],
          "private": "bnVsbA==",
          "dependencies": [
            "aws_iam_policy.ecs_task_secrets_policy",
            "aws_iam_role.ecs_task_role"
          ]
        }
      ]
    },
    {
      "mode": "managed",
      "type": "aws_iam_role_policy_attachment",
      "name": "ecs_task_ses_policy_attach",
      "provider": "provider[\"registry.terraform.io/hashicorp/aws\"]",
      "instances": [
        {
          "schema_version": 0,
          "attributes": {
            "id": "ecsTaskRole-20250517182706626100000004",
            "policy_arn": "arn:aws:iam::730335291008:policy/ECSTaskSESPolicy",
            "role": "ecsTaskRole"
          },
          "sensitive_attributes": [],
          "private": "bnVsbA==",
          "dependencies": [
            "aws_iam_policy.ecs_task_ses_policy",
            "aws_iam_role.ecs_task_role"
          ]
        }
      ]
    },
    {
      "mode": "managed",
      "type": "aws_instance",
      "name": "asterisk",
      "provider": "provider[\"registry.terraform.io/hashicorp/aws\"]",
      "instances": [
        {
          "schema_version": 1,
          "attributes": {
            "ami": "ami-054d057aaa6f1aa39",
            "arn": "arn:aws:ec2:us-east-2:730335291008:instance/i-03d6c966c9078d8cb",
            "associate_public_ip_address": true,
            "availability_zone": "us-east-2a",
            "capacity_reservation_specification": [
              {
                "capacity_reservation_preference": "open",
                "capacity_reservation_target": []
              }
            ],
            "cpu_core_count": 1,
            "cpu_options": [
              {
                "amd_sev_snp": "",
                "core_count": 1,
                "threads_per_core": 2
              }
            ],
            "cpu_threads_per_core": 2,
            "credit_specification": [
              {
                "cpu_credits": "unlimited"
              }
            ],
            "disable_api_stop": false,
            "disable_api_termination": false,
            "ebs_block_device": [],
            "ebs_optimized": false,
            "enable_primary_ipv6": null,
            "enclave_options": [
              {
                "enabled": false
              }
            ],
            "ephemeral_block_device": [],
            "get_password_data": false,
            "hibernation": false,
            "host_id": "",
            "host_resource_group_arn": null,
            "iam_instance_profile": "asterisk-ec2-profile",
            "id": "i-03d6c966c9078d8cb",
            "instance_initiated_shutdown_behavior": "stop",
            "instance_lifecycle": "",
            "instance_market_options": [],
            "instance_state": "running",
            "instance_type": "t3.medium",
            "ipv6_address_count": 0,
            "ipv6_addresses": [],
            "key_name": "bianca-key-pair",
            "launch_template": [],
            "maintenance_options": [
              {
                "auto_recovery": "default"
              }
            ],
            "metadata_options": [
              {
                "http_endpoint": "enabled",
                "http_protocol_ipv6": "disabled",
                "http_put_response_hop_limit": 1,
                "http_tokens": "optional",
                "instance_metadata_tags": "disabled"
              }
            ],
            "monitoring": true,
            "network_interface": [],
            "outpost_arn": "",
            "password_data": "",
            "placement_group": "",
            "placement_partition_number": 0,
            "primary_network_interface_id": "eni-04bfb99c9bba0735e",
            "private_dns": "ip-172-31-100-78.us-east-2.compute.internal",
            "private_dns_name_options": [
              {
                "enable_resource_name_dns_a_record": false,
                "enable_resource_name_dns_aaaa_record": false,
                "hostname_type": "ip-name"
              }
            ],
            "private_ip": "172.31.100.78",
            "public_dns": "ec2-3-140-153-103.us-east-2.compute.amazonaws.com",
            "public_ip": "3.140.153.103",
            "root_block_device": [
              {
                "delete_on_termination": true,
                "device_name": "/dev/xvda",
                "encrypted": true,
                "iops": 3000,
                "kms_key_id": "arn:aws:kms:us-east-2:730335291008:key/96ee47b6-6696-445b-b723-ed9148985a17",
                "tags": {},
                "tags_all": {},
                "throughput": 125,
                "volume_id": "vol-0dcc43e96502a9a2f",
                "volume_size": 30,
                "volume_type": "gp3"
              }
            ],
            "secondary_private_ips": [],
            "security_groups": [
              "asterisk-ec2-sg"
            ],
            "source_dest_check": true,
            "spot_instance_request_id": "",
            "subnet_id": "subnet-00ec81340523b7240",
            "tags": {
              "Environment": "production",
              "Name": "asterisk-server"
            },
            "tags_all": {
              "Environment": "production",
              "Name": "asterisk-server"
            },
            "tenancy": "default",
            "timeouts": null,
            "user_data": "48df14e279899d783878a5d5dff66b906f3336e4",
            "user_data_base64": null,
            "user_data_replace_on_change": false,
            "volume_tags": null,
            "vpc_security_group_ids": [
              "sg-02aa60b0ef90ff8ec"
            ]
          },
          "sensitive_attributes": [],
          "private": "eyJlMmJmYjczMC1lY2FhLTExZTYtOGY4OC0zNDM2M2JjN2M0YzAiOnsiY3JlYXRlIjo2MDAwMDAwMDAwMDAsImRlbGV0ZSI6MTIwMDAwMDAwMDAwMCwicmVhZCI6OTAwMDAwMDAwMDAwLCJ1cGRhdGUiOjYwMDAwMDAwMDAwMH0sInNjaGVtYV92ZXJzaW9uIjoiMSJ9",
          "dependencies": [
            "aws_eip.asterisk_eip",
            "aws_iam_instance_profile.asterisk_profile",
            "aws_iam_role.asterisk_ec2_role",
            "aws_security_group.asterisk_ec2_sg",
            "aws_subnet.public_a",
            "data.aws_ami.amazon_linux_2",
            "data.aws_availability_zones.available",
            "data.aws_secretsmanager_secret.app_secret"
          ]
        }
      ]
    },
    {
      "mode": "managed",
      "type": "aws_internet_gateway",
      "name": "gw",
      "provider": "provider[\"registry.terraform.io/hashicorp/aws\"]",
      "instances": [
        {
          "schema_version": 0,
          "attributes": {
            "arn": "arn:aws:ec2:us-east-2:730335291008:internet-gateway/igw-06b48f8b038a178e5",
            "id": "igw-06b48f8b038a178e5",
            "owner_id": "730335291008",
            "tags": {
              "Name": "bianca-app-igw"
            },
            "tags_all": {
              "Name": "bianca-app-igw"
            },
            "timeouts": null,
            "vpc_id": "vpc-05c16725411127dc3"
          },
          "sensitive_attributes": [],
          "private": "eyJlMmJmYjczMC1lY2FhLTExZTYtOGY4OC0zNDM2M2JjN2M0YzAiOnsiY3JlYXRlIjoxMjAwMDAwMDAwMDAwLCJkZWxldGUiOjEyMDAwMDAwMDAwMDAsInVwZGF0ZSI6MTIwMDAwMDAwMDAwMH19"
        }
      ]
    },
    {
      "mode": "managed",
      "type": "aws_lb",
      "name": "app_lb",
      "provider": "provider[\"registry.terraform.io/hashicorp/aws\"]",
      "instances": [
        {
          "schema_version": 0,
          "attributes": {
            "access_logs": [
              {
                "bucket": "",
                "enabled": false,
                "prefix": ""
              }
            ],
            "arn": "arn:aws:elasticloadbalancing:us-east-2:730335291008:loadbalancer/app/bianca-load-balancer/0ab52abf4eda1cb5",
            "arn_suffix": "app/bianca-load-balancer/0ab52abf4eda1cb5",
            "client_keep_alive": 3600,
            "connection_logs": [
              {
                "bucket": "",
                "enabled": false,
                "prefix": ""
              }
            ],
            "customer_owned_ipv4_pool": "",
            "desync_mitigation_mode": "defensive",
            "dns_name": "bianca-load-balancer-1774778217.us-east-2.elb.amazonaws.com",
            "dns_record_client_routing_policy": null,
            "drop_invalid_header_fields": false,
            "enable_cross_zone_load_balancing": true,
            "enable_deletion_protection": false,
            "enable_http2": true,
            "enable_tls_version_and_cipher_suite_headers": false,
            "enable_waf_fail_open": false,
            "enable_xff_client_port": false,
            "enable_zonal_shift": false,
            "enforce_security_group_inbound_rules_on_private_link_traffic": "",
            "id": "arn:aws:elasticloadbalancing:us-east-2:730335291008:loadbalancer/app/bianca-load-balancer/0ab52abf4eda1cb5",
            "idle_timeout": 120,
            "internal": false,
            "ip_address_type": "ipv4",
            "ipam_pools": [],
            "load_balancer_type": "application",
            "name": "bianca-load-balancer",
            "name_prefix": "",
            "preserve_host_header": false,
            "security_groups": [
              "sg-03b3ab2a793289acc"
            ],
            "subnet_mapping": [
              {
                "allocation_id": "",
                "ipv6_address": "",
                "outpost_id": "",
                "private_ipv4_address": "",
                "subnet_id": "subnet-00ec81340523b7240"
              },
              {
                "allocation_id": "",
                "ipv6_address": "",
                "outpost_id": "",
                "private_ipv4_address": "",
                "subnet_id": "subnet-06d5200485f11541b"
              }
            ],
            "subnets": [
              "subnet-00ec81340523b7240",
              "subnet-06d5200485f11541b"
            ],
            "tags": {
              "Name": "bianca-load-balancer"
            },
            "tags_all": {
              "Name": "bianca-load-balancer"
            },
            "timeouts": null,
            "vpc_id": "vpc-05c16725411127dc3",
            "xff_header_processing_mode": "append",
            "zone_id": "Z3AADJGX6KTTL2"
          },
          "sensitive_attributes": [],
          "private": "eyJlMmJmYjczMC1lY2FhLTExZTYtOGY4OC0zNDM2M2JjN2M0YzAiOnsiY3JlYXRlIjo2MDAwMDAwMDAwMDAsImRlbGV0ZSI6NjAwMDAwMDAwMDAwLCJ1cGRhdGUiOjYwMDAwMDAwMDAwMH19",
          "dependencies": [
            "aws_security_group.alb_sg",
            "aws_subnet.public_a",
            "aws_subnet.public_b",
            "data.aws_availability_zones.available"
          ]
        }
      ]
    },
    {
      "mode": "managed",
      "type": "aws_lb_listener",
      "name": "http_listener",
      "provider": "provider[\"registry.terraform.io/hashicorp/aws\"]",
      "instances": [
        {
          "schema_version": 0,
          "attributes": {
            "alpn_policy": null,
            "arn": "arn:aws:elasticloadbalancing:us-east-2:730335291008:listener/app/bianca-load-balancer/0ab52abf4eda1cb5/ece09f7ca76e7ddc",
            "certificate_arn": null,
            "default_action": [
              {
                "authenticate_cognito": [],
                "authenticate_oidc": [],
                "fixed_response": [],
                "forward": [],
                "order": 1,
                "redirect": [],
                "target_group_arn": "arn:aws:elasticloadbalancing:us-east-2:730335291008:targetgroup/bianca-target-group/06afc8767fc5e872",
                "type": "forward"
              }
            ],
            "id": "arn:aws:elasticloadbalancing:us-east-2:730335291008:listener/app/bianca-load-balancer/0ab52abf4eda1cb5/ece09f7ca76e7ddc",
            "load_balancer_arn": "arn:aws:elasticloadbalancing:us-east-2:730335291008:loadbalancer/app/bianca-load-balancer/0ab52abf4eda1cb5",
            "mutual_authentication": [],
            "port": 80,
            "protocol": "HTTP",
            "routing_http_request_x_amzn_mtls_clientcert_header_name": null,
            "routing_http_request_x_amzn_mtls_clientcert_issuer_header_name": null,
            "routing_http_request_x_amzn_mtls_clientcert_leaf_header_name": null,
            "routing_http_request_x_amzn_mtls_clientcert_serial_number_header_name": null,
            "routing_http_request_x_amzn_mtls_clientcert_subject_header_name": null,
            "routing_http_request_x_amzn_mtls_clientcert_validity_header_name": null,
            "routing_http_request_x_amzn_tls_cipher_suite_header_name": null,
            "routing_http_request_x_amzn_tls_version_header_name": null,
            "routing_http_response_access_control_allow_credentials_header_value": "",
            "routing_http_response_access_control_allow_headers_header_value": "",
            "routing_http_response_access_control_allow_methods_header_value": "",
            "routing_http_response_access_control_allow_origin_header_value": "",
            "routing_http_response_access_control_expose_headers_header_value": "",
            "routing_http_response_access_control_max_age_header_value": "",
            "routing_http_response_content_security_policy_header_value": "",
            "routing_http_response_server_enabled": false,
            "routing_http_response_strict_transport_security_header_value": "",
            "routing_http_response_x_content_type_options_header_value": "",
            "routing_http_response_x_frame_options_header_value": "",
            "ssl_policy": "",
            "tags": {},
            "tags_all": {},
            "tcp_idle_timeout_seconds": null,
            "timeouts": null
          },
          "sensitive_attributes": [],
          "private": "eyJlMmJmYjczMC1lY2FhLTExZTYtOGY4OC0zNDM2M2JjN2M0YzAiOnsiY3JlYXRlIjozMDAwMDAwMDAwMDAsInVwZGF0ZSI6MzAwMDAwMDAwMDAwfX0=",
          "dependencies": [
            "aws_lb.app_lb",
            "aws_lb_target_group.app_tg",
            "aws_security_group.alb_sg",
            "aws_subnet.public_a",
            "aws_subnet.public_b",
            "data.aws_availability_zones.available"
          ]
        }
      ]
    },
    {
      "mode": "managed",
      "type": "aws_lb_listener",
      "name": "https_listener",
      "provider": "provider[\"registry.terraform.io/hashicorp/aws\"]",
      "instances": [
        {
          "schema_version": 0,
          "attributes": {
            "alpn_policy": null,
            "arn": "arn:aws:elasticloadbalancing:us-east-2:730335291008:listener/app/bianca-load-balancer/0ab52abf4eda1cb5/cfabf1fa84bbac7b",
            "certificate_arn": "arn:aws:acm:us-east-2:730335291008:certificate/7c210226-1854-4fba-b48f-ae233fd9619f",
            "default_action": [
              {
                "authenticate_cognito": [],
                "authenticate_oidc": [],
                "fixed_response": [],
                "forward": [],
                "order": 1,
                "redirect": [],
                "target_group_arn": "arn:aws:elasticloadbalancing:us-east-2:730335291008:targetgroup/bianca-target-group/06afc8767fc5e872",
                "type": "forward"
              }
            ],
            "id": "arn:aws:elasticloadbalancing:us-east-2:730335291008:listener/app/bianca-load-balancer/0ab52abf4eda1cb5/cfabf1fa84bbac7b",
            "load_balancer_arn": "arn:aws:elasticloadbalancing:us-east-2:730335291008:loadbalancer/app/bianca-load-balancer/0ab52abf4eda1cb5",
            "mutual_authentication": [
              {
                "advertise_trust_store_ca_names": "",
                "ignore_client_certificate_expiry": false,
                "mode": "off",
                "trust_store_arn": ""
              }
            ],
            "port": 443,
            "protocol": "HTTPS",
            "routing_http_request_x_amzn_mtls_clientcert_header_name": "",
            "routing_http_request_x_amzn_mtls_clientcert_issuer_header_name": "",
            "routing_http_request_x_amzn_mtls_clientcert_leaf_header_name": "",
            "routing_http_request_x_amzn_mtls_clientcert_serial_number_header_name": "",
            "routing_http_request_x_amzn_mtls_clientcert_subject_header_name": "",
            "routing_http_request_x_amzn_mtls_clientcert_validity_header_name": "",
            "routing_http_request_x_amzn_tls_cipher_suite_header_name": "",
            "routing_http_request_x_amzn_tls_version_header_name": "",
            "routing_http_response_access_control_allow_credentials_header_value": "",
            "routing_http_response_access_control_allow_headers_header_value": "",
            "routing_http_response_access_control_allow_methods_header_value": "",
            "routing_http_response_access_control_allow_origin_header_value": "",
            "routing_http_response_access_control_expose_headers_header_value": "",
            "routing_http_response_access_control_max_age_header_value": "",
            "routing_http_response_content_security_policy_header_value": "",
            "routing_http_response_server_enabled": false,
            "routing_http_response_strict_transport_security_header_value": "",
            "routing_http_response_x_content_type_options_header_value": "",
            "routing_http_response_x_frame_options_header_value": "",
            "ssl_policy": "ELBSecurityPolicy-TLS-1-2-Ext-2018-06",
            "tags": {},
            "tags_all": {},
            "tcp_idle_timeout_seconds": null,
            "timeouts": null
          },
          "sensitive_attributes": [],
          "private": "eyJlMmJmYjczMC1lY2FhLTExZTYtOGY4OC0zNDM2M2JjN2M0YzAiOnsiY3JlYXRlIjozMDAwMDAwMDAwMDAsInVwZGF0ZSI6MzAwMDAwMDAwMDAwfX0=",
          "dependencies": [
            "aws_lb.app_lb",
            "aws_lb_target_group.app_tg",
            "aws_security_group.alb_sg",
            "aws_subnet.public_a",
            "aws_subnet.public_b",
            "data.aws_acm_certificate.app_cert",
            "data.aws_availability_zones.available"
          ]
        }
      ]
    },
    {
      "mode": "managed",
      "type": "aws_lb_target_group",
      "name": "app_tg",
      "provider": "provider[\"registry.terraform.io/hashicorp/aws\"]",
      "instances": [
        {
          "schema_version": 0,
          "attributes": {
            "arn": "arn:aws:elasticloadbalancing:us-east-2:730335291008:targetgroup/bianca-target-group/06afc8767fc5e872",
            "arn_suffix": "targetgroup/bianca-target-group/06afc8767fc5e872",
            "connection_termination": null,
            "deregistration_delay": "300",
            "health_check": [
              {
                "enabled": true,
                "healthy_threshold": 2,
                "interval": 60,
                "matcher": "200",
                "path": "/health",
                "port": "traffic-port",
                "protocol": "HTTP",
                "timeout": 15,
                "unhealthy_threshold": 10
              }
            ],
            "id": "arn:aws:elasticloadbalancing:us-east-2:730335291008:targetgroup/bianca-target-group/06afc8767fc5e872",
            "ip_address_type": "ipv4",
            "lambda_multi_value_headers_enabled": false,
            "load_balancer_arns": [
              "arn:aws:elasticloadbalancing:us-east-2:730335291008:loadbalancer/app/bianca-load-balancer/0ab52abf4eda1cb5"
            ],
            "load_balancing_algorithm_type": "round_robin",
            "load_balancing_anomaly_mitigation": "off",
            "load_balancing_cross_zone_enabled": "use_load_balancer_configuration",
            "name": "bianca-target-group",
            "name_prefix": "",
            "port": 3000,
            "preserve_client_ip": null,
            "protocol": "HTTP",
            "protocol_version": "HTTP1",
            "proxy_protocol_v2": false,
            "slow_start": 0,
            "stickiness": [
              {
                "cookie_duration": 86400,
                "cookie_name": "",
                "enabled": false,
                "type": "lb_cookie"
              }
            ],
            "tags": {
              "Name": "bianca-target-group"
            },
            "tags_all": {
              "Name": "bianca-target-group"
            },
            "target_failover": [
              {
                "on_deregistration": null,
                "on_unhealthy": null
              }
            ],
            "target_group_health": [
              {
                "dns_failover": [
                  {
                    "minimum_healthy_targets_count": "1",
                    "minimum_healthy_targets_percentage": "off"
                  }
                ],
                "unhealthy_state_routing": [
                  {
                    "minimum_healthy_targets_count": 1,
                    "minimum_healthy_targets_percentage": "off"
                  }
                ]
              }
            ],
            "target_health_state": [
              {
                "enable_unhealthy_connection_termination": null,
                "unhealthy_draining_interval": null
              }
            ],
            "target_type": "ip",
            "vpc_id": "vpc-05c16725411127dc3"
          },
          "sensitive_attributes": [],
          "private": "bnVsbA=="
        }
      ]
    },
    {
      "mode": "managed",
      "type": "aws_nat_gateway",
      "name": "main",
      "provider": "provider[\"registry.terraform.io/hashicorp/aws\"]",
      "instances": [
        {
          "schema_version": 0,
          "attributes": {
            "allocation_id": "eipalloc-0ce9b38740bc14595",
            "association_id": "eipassoc-0eda73e7fa2ca15c2",
            "connectivity_type": "public",
            "id": "nat-052e1a4ab22ecbb0b",
            "network_interface_id": "eni-00e4ea9eb406a6b08",
            "private_ip": "172.31.100.210",
            "public_ip": "18.216.248.123",
            "secondary_allocation_ids": [],
            "secondary_private_ip_address_count": 0,
            "secondary_private_ip_addresses": [],
            "subnet_id": "subnet-00ec81340523b7240",
            "tags": {
              "Name": "bianca-nat-gateway"
            },
            "tags_all": {
              "Name": "bianca-nat-gateway"
            },
            "timeouts": null
          },
          "sensitive_attributes": [],
          "private": "eyJlMmJmYjczMC1lY2FhLTExZTYtOGY4OC0zNDM2M2JjN2M0YzAiOnsiY3JlYXRlIjo2MDAwMDAwMDAwMDAsImRlbGV0ZSI6MTgwMDAwMDAwMDAwMCwidXBkYXRlIjo2MDAwMDAwMDAwMDB9fQ==",
          "dependencies": [
            "aws_eip.nat_gateway",
            "aws_internet_gateway.gw",
            "aws_subnet.public_a",
            "data.aws_availability_zones.available"
          ]
        }
      ]
    },
    {
      "mode": "managed",
      "type": "aws_route53_record",
      "name": "app_subdomain",
      "provider": "provider[\"registry.terraform.io/hashicorp/aws\"]",
      "instances": [
        {
          "schema_version": 2,
          "attributes": {
            "alias": [
              {
                "evaluate_target_health": true,
                "name": "bianca-load-balancer-1774778217.us-east-2.elb.amazonaws.com",
                "zone_id": "Z3AADJGX6KTTL2"
              }
            ],
            "allow_overwrite": null,
            "cidr_routing_policy": [],
            "failover_routing_policy": [],
            "fqdn": "app.myphonefriend.com",
            "geolocation_routing_policy": [],
            "geoproximity_routing_policy": [],
            "health_check_id": "",
            "id": "Z01139329KKK4CX1YYHV_app.myphonefriend.com_A",
            "latency_routing_policy": [],
            "multivalue_answer_routing_policy": false,
            "name": "app.myphonefriend.com",
            "records": [],
            "set_identifier": "",
            "timeouts": null,
            "ttl": 0,
            "type": "A",
            "weighted_routing_policy": [],
            "zone_id": "Z01139329KKK4CX1YYHV"
          },
          "sensitive_attributes": [],
          "private": "eyJzY2hlbWFfdmVyc2lvbiI6IjIifQ==",
          "dependencies": [
            "aws_lb.app_lb",
            "aws_security_group.alb_sg",
            "aws_subnet.public_a",
            "aws_subnet.public_b",
            "data.aws_availability_zones.available",
            "data.aws_route53_zone.myphonefriend"
          ]
        }
      ]
    },
    {
      "mode": "managed",
      "type": "aws_route53_record",
      "name": "ses_dkim_records",
      "provider": "provider[\"registry.terraform.io/hashicorp/aws\"]",
      "instances": [
        {
          "index_key": 0,
          "schema_version": 2,
          "attributes": {
            "alias": [],
            "allow_overwrite": null,
            "cidr_routing_policy": [],
            "failover_routing_policy": [],
            "fqdn": "vth7r64g6opz5asqihioinlhnfz4i2hl._domainkey.myphonefriend.com",
            "geolocation_routing_policy": [],
            "geoproximity_routing_policy": [],
            "health_check_id": "",
            "id": "Z01139329KKK4CX1YYHV_vth7r64g6opz5asqihioinlhnfz4i2hl._domainkey.myphonefriend.com_CNAME",
            "latency_routing_policy": [],
            "multivalue_answer_routing_policy": false,
            "name": "vth7r64g6opz5asqihioinlhnfz4i2hl._domainkey.myphonefriend.com",
            "records": [
              "vth7r64g6opz5asqihioinlhnfz4i2hl.dkim.amazonses.com"
            ],
            "set_identifier": "",
            "timeouts": null,
            "ttl": 600,
            "type": "CNAME",
            "weighted_routing_policy": [],
            "zone_id": "Z01139329KKK4CX1YYHV"
          },
          "sensitive_attributes": [],
          "private": "eyJlMmJmYjczMC1lY2FhLTExZTYtOGY4OC0zNDM2M2JjN2M0YzAiOnsiY3JlYXRlIjoxODAwMDAwMDAwMDAwLCJkZWxldGUiOjE4MDAwMDAwMDAwMDAsInVwZGF0ZSI6MTgwMDAwMDAwMDAwMH0sInNjaGVtYV92ZXJzaW9uIjoiMiJ9",
          "dependencies": [
            "aws_ses_domain_dkim.ses_dkim",
            "aws_ses_domain_identity.ses_domain",
            "data.aws_route53_zone.myphonefriend"
          ]
        },
        {
          "index_key": 1,
          "schema_version": 2,
          "attributes": {
            "alias": [],
            "allow_overwrite": null,
            "cidr_routing_policy": [],
            "failover_routing_policy": [],
            "fqdn": "g2ua5fcsvzqqgo4lknvam6ivitcchxvs._domainkey.myphonefriend.com",
            "geolocation_routing_policy": [],
            "geoproximity_routing_policy": [],
            "health_check_id": "",
            "id": "Z01139329KKK4CX1YYHV_g2ua5fcsvzqqgo4lknvam6ivitcchxvs._domainkey.myphonefriend.com_CNAME",
            "latency_routing_policy": [],
            "multivalue_answer_routing_policy": false,
            "name": "g2ua5fcsvzqqgo4lknvam6ivitcchxvs._domainkey.myphonefriend.com",
            "records": [
              "g2ua5fcsvzqqgo4lknvam6ivitcchxvs.dkim.amazonses.com"
            ],
            "set_identifier": "",
            "timeouts": null,
            "ttl": 600,
            "type": "CNAME",
            "weighted_routing_policy": [],
            "zone_id": "Z01139329KKK4CX1YYHV"
          },
          "sensitive_attributes": [],
          "private": "eyJlMmJmYjczMC1lY2FhLTExZTYtOGY4OC0zNDM2M2JjN2M0YzAiOnsiY3JlYXRlIjoxODAwMDAwMDAwMDAwLCJkZWxldGUiOjE4MDAwMDAwMDAwMDAsInVwZGF0ZSI6MTgwMDAwMDAwMDAwMH0sInNjaGVtYV92ZXJzaW9uIjoiMiJ9",
          "dependencies": [
            "aws_ses_domain_dkim.ses_dkim",
            "aws_ses_domain_identity.ses_domain",
            "data.aws_route53_zone.myphonefriend"
          ]
        },
        {
          "index_key": 2,
          "schema_version": 2,
          "attributes": {
            "alias": [],
            "allow_overwrite": null,
            "cidr_routing_policy": [],
            "failover_routing_policy": [],
            "fqdn": "6ruf4jcgasguc32xikegj2cw5l7gnyfh._domainkey.myphonefriend.com",
            "geolocation_routing_policy": [],
            "geoproximity_routing_policy": [],
            "health_check_id": "",
            "id": "Z01139329KKK4CX1YYHV_6ruf4jcgasguc32xikegj2cw5l7gnyfh._domainkey.myphonefriend.com_CNAME",
            "latency_routing_policy": [],
            "multivalue_answer_routing_policy": false,
            "name": "6ruf4jcgasguc32xikegj2cw5l7gnyfh._domainkey.myphonefriend.com",
            "records": [
              "6ruf4jcgasguc32xikegj2cw5l7gnyfh.dkim.amazonses.com"
            ],
            "set_identifier": "",
            "timeouts": null,
            "ttl": 600,
            "type": "CNAME",
            "weighted_routing_policy": [],
            "zone_id": "Z01139329KKK4CX1YYHV"
          },
          "sensitive_attributes": [],
          "private": "eyJlMmJmYjczMC1lY2FhLTExZTYtOGY4OC0zNDM2M2JjN2M0YzAiOnsiY3JlYXRlIjoxODAwMDAwMDAwMDAwLCJkZWxldGUiOjE4MDAwMDAwMDAwMDAsInVwZGF0ZSI6MTgwMDAwMDAwMDAwMH0sInNjaGVtYV92ZXJzaW9uIjoiMiJ9",
          "dependencies": [
            "aws_ses_domain_dkim.ses_dkim",
            "aws_ses_domain_identity.ses_domain",
            "data.aws_route53_zone.myphonefriend"
          ]
        }
      ]
    },
    {
      "mode": "managed",
      "type": "aws_route53_record",
      "name": "ses_verification_record",
      "provider": "provider[\"registry.terraform.io/hashicorp/aws\"]",
      "instances": [
        {
          "schema_version": 2,
          "attributes": {
            "alias": [],
            "allow_overwrite": null,
            "cidr_routing_policy": [],
            "failover_routing_policy": [],
            "fqdn": "_amazonses.myphonefriend.com",
            "geolocation_routing_policy": [],
            "geoproximity_routing_policy": [],
            "health_check_id": "",
            "id": "Z01139329KKK4CX1YYHV__amazonses.myphonefriend.com_TXT",
            "latency_routing_policy": [],
            "multivalue_answer_routing_policy": false,
            "name": "_amazonses.myphonefriend.com",
            "records": [
              "C+/v1/pNNJWAdEBPC1edowyWRhXMAPNUngVdCVzxVSc="
            ],
            "set_identifier": "",
            "timeouts": null,
            "ttl": 600,
            "type": "TXT",
            "weighted_routing_policy": [],
            "zone_id": "Z01139329KKK4CX1YYHV"
          },
          "sensitive_attributes": [],
          "private": "eyJlMmJmYjczMC1lY2FhLTExZTYtOGY4OC0zNDM2M2JjN2M0YzAiOnsiY3JlYXRlIjoxODAwMDAwMDAwMDAwLCJkZWxldGUiOjE4MDAwMDAwMDAwMDAsInVwZGF0ZSI6MTgwMDAwMDAwMDAwMH0sInNjaGVtYV92ZXJzaW9uIjoiMiJ9",
          "dependencies": [
            "aws_ses_domain_identity.ses_domain",
            "data.aws_route53_zone.myphonefriend"
          ]
        }
      ]
    },
    {
      "mode": "managed",
      "type": "aws_route53_record",
      "name": "sip_subdomain",
      "provider": "provider[\"registry.terraform.io/hashicorp/aws\"]",
      "instances": [
        {
          "schema_version": 2,
          "attributes": {
            "alias": [],
            "allow_overwrite": null,
            "cidr_routing_policy": [],
            "failover_routing_policy": [],
            "fqdn": "sip.myphonefriend.com",
            "geolocation_routing_policy": [],
            "geoproximity_routing_policy": [],
            "health_check_id": "",
            "id": "Z01139329KKK4CX1YYHV_sip.myphonefriend.com_A",
            "latency_routing_policy": [],
            "multivalue_answer_routing_policy": false,
            "name": "sip.myphonefriend.com",
            "records": [
              "3.140.153.103"
            ],
            "set_identifier": "",
            "timeouts": null,
            "ttl": 300,
            "type": "A",
            "weighted_routing_policy": [],
            "zone_id": "Z01139329KKK4CX1YYHV"
          },
          "sensitive_attributes": [],
          "private": "eyJlMmJmYjczMC1lY2FhLTExZTYtOGY4OC0zNDM2M2JjN2M0YzAiOnsiY3JlYXRlIjoxODAwMDAwMDAwMDAwLCJkZWxldGUiOjE4MDAwMDAwMDAwMDAsInVwZGF0ZSI6MTgwMDAwMDAwMDAwMH0sInNjaGVtYV92ZXJzaW9uIjoiMiJ9",
          "dependencies": [
            "aws_eip.asterisk_eip",
            "data.aws_route53_zone.myphonefriend"
          ]
        }
      ]
    },
    {
      "mode": "managed",
      "type": "aws_route53_record",
      "name": "wordpress_apex",
      "provider": "provider[\"registry.terraform.io/hashicorp/aws\"]",
      "instances": [
        {
          "schema_version": 2,
          "attributes": {
            "alias": [],
            "allow_overwrite": null,
            "cidr_routing_policy": [],
            "failover_routing_policy": [],
            "fqdn": "myphonefriend.com",
            "geolocation_routing_policy": [],
            "geoproximity_routing_policy": [],
            "health_check_id": "",
            "id": "Z01139329KKK4CX1YYHV_myphonefriend.com_A",
            "latency_routing_policy": [],
            "multivalue_answer_routing_policy": false,
            "name": "myphonefriend.com",
            "records": [
              "192.254.225.221"
            ],
            "set_identifier": "",
            "timeouts": null,
            "ttl": 300,
            "type": "A",
            "weighted_routing_policy": [],
            "zone_id": "Z01139329KKK4CX1YYHV"
          },
          "sensitive_attributes": [],
          "private": "eyJzY2hlbWFfdmVyc2lvbiI6IjIifQ==",
          "dependencies": [
            "data.aws_route53_zone.myphonefriend"
          ]
        }
      ]
    },
    {
      "mode": "managed",
      "type": "aws_route_table",
      "name": "private",
      "provider": "provider[\"registry.terraform.io/hashicorp/aws\"]",
      "instances": [
        {
          "schema_version": 0,
          "attributes": {
            "arn": "arn:aws:ec2:us-east-2:730335291008:route-table/rtb-0c254ef3103d3b738",
            "id": "rtb-0c254ef3103d3b738",
            "owner_id": "730335291008",
            "propagating_vgws": [],
            "route": [
              {
                "carrier_gateway_id": "",
                "cidr_block": "0.0.0.0/0",
                "core_network_arn": "",
                "destination_prefix_list_id": "",
                "egress_only_gateway_id": "",
                "gateway_id": "",
                "ipv6_cidr_block": "",
                "local_gateway_id": "",
                "nat_gateway_id": "nat-052e1a4ab22ecbb0b",
                "network_interface_id": "",
                "transit_gateway_id": "",
                "vpc_endpoint_id": "",
                "vpc_peering_connection_id": ""
              }
            ],
            "tags": {
              "Name": "bianca-private-rt"
            },
            "tags_all": {
              "Name": "bianca-private-rt"
            },
            "timeouts": null,
            "vpc_id": "vpc-05c16725411127dc3"
          },
          "sensitive_attributes": [],
          "private": "eyJlMmJmYjczMC1lY2FhLTExZTYtOGY4OC0zNDM2M2JjN2M0YzAiOnsiY3JlYXRlIjozMDAwMDAwMDAwMDAsImRlbGV0ZSI6MzAwMDAwMDAwMDAwLCJ1cGRhdGUiOjEyMDAwMDAwMDAwMH19",
          "dependencies": [
            "aws_eip.nat_gateway",
            "aws_internet_gateway.gw",
            "aws_nat_gateway.main",
            "aws_subnet.public_a",
            "data.aws_availability_zones.available"
          ]
        }
      ]
    },
    {
      "mode": "managed",
      "type": "aws_route_table",
      "name": "public",
      "provider": "provider[\"registry.terraform.io/hashicorp/aws\"]",
      "instances": [
        {
          "schema_version": 0,
          "attributes": {
            "arn": "arn:aws:ec2:us-east-2:730335291008:route-table/rtb-09d69a440b4056cf9",
            "id": "rtb-09d69a440b4056cf9",
            "owner_id": "730335291008",
            "propagating_vgws": [],
            "route": [
              {
                "carrier_gateway_id": "",
                "cidr_block": "0.0.0.0/0",
                "core_network_arn": "",
                "destination_prefix_list_id": "",
                "egress_only_gateway_id": "",
                "gateway_id": "igw-06b48f8b038a178e5",
                "ipv6_cidr_block": "",
                "local_gateway_id": "",
                "nat_gateway_id": "",
                "network_interface_id": "",
                "transit_gateway_id": "",
                "vpc_endpoint_id": "",
                "vpc_peering_connection_id": ""
              }
            ],
            "tags": {
              "Name": "bianca-public-rt"
            },
            "tags_all": {
              "Name": "bianca-public-rt"
            },
            "timeouts": null,
            "vpc_id": "vpc-05c16725411127dc3"
          },
          "sensitive_attributes": [],
          "private": "eyJlMmJmYjczMC1lY2FhLTExZTYtOGY4OC0zNDM2M2JjN2M0YzAiOnsiY3JlYXRlIjozMDAwMDAwMDAwMDAsImRlbGV0ZSI6MzAwMDAwMDAwMDAwLCJ1cGRhdGUiOjEyMDAwMDAwMDAwMH19",
          "dependencies": [
            "aws_internet_gateway.gw"
          ]
        }
      ]
    },
    {
      "mode": "managed",
      "type": "aws_route_table_association",
      "name": "private_a",
      "provider": "provider[\"registry.terraform.io/hashicorp/aws\"]",
      "instances": [
        {
          "schema_version": 0,
          "attributes": {
            "gateway_id": "",
            "id": "rtbassoc-03b4eabba8143cf71",
            "route_table_id": "rtb-0c254ef3103d3b738",
            "subnet_id": "subnet-0201d14b63e52699d",
            "timeouts": null
          },
          "sensitive_attributes": [],
          "private": "eyJlMmJmYjczMC1lY2FhLTExZTYtOGY4OC0zNDM2M2JjN2M0YzAiOnsiY3JlYXRlIjozMDAwMDAwMDAwMDAsImRlbGV0ZSI6MzAwMDAwMDAwMDAwLCJ1cGRhdGUiOjEyMDAwMDAwMDAwMH19",
          "dependencies": [
            "aws_eip.nat_gateway",
            "aws_internet_gateway.gw",
            "aws_nat_gateway.main",
            "aws_route_table.private",
            "aws_subnet.private_a",
            "aws_subnet.public_a",
            "data.aws_availability_zones.available"
          ]
        }
      ]
    },
    {
      "mode": "managed",
      "type": "aws_route_table_association",
      "name": "private_b",
      "provider": "provider[\"registry.terraform.io/hashicorp/aws\"]",
      "instances": [
        {
          "schema_version": 0,
          "attributes": {
            "gateway_id": "",
            "id": "rtbassoc-0e26fc6c772eb7699",
            "route_table_id": "rtb-0c254ef3103d3b738",
            "subnet_id": "subnet-0ff05ef8a1122d36b",
            "timeouts": null
          },
          "sensitive_attributes": [],
          "private": "eyJlMmJmYjczMC1lY2FhLTExZTYtOGY4OC0zNDM2M2JjN2M0YzAiOnsiY3JlYXRlIjozMDAwMDAwMDAwMDAsImRlbGV0ZSI6MzAwMDAwMDAwMDAwLCJ1cGRhdGUiOjEyMDAwMDAwMDAwMH19",
          "dependencies": [
            "aws_eip.nat_gateway",
            "aws_internet_gateway.gw",
            "aws_nat_gateway.main",
            "aws_route_table.private",
            "aws_subnet.private_b",
            "aws_subnet.public_a",
            "data.aws_availability_zones.available"
          ]
        }
      ]
    },
    {
      "mode": "managed",
      "type": "aws_route_table_association",
      "name": "public_a",
      "provider": "provider[\"registry.terraform.io/hashicorp/aws\"]",
      "instances": [
        {
          "schema_version": 0,
          "attributes": {
            "gateway_id": "",
            "id": "rtbassoc-099d6e37cb66e3eaa",
            "route_table_id": "rtb-09d69a440b4056cf9",
            "subnet_id": "subnet-00ec81340523b7240",
            "timeouts": null
          },
          "sensitive_attributes": [],
          "private": "eyJlMmJmYjczMC1lY2FhLTExZTYtOGY4OC0zNDM2M2JjN2M0YzAiOnsiY3JlYXRlIjozMDAwMDAwMDAwMDAsImRlbGV0ZSI6MzAwMDAwMDAwMDAwLCJ1cGRhdGUiOjEyMDAwMDAwMDAwMH19",
          "dependencies": [
            "aws_internet_gateway.gw",
            "aws_route_table.public",
            "aws_subnet.public_a",
            "data.aws_availability_zones.available"
          ]
        }
      ]
    },
    {
      "mode": "managed",
      "type": "aws_route_table_association",
      "name": "public_b",
      "provider": "provider[\"registry.terraform.io/hashicorp/aws\"]",
      "instances": [
        {
          "schema_version": 0,
          "attributes": {
            "gateway_id": "",
            "id": "rtbassoc-0284e0961987c8c57",
            "route_table_id": "rtb-09d69a440b4056cf9",
            "subnet_id": "subnet-06d5200485f11541b",
            "timeouts": null
          },
          "sensitive_attributes": [],
          "private": "eyJlMmJmYjczMC1lY2FhLTExZTYtOGY4OC0zNDM2M2JjN2M0YzAiOnsiY3JlYXRlIjozMDAwMDAwMDAwMDAsImRlbGV0ZSI6MzAwMDAwMDAwMDAwLCJ1cGRhdGUiOjEyMDAwMDAwMDAwMH19",
          "dependencies": [
            "aws_internet_gateway.gw",
            "aws_route_table.public",
            "aws_subnet.public_b",
            "data.aws_availability_zones.available"
          ]
        }
      ]
    },
    {
      "mode": "managed",
      "type": "aws_s3_bucket",
      "name": "artifact_bucket",
      "provider": "provider[\"registry.terraform.io/hashicorp/aws\"]",
      "instances": [
        {
          "schema_version": 0,
          "attributes": {
            "acceleration_status": "",
            "acl": null,
            "arn": "arn:aws:s3:::bianca-codepipeline-artifact-bucket",
            "bucket": "bianca-codepipeline-artifact-bucket",
            "bucket_domain_name": "bianca-codepipeline-artifact-bucket.s3.amazonaws.com",
            "bucket_prefix": "",
            "bucket_regional_domain_name": "bianca-codepipeline-artifact-bucket.s3.us-east-2.amazonaws.com",
            "cors_rule": [],
            "force_destroy": false,
            "grant": [
              {
                "id": "da83902afab8d0e3defa2c3ca9246a6686109506d5efa06023ff13df72d17dd8",
                "permissions": [
                  "FULL_CONTROL"
                ],
                "type": "CanonicalUser",
                "uri": ""
              }
            ],
            "hosted_zone_id": "Z2O1EMRO9K5GLX",
            "id": "bianca-codepipeline-artifact-bucket",
            "lifecycle_rule": [],
            "logging": [],
            "object_lock_configuration": [],
            "object_lock_enabled": false,
            "policy": "",
            "region": "us-east-2",
            "replication_configuration": [],
            "request_payer": "BucketOwner",
            "server_side_encryption_configuration": [
              {
                "rule": [
                  {
                    "apply_server_side_encryption_by_default": [
                      {
                        "kms_master_key_id": "",
                        "sse_algorithm": "AES256"
                      }
                    ],
                    "bucket_key_enabled": false
                  }
                ]
              }
            ],
            "tags": {
              "Name": "bianca-codepipeline-artifact-bucket"
            },
            "tags_all": {
              "Name": "bianca-codepipeline-artifact-bucket"
            },
            "timeouts": null,
            "versioning": [
              {
                "enabled": false,
                "mfa_delete": false
              }
            ],
            "website": [],
            "website_domain": null,
            "website_endpoint": null
          },
          "sensitive_attributes": [],
          "private": "eyJlMmJmYjczMC1lY2FhLTExZTYtOGY4OC0zNDM2M2JjN2M0YzAiOnsiY3JlYXRlIjoxMjAwMDAwMDAwMDAwLCJkZWxldGUiOjM2MDAwMDAwMDAwMDAsInJlYWQiOjEyMDAwMDAwMDAwMDAsInVwZGF0ZSI6MTIwMDAwMDAwMDAwMH19"
        }
      ]
    },
    {
      "mode": "managed",
      "type": "aws_s3_bucket",
      "name": "debug_audio_bucket",
      "provider": "provider[\"registry.terraform.io/hashicorp/aws\"]",
      "instances": [
        {
          "schema_version": 0,
          "attributes": {
            "acceleration_status": "",
            "acl": null,
            "arn": "arn:aws:s3:::bianca-audio-debug",
            "bucket": "bianca-audio-debug",
            "bucket_domain_name": "bianca-audio-debug.s3.amazonaws.com",
            "bucket_prefix": "",
            "bucket_regional_domain_name": "bianca-audio-debug.s3.us-east-2.amazonaws.com",
            "cors_rule": [],
            "force_destroy": false,
            "grant": [
              {
                "id": "da83902afab8d0e3defa2c3ca9246a6686109506d5efa06023ff13df72d17dd8",
                "permissions": [
                  "FULL_CONTROL"
                ],
                "type": "CanonicalUser",
                "uri": ""
              }
            ],
            "hosted_zone_id": "Z2O1EMRO9K5GLX",
            "id": "bianca-audio-debug",
            "lifecycle_rule": [],
            "logging": [],
            "object_lock_configuration": [],
            "object_lock_enabled": false,
            "policy": "",
            "region": "us-east-2",
            "replication_configuration": [],
            "request_payer": "BucketOwner",
            "server_side_encryption_configuration": [
              {
                "rule": [
                  {
                    "apply_server_side_encryption_by_default": [
                      {
                        "kms_master_key_id": "",
                        "sse_algorithm": "AES256"
                      }
                    ],
                    "bucket_key_enabled": false
                  }
                ]
              }
            ],
            "tags": {
              "Environment": "Debug",
              "Name": "Bianca Debug Audio Bucket"
            },
            "tags_all": {
              "Environment": "Debug",
              "Name": "Bianca Debug Audio Bucket"
            },
            "timeouts": null,
            "versioning": [
              {
                "enabled": false,
                "mfa_delete": false
              }
            ],
            "website": [],
            "website_domain": null,
            "website_endpoint": null
          },
          "sensitive_attributes": [],
          "private": "eyJlMmJmYjczMC1lY2FhLTExZTYtOGY4OC0zNDM2M2JjN2M0YzAiOnsiY3JlYXRlIjoxMjAwMDAwMDAwMDAwLCJkZWxldGUiOjM2MDAwMDAwMDAwMDAsInJlYWQiOjEyMDAwMDAwMDAwMDAsInVwZGF0ZSI6MTIwMDAwMDAwMDAwMH19"
        }
      ]
    },
    {
      "mode": "managed",
      "type": "aws_s3_bucket_ownership_controls",
      "name": "debug_audio_bucket_ownership",
      "provider": "provider[\"registry.terraform.io/hashicorp/aws\"]",
      "instances": [
        {
          "schema_version": 0,
          "attributes": {
            "bucket": "bianca-audio-debug",
            "id": "bianca-audio-debug",
            "rule": [
              {
                "object_ownership": "BucketOwnerEnforced"
              }
            ]
          },
          "sensitive_attributes": [],
          "private": "bnVsbA==",
          "dependencies": [
            "aws_s3_bucket.debug_audio_bucket"
          ]
        }
      ]
    },
    {
      "mode": "managed",
      "type": "aws_security_group",
      "name": "alb_sg",
      "provider": "provider[\"registry.terraform.io/hashicorp/aws\"]",
      "instances": [
        {
          "schema_version": 1,
          "attributes": {
            "arn": "arn:aws:ec2:us-east-2:730335291008:security-group/sg-03b3ab2a793289acc",
            "description": "Managed by Terraform",
            "egress": [
              {
                "cidr_blocks": [
                  "0.0.0.0/0"
                ],
                "description": null,
                "from_port": 0,
                "ipv6_cidr_blocks": [],
                "prefix_list_ids": [],
                "protocol": "-1",
                "security_groups": [],
                "self": false,
                "to_port": 0
              }
            ],
            "id": "sg-03b3ab2a793289acc",
            "ingress": [
              {
                "cidr_blocks": [
                  "0.0.0.0/0"
                ],
                "description": "Allow HTTP from anywhere",
                "from_port": 80,
                "ipv6_cidr_blocks": [],
                "prefix_list_ids": [],
                "protocol": "tcp",
                "security_groups": [],
                "self": false,
                "to_port": 80
              },
              {
                "cidr_blocks": [
                  "0.0.0.0/0"
                ],
                "description": "Allow HTTPS from anywhere",
                "from_port": 443,
                "ipv6_cidr_blocks": [],
                "prefix_list_ids": [],
                "protocol": "tcp",
                "security_groups": [],
                "self": false,
                "to_port": 443
              }
            ],
            "name": "alb-sg",
            "name_prefix": "",
            "owner_id": "730335291008",
            "revoke_rules_on_delete": false,
            "tags": {},
            "tags_all": {},
            "timeouts": null,
            "vpc_id": "vpc-05c16725411127dc3"
          },
          "sensitive_attributes": [],
          "private": "eyJlMmJmYjczMC1lY2FhLTExZTYtOGY4OC0zNDM2M2JjN2M0YzAiOnsiY3JlYXRlIjo2MDAwMDAwMDAwMDAsImRlbGV0ZSI6OTAwMDAwMDAwMDAwfSwic2NoZW1hX3ZlcnNpb24iOiIxIn0="
        }
      ]
    },
    {
      "mode": "managed",
      "type": "aws_security_group",
      "name": "asterisk_ec2_sg",
      "provider": "provider[\"registry.terraform.io/hashicorp/aws\"]",
      "instances": [
        {
          "schema_version": 1,
          "attributes": {
            "arn": "arn:aws:ec2:us-east-2:730335291008:security-group/sg-02aa60b0ef90ff8ec",
            "description": "Security group for Asterisk EC2 instance",
            "egress": [
              {
                "cidr_blocks": [
                  "0.0.0.0/0"
                ],
                "description": "",
                "from_port": 0,
                "ipv6_cidr_blocks": [],
                "prefix_list_ids": [],
                "protocol": "-1",
                "security_groups": [],
                "self": false,
                "to_port": 0
              }
            ],
            "id": "sg-02aa60b0ef90ff8ec",
            "ingress": [
              {
                "cidr_blocks": [
                  "0.0.0.0/0"
                ],
                "description": "SSH access",
                "from_port": 22,
                "ipv6_cidr_blocks": [],
                "prefix_list_ids": [],
                "protocol": "tcp",
                "security_groups": [],
                "self": false,
                "to_port": 22
              },
              {
                "cidr_blocks": [
                  "54.172.60.0/23",
                  "34.203.250.0/23",
                  "34.216.110.128/25",
                  "54.244.51.0/24",
                  "54.171.127.192/26",
                  "35.156.191.128/26",
                  "54.65.63.192/26",
                  "54.169.127.128/26",
                  "54.252.254.64/26",
                  "177.71.206.192/26",
                  "3.141.235.83/32"
                ],
                "description": "SIP TCP from Twilio \u0026 Bianca Client",
                "from_port": 5061,
                "ipv6_cidr_blocks": [],
                "prefix_list_ids": [],
                "protocol": "tcp",
                "security_groups": [],
                "self": false,
                "to_port": 5061
              },
              {
                "cidr_blocks": [
                  "54.172.60.0/23",
                  "34.203.250.0/23",
                  "34.216.110.128/25",
                  "54.244.51.0/24",
                  "54.171.127.192/26",
                  "35.156.191.128/26",
                  "54.65.63.192/26",
                  "54.169.127.128/26",
                  "54.252.254.64/26",
                  "177.71.206.192/26",
                  "3.141.235.83/32"
                ],
                "description": "SIP UDP from Twilio \u0026 Bianca Client",
                "from_port": 5060,
                "ipv6_cidr_blocks": [],
                "prefix_list_ids": [],
                "protocol": "udp",
                "security_groups": [],
                "self": false,
                "to_port": 5060
              },
              {
                "cidr_blocks": [
                  "54.172.60.0/23",
                  "34.203.250.0/23",
                  "34.216.110.128/25",
                  "54.244.51.0/24",
                  "54.171.127.192/26",
                  "35.156.191.128/26",
                  "54.65.63.192/26",
                  "54.169.127.128/26",
                  "54.252.254.64/26",
                  "177.71.206.192/26"
                ],
                "description": "RTP UDP from Twilio",
                "from_port": 10000,
                "ipv6_cidr_blocks": [],
                "prefix_list_ids": [],
                "protocol": "udp",
                "security_groups": [],
                "self": false,
                "to_port": 20000
              }
            ],
            "name": "asterisk-ec2-sg",
            "name_prefix": "",
            "owner_id": "730335291008",
            "revoke_rules_on_delete": false,
            "tags": {
              "Name": "asterisk-ec2-sg"
            },
            "tags_all": {
              "Name": "asterisk-ec2-sg"
            },
            "timeouts": null,
            "vpc_id": "vpc-05c16725411127dc3"
          },
          "sensitive_attributes": [],
          "private": "eyJlMmJmYjczMC1lY2FhLTExZTYtOGY4OC0zNDM2M2JjN2M0YzAiOnsiY3JlYXRlIjo2MDAwMDAwMDAwMDAsImRlbGV0ZSI6OTAwMDAwMDAwMDAwfSwic2NoZW1hX3ZlcnNpb24iOiIxIn0="
        }
      ]
    },
    {
      "mode": "managed",
      "type": "aws_security_group",
      "name": "bianca_app_sg",
      "provider": "provider[\"registry.terraform.io/hashicorp/aws\"]",
      "instances": [
        {
          "schema_version": 1,
          "attributes": {
            "arn": "arn:aws:ec2:us-east-2:730335291008:security-group/sg-07c134670ee6c4d54",
            "description": "Managed by Terraform",
            "egress": [
              {
                "cidr_blocks": [
                  "0.0.0.0/0"
                ],
                "description": "",
                "from_port": 0,
                "ipv6_cidr_blocks": [],
                "prefix_list_ids": [],
                "protocol": "-1",
                "security_groups": [],
                "self": false,
                "to_port": 0
              }
            ],
            "id": "sg-07c134670ee6c4d54",
            "ingress": [
              {
                "cidr_blocks": [],
                "description": "Allow ALB traffic on App HTTP Port",
                "from_port": 3000,
                "ipv6_cidr_blocks": [],
                "prefix_list_ids": [],
                "protocol": "tcp",
                "security_groups": [
                  "sg-03b3ab2a793289acc"
                ],
                "self": false,
                "to_port": 3000
              }
            ],
            "name": "bianca-app-sg",
            "name_prefix": "",
            "owner_id": "730335291008",
            "revoke_rules_on_delete": false,
            "tags": {},
            "tags_all": {},
            "timeouts": null,
            "vpc_id": "vpc-05c16725411127dc3"
          },
          "sensitive_attributes": [],
          "private": "eyJlMmJmYjczMC1lY2FhLTExZTYtOGY4OC0zNDM2M2JjN2M0YzAiOnsiY3JlYXRlIjo2MDAwMDAwMDAwMDAsImRlbGV0ZSI6OTAwMDAwMDAwMDAwfSwic2NoZW1hX3ZlcnNpb24iOiIxIn0=",
          "dependencies": [
            "aws_security_group.alb_sg"
          ]
        }
      ]
    },
    {
      "mode": "managed",
      "type": "aws_security_group",
      "name": "efs_sg",
      "provider": "provider[\"registry.terraform.io/hashicorp/aws\"]",
      "instances": [
        {
          "schema_version": 1,
          "attributes": {
            "arn": "arn:aws:ec2:us-east-2:730335291008:security-group/sg-0e8f769c53c04cf19",
            "description": "Allow NFS traffic from ECS tasks to EFS",
            "egress": [
              {
                "cidr_blocks": [
                  "0.0.0.0/0"
                ],
                "description": "",
                "from_port": 0,
                "ipv6_cidr_blocks": [],
                "prefix_list_ids": [],
                "protocol": "-1",
                "security_groups": [],
                "self": false,
                "to_port": 0
              }
            ],
            "id": "sg-0e8f769c53c04cf19",
            "ingress": [
              {
                "cidr_blocks": [],
                "description": "NFS from Bianca App ECS tasks",
                "from_port": 2049,
                "ipv6_cidr_blocks": [],
                "prefix_list_ids": [],
                "protocol": "tcp",
                "security_groups": [
                  "sg-07c134670ee6c4d54"
                ],
                "self": false,
                "to_port": 2049
              }
            ],
            "name": "mongodb-efs-sg",
            "name_prefix": "",
            "owner_id": "730335291008",
            "revoke_rules_on_delete": false,
            "tags": {
              "Name": "mongodb-efs-sg"
            },
            "tags_all": {
              "Name": "mongodb-efs-sg"
            },
            "timeouts": null,
            "vpc_id": "vpc-05c16725411127dc3"
          },
          "sensitive_attributes": [],
          "private": "eyJlMmJmYjczMC1lY2FhLTExZTYtOGY4OC0zNDM2M2JjN2M0YzAiOnsiY3JlYXRlIjo2MDAwMDAwMDAwMDAsImRlbGV0ZSI6OTAwMDAwMDAwMDAwfSwic2NoZW1hX3ZlcnNpb24iOiIxIn0=",
          "dependencies": [
            "aws_security_group.alb_sg",
            "aws_security_group.bianca_app_sg"
          ]
        }
      ]
    },
    {
      "mode": "managed",
      "type": "aws_security_group",
      "name": "mongodb_sg",
      "provider": "provider[\"registry.terraform.io/hashicorp/aws\"]",
      "instances": [
        {
          "schema_version": 1,
          "attributes": {
            "arn": "arn:aws:ec2:us-east-2:730335291008:security-group/sg-040e32afea81a3b8d",
            "description": "Security group for MongoDB service",
            "egress": [
              {
                "cidr_blocks": [
                  "0.0.0.0/0"
                ],
                "description": null,
                "from_port": 0,
                "ipv6_cidr_blocks": [],
                "prefix_list_ids": [],
                "protocol": "-1",
                "security_groups": [],
                "self": false,
                "to_port": 0
              }
            ],
            "id": "sg-040e32afea81a3b8d",
            "ingress": [
              {
                "cidr_blocks": [],
                "description": "MongoDB from app",
                "from_port": 27017,
                "ipv6_cidr_blocks": [],
                "prefix_list_ids": [],
                "protocol": "tcp",
                "security_groups": [
                  "sg-07c134670ee6c4d54"
                ],
                "self": false,
                "to_port": 27017
              }
            ],
            "name": "mongodb-sg",
            "name_prefix": "",
            "owner_id": "730335291008",
            "revoke_rules_on_delete": false,
            "tags": {
              "Name": "mongodb-sg"
            },
            "tags_all": {
              "Name": "mongodb-sg"
            },
            "timeouts": null,
            "vpc_id": "vpc-05c16725411127dc3"
          },
          "sensitive_attributes": [],
          "private": "eyJlMmJmYjczMC1lY2FhLTExZTYtOGY4OC0zNDM2M2JjN2M0YzAiOnsiY3JlYXRlIjo2MDAwMDAwMDAwMDAsImRlbGV0ZSI6OTAwMDAwMDAwMDAwfSwic2NoZW1hX3ZlcnNpb24iOiIxIn0=",
          "dependencies": [
            "aws_security_group.alb_sg",
            "aws_security_group.bianca_app_sg"
          ]
        }
      ]
    },
    {
      "mode": "managed",
      "type": "aws_security_group",
      "name": "vpc_endpoints_sg",
      "provider": "provider[\"registry.terraform.io/hashicorp/aws\"]",
      "instances": [
        {
          "schema_version": 1,
          "attributes": {
            "arn": "arn:aws:ec2:us-east-2:730335291008:security-group/sg-0a0e3e92768a8a82d",
            "description": "Security group for VPC endpoints",
            "egress": [
              {
                "cidr_blocks": [
                  "0.0.0.0/0"
                ],
                "description": "",
                "from_port": 0,
                "ipv6_cidr_blocks": [],
                "prefix_list_ids": [],
                "protocol": "-1",
                "security_groups": [],
                "self": false,
                "to_port": 0
              }
            ],
            "id": "sg-0a0e3e92768a8a82d",
            "ingress": [
              {
                "cidr_blocks": [
                  "172.31.0.0/16"
                ],
                "description": "",
                "from_port": 443,
                "ipv6_cidr_blocks": [],
                "prefix_list_ids": [],
                "protocol": "tcp",
                "security_groups": [],
                "self": false,
                "to_port": 443
              }
            ],
            "name": "vpc-endpoints-sg",
            "name_prefix": "",
            "owner_id": "730335291008",
            "revoke_rules_on_delete": false,
            "tags": {
              "Name": "vpc-endpoints-sg"
            },
            "tags_all": {
              "Name": "vpc-endpoints-sg"
            },
            "timeouts": null,
            "vpc_id": "vpc-05c16725411127dc3"
          },
          "sensitive_attributes": [],
          "private": "eyJlMmJmYjczMC1lY2FhLTExZTYtOGY4OC0zNDM2M2JjN2M0YzAiOnsiY3JlYXRlIjo2MDAwMDAwMDAwMDAsImRlbGV0ZSI6OTAwMDAwMDAwMDAwfSwic2NoZW1hX3ZlcnNpb24iOiIxIn0="
        }
      ]
    },
    {
      "mode": "managed",
      "type": "aws_security_group_rule",
      "name": "alb_to_fargate_egress",
      "provider": "provider[\"registry.terraform.io/hashicorp/aws\"]",
      "instances": [
        {
          "schema_version": 2,
          "attributes": {
            "cidr_blocks": null,
            "description": "Allow ALB to reach Fargate tasks",
            "from_port": 3000,
            "id": "sgrule-1007077161",
            "ipv6_cidr_blocks": null,
            "prefix_list_ids": null,
            "protocol": "tcp",
            "security_group_id": "sg-03b3ab2a793289acc",
            "security_group_rule_id": "sgr-04a469c2941370d37",
            "self": false,
            "source_security_group_id": "sg-07c134670ee6c4d54",
            "timeouts": null,
            "to_port": 3000,
            "type": "egress"
          },
          "sensitive_attributes": [],
          "private": "eyJlMmJmYjczMC1lY2FhLTExZTYtOGY4OC0zNDM2M2JjN2M0YzAiOnsiY3JlYXRlIjozMDAwMDAwMDAwMDB9LCJzY2hlbWFfdmVyc2lvbiI6IjIifQ==",
          "dependencies": [
            "aws_security_group.alb_sg",
            "aws_security_group.bianca_app_sg"
          ]
        }
      ]
    },
    {
      "mode": "managed",
      "type": "aws_security_group_rule",
      "name": "app_rtp_from_asterisk",
      "provider": "provider[\"registry.terraform.io/hashicorp/aws\"]",
      "instances": [
        {
          "schema_version": 2,
          "attributes": {
            "cidr_blocks": [
              "172.31.100.0/24",
              "172.31.101.0/24"
            ],
            "description": "RTP from Asterisk (public subnet)",
            "from_port": 16384,
            "id": "sgrule-1012395033",
            "ipv6_cidr_blocks": null,
            "prefix_list_ids": null,
            "protocol": "udp",
            "security_group_id": "sg-07c134670ee6c4d54",
            "security_group_rule_id": "",
            "self": false,
            "source_security_group_id": null,
            "timeouts": null,
            "to_port": 16484,
            "type": "ingress"
          },
          "sensitive_attributes": [],
          "private": "eyJlMmJmYjczMC1lY2FhLTExZTYtOGY4OC0zNDM2M2JjN2M0YzAiOnsiY3JlYXRlIjozMDAwMDAwMDAwMDB9LCJzY2hlbWFfdmVyc2lvbiI6IjIifQ==",
          "dependencies": [
            "aws_security_group.alb_sg",
            "aws_security_group.bianca_app_sg"
          ]
        }
      ]
    },
    {
      "mode": "managed",
      "type": "aws_security_group_rule",
      "name": "app_to_asterisk_ari_explicit",
      "provider": "provider[\"registry.terraform.io/hashicorp/aws\"]",
      "instances": [
        {
          "schema_version": 2,
          "attributes": {
            "cidr_blocks": [
              "172.31.100.0/24",
              "172.31.101.0/24"
            ],
            "description": "Explicit egress to Asterisk ARI",
            "from_port": 8088,
            "id": "sgrule-2187305571",
            "ipv6_cidr_blocks": null,
            "prefix_list_ids": null,
            "protocol": "tcp",
            "security_group_id": "sg-07c134670ee6c4d54",
            "security_group_rule_id": "",
            "self": false,
            "source_security_group_id": null,
            "timeouts": null,
            "to_port": 8088,
            "type": "egress"
          },
          "sensitive_attributes": [],
          "private": "eyJlMmJmYjczMC1lY2FhLTExZTYtOGY4OC0zNDM2M2JjN2M0YzAiOnsiY3JlYXRlIjozMDAwMDAwMDAwMDB9LCJzY2hlbWFfdmVyc2lvbiI6IjIifQ==",
          "dependencies": [
            "aws_security_group.alb_sg",
            "aws_security_group.bianca_app_sg"
          ]
        }
      ]
    },
    {
      "mode": "managed",
      "type": "aws_security_group_rule",
      "name": "asterisk_ari_from_private_subnets_debug",
      "provider": "provider[\"registry.terraform.io/hashicorp/aws\"]",
      "instances": [
        {
          "schema_version": 2,
          "attributes": {
            "cidr_blocks": [
              "172.31.110.0/24",
              "172.31.111.0/24"
            ],
            "description": "ARI access from Fargate private subnets (CIDR-based)",
            "from_port": 8088,
            "id": "sgrule-1693574026",
            "ipv6_cidr_blocks": null,
            "prefix_list_ids": null,
            "protocol": "tcp",
            "security_group_id": "sg-02aa60b0ef90ff8ec",
            "security_group_rule_id": "",
            "self": false,
            "source_security_group_id": null,
            "timeouts": null,
            "to_port": 8088,
            "type": "ingress"
          },
          "sensitive_attributes": [],
          "private": "eyJlMmJmYjczMC1lY2FhLTExZTYtOGY4OC0zNDM2M2JjN2M0YzAiOnsiY3JlYXRlIjozMDAwMDAwMDAwMDB9LCJzY2hlbWFfdmVyc2lvbiI6IjIifQ==",
          "dependencies": [
            "aws_security_group.asterisk_ec2_sg"
          ]
        }
      ]
    },
    {
      "mode": "managed",
      "type": "aws_security_group_rule",
      "name": "asterisk_ari_from_vpc",
      "provider": "provider[\"registry.terraform.io/hashicorp/aws\"]",
      "instances": [
        {
          "schema_version": 2,
          "attributes": {
            "cidr_blocks": [
              "172.31.0.0/16"
            ],
            "description": "ARI access from entire VPC",
            "from_port": 8088,
            "id": "sgrule-3963420158",
            "ipv6_cidr_blocks": null,
            "prefix_list_ids": null,
            "protocol": "tcp",
            "security_group_id": "sg-02aa60b0ef90ff8ec",
            "security_group_rule_id": "sgr-051f8fcb946831553",
            "self": false,
            "source_security_group_id": null,
            "timeouts": null,
            "to_port": 8088,
            "type": "ingress"
          },
          "sensitive_attributes": [],
          "private": "eyJlMmJmYjczMC1lY2FhLTExZTYtOGY4OC0zNDM2M2JjN2M0YzAiOnsiY3JlYXRlIjozMDAwMDAwMDAwMDB9LCJzY2hlbWFfdmVyc2lvbiI6IjIifQ==",
          "dependencies": [
            "aws_security_group.asterisk_ec2_sg"
          ]
        }
      ]
    },
    {
      "mode": "managed",
      "type": "aws_security_group_rule",
      "name": "asterisk_rtp_from_private",
      "provider": "provider[\"registry.terraform.io/hashicorp/aws\"]",
      "instances": [
        {
          "schema_version": 2,
          "attributes": {
            "cidr_blocks": [
              "172.31.110.0/24",
              "172.31.111.0/24"
            ],
            "description": "RTP from private subnets (app)",
            "from_port": 10000,
            "id": "sgrule-2513742757",
            "ipv6_cidr_blocks": null,
            "prefix_list_ids": null,
            "protocol": "udp",
            "security_group_id": "sg-02aa60b0ef90ff8ec",
            "security_group_rule_id": "",
            "self": false,
            "source_security_group_id": null,
            "timeouts": null,
            "to_port": 20000,
            "type": "ingress"
          },
          "sensitive_attributes": [],
          "private": "eyJlMmJmYjczMC1lY2FhLTExZTYtOGY4OC0zNDM2M2JjN2M0YzAiOnsiY3JlYXRlIjozMDAwMDAwMDAwMDB9LCJzY2hlbWFfdmVyc2lvbiI6IjIifQ==",
          "dependencies": [
            "aws_security_group.asterisk_ec2_sg"
          ]
        }
      ]
    },
    {
      "mode": "managed",
      "type": "aws_security_group_rule",
      "name": "debug_all_from_private_to_public",
      "provider": "provider[\"registry.terraform.io/hashicorp/aws\"]",
      "instances": [
        {
          "schema_version": 2,
          "attributes": {
            "cidr_blocks": [
              "172.31.110.0/24",
              "172.31.111.0/24"
            ],
            "description": "DEBUG: Allow all TCP from private subnets",
            "from_port": 0,
            "id": "sgrule-1231635460",
            "ipv6_cidr_blocks": null,
            "prefix_list_ids": null,
            "protocol": "tcp",
            "security_group_id": "sg-02aa60b0ef90ff8ec",
            "security_group_rule_id": "",
            "self": false,
            "source_security_group_id": null,
            "timeouts": null,
            "to_port": 65535,
            "type": "ingress"
          },
          "sensitive_attributes": [],
          "private": "eyJlMmJmYjczMC1lY2FhLTExZTYtOGY4OC0zNDM2M2JjN2M0YzAiOnsiY3JlYXRlIjozMDAwMDAwMDAwMDB9LCJzY2hlbWFfdmVyc2lvbiI6IjIifQ==",
          "dependencies": [
            "aws_security_group.asterisk_ec2_sg"
          ]
        }
      ]
    },
    {
      "mode": "managed",
      "type": "aws_security_group_rule",
      "name": "efs_from_mongodb",
      "provider": "provider[\"registry.terraform.io/hashicorp/aws\"]",
      "instances": [
        {
          "schema_version": 2,
          "attributes": {
            "cidr_blocks": null,
            "description": "NFS from MongoDB service",
            "from_port": 2049,
            "id": "sgrule-3518851175",
            "ipv6_cidr_blocks": null,
            "prefix_list_ids": null,
            "protocol": "tcp",
            "security_group_id": "sg-0e8f769c53c04cf19",
            "security_group_rule_id": "sgr-0394856a35567194d",
            "self": false,
            "source_security_group_id": "sg-040e32afea81a3b8d",
            "timeouts": null,
            "to_port": 2049,
            "type": "ingress"
          },
          "sensitive_attributes": [],
          "private": "eyJlMmJmYjczMC1lY2FhLTExZTYtOGY4OC0zNDM2M2JjN2M0YzAiOnsiY3JlYXRlIjozMDAwMDAwMDAwMDB9LCJzY2hlbWFfdmVyc2lvbiI6IjIifQ==",
          "dependencies": [
            "aws_security_group.alb_sg",
            "aws_security_group.bianca_app_sg",
            "aws_security_group.efs_sg",
            "aws_security_group.mongodb_sg"
          ]
        }
      ]
    },
    {
      "mode": "managed",
      "type": "aws_security_group_rule",
      "name": "mongodb_to_efs_egress",
      "provider": "provider[\"registry.terraform.io/hashicorp/aws\"]",
      "instances": [
        {
          "schema_version": 2,
          "attributes": {
            "cidr_blocks": null,
            "description": "Allow MongoDB to reach EFS",
            "from_port": 2049,
            "id": "sgrule-2817281649",
            "ipv6_cidr_blocks": null,
            "prefix_list_ids": null,
            "protocol": "tcp",
            "security_group_id": "sg-040e32afea81a3b8d",
            "security_group_rule_id": "sgr-0c81330bb43949901",
            "self": false,
            "source_security_group_id": "sg-0e8f769c53c04cf19",
            "timeouts": null,
            "to_port": 2049,
            "type": "egress"
          },
          "sensitive_attributes": [],
          "private": "eyJlMmJmYjczMC1lY2FhLTExZTYtOGY4OC0zNDM2M2JjN2M0YzAiOnsiY3JlYXRlIjozMDAwMDAwMDAwMDB9LCJzY2hlbWFfdmVyc2lvbiI6IjIifQ==",
          "dependencies": [
            "aws_security_group.alb_sg",
            "aws_security_group.bianca_app_sg",
            "aws_security_group.efs_sg",
            "aws_security_group.mongodb_sg"
          ]
        }
      ]
    },
    {
      "mode": "managed",
      "type": "aws_service_discovery_instance",
      "name": "asterisk",
      "provider": "provider[\"registry.terraform.io/hashicorp/aws\"]",
      "instances": [
        {
          "schema_version": 0,
          "attributes": {
            "attributes": {
              "AWS_INSTANCE_IPV4": "172.31.100.78"
            },
            "id": "asterisk-ec2",
            "instance_id": "asterisk-ec2",
            "service_id": "srv-yd3wb4djtufgjlxe"
          },
          "sensitive_attributes": [],
          "private": "bnVsbA==",
          "dependencies": [
            "aws_eip.asterisk_eip",
            "aws_iam_instance_profile.asterisk_profile",
            "aws_iam_role.asterisk_ec2_role",
            "aws_instance.asterisk",
            "aws_security_group.asterisk_ec2_sg",
            "aws_service_discovery_private_dns_namespace.internal",
            "aws_service_discovery_service.asterisk_sd_service",
            "aws_subnet.public_a",
            "data.aws_ami.amazon_linux_2",
            "data.aws_availability_zones.available",
            "data.aws_secretsmanager_secret.app_secret"
          ]
        }
      ]
    },
    {
      "mode": "managed",
      "type": "aws_service_discovery_private_dns_namespace",
      "name": "internal",
      "provider": "provider[\"registry.terraform.io/hashicorp/aws\"]",
      "instances": [
        {
          "schema_version": 0,
          "attributes": {
            "arn": "arn:aws:servicediscovery:us-east-2:730335291008:namespace/ns-aatwuosvwb2jqze6",
            "description": "Private DNS namespace for internal services",
            "hosted_zone": "Z0814158TS8Q1KFDT9SB",
            "id": "ns-aatwuosvwb2jqze6",
            "name": "myphonefriend.internal",
            "tags": {
              "Name": "myphonefriend-internal-namespace"
            },
            "tags_all": {
              "Name": "myphonefriend-internal-namespace"
            },
            "vpc": "vpc-05c16725411127dc3"
          },
          "sensitive_attributes": [],
          "private": "bnVsbA=="
        }
      ]
    },
    {
      "mode": "managed",
      "type": "aws_service_discovery_service",
      "name": "asterisk_sd_service",
      "provider": "provider[\"registry.terraform.io/hashicorp/aws\"]",
      "instances": [
        {
          "schema_version": 0,
          "attributes": {
            "arn": "arn:aws:servicediscovery:us-east-2:730335291008:service/srv-yd3wb4djtufgjlxe",
            "description": "",
            "dns_config": [
              {
                "dns_records": [
                  {
                    "ttl": 10,
                    "type": "A"
                  }
                ],
                "namespace_id": "ns-aatwuosvwb2jqze6",
                "routing_policy": "MULTIVALUE"
              }
            ],
            "force_destroy": false,
            "health_check_config": [],
            "health_check_custom_config": [],
            "id": "srv-yd3wb4djtufgjlxe",
            "name": "asterisk",
            "namespace_id": "ns-aatwuosvwb2jqze6",
            "tags": {
              "Name": "asterisk-service-discovery"
            },
            "tags_all": {
              "Name": "asterisk-service-discovery"
            },
            "type": "DNS_HTTP"
          },
          "sensitive_attributes": [],
          "private": "bnVsbA==",
          "dependencies": [
            "aws_service_discovery_private_dns_namespace.internal"
          ]
        }
      ]
    },
    {
      "mode": "managed",
      "type": "aws_service_discovery_service",
      "name": "bianca_app_sd_service",
      "provider": "provider[\"registry.terraform.io/hashicorp/aws\"]",
      "instances": [
        {
          "schema_version": 0,
          "attributes": {
            "arn": "arn:aws:servicediscovery:us-east-2:730335291008:service/srv-wn6njkocglznokqh",
            "description": "",
            "dns_config": [
              {
                "dns_records": [
                  {
                    "ttl": 10,
                    "type": "A"
                  }
                ],
                "namespace_id": "ns-aatwuosvwb2jqze6",
                "routing_policy": "MULTIVALUE"
              }
            ],
            "force_destroy": false,
            "health_check_config": [],
            "health_check_custom_config": [],
            "id": "srv-wn6njkocglznokqh",
            "name": "bianca-app",
            "namespace_id": "ns-aatwuosvwb2jqze6",
            "tags": {
              "Name": "bianca-app-service-discovery"
            },
            "tags_all": {
              "Name": "bianca-app-service-discovery"
            },
            "type": "DNS_HTTP"
          },
          "sensitive_attributes": [],
          "private": "bnVsbA==",
          "dependencies": [
            "aws_service_discovery_private_dns_namespace.internal"
          ]
        }
      ]
    },
    {
      "mode": "managed",
      "type": "aws_service_discovery_service",
      "name": "mongodb_sd_service",
      "provider": "provider[\"registry.terraform.io/hashicorp/aws\"]",
      "instances": [
        {
          "schema_version": 0,
          "attributes": {
            "arn": "arn:aws:servicediscovery:us-east-2:730335291008:service/srv-an4guog5avykmm2u",
            "description": "",
            "dns_config": [
              {
                "dns_records": [
                  {
                    "ttl": 10,
                    "type": "A"
                  }
                ],
                "namespace_id": "ns-aatwuosvwb2jqze6",
                "routing_policy": "MULTIVALUE"
              }
            ],
            "force_destroy": false,
            "health_check_config": [],
            "health_check_custom_config": [],
            "id": "srv-an4guog5avykmm2u",
            "name": "mongodb",
            "namespace_id": "ns-aatwuosvwb2jqze6",
            "tags": {
              "Name": "mongodb-service-discovery"
            },
            "tags_all": {
              "Name": "mongodb-service-discovery"
            },
            "type": "DNS_HTTP"
          },
          "sensitive_attributes": [],
          "private": "bnVsbA==",
          "dependencies": [
            "aws_service_discovery_private_dns_namespace.internal"
          ]
        }
      ]
    },
    {
      "mode": "managed",
      "type": "aws_ses_domain_dkim",
      "name": "ses_dkim",
      "provider": "provider[\"registry.terraform.io/hashicorp/aws\"]",
      "instances": [
        {
          "schema_version": 0,
          "attributes": {
            "dkim_tokens": [
              "vth7r64g6opz5asqihioinlhnfz4i2hl",
              "g2ua5fcsvzqqgo4lknvam6ivitcchxvs",
              "6ruf4jcgasguc32xikegj2cw5l7gnyfh"
            ],
            "domain": "myphonefriend.com",
            "id": "myphonefriend.com"
          },
          "sensitive_attributes": [],
          "private": "bnVsbA==",
          "dependencies": [
            "aws_ses_domain_identity.ses_domain"
          ]
        }
      ]
    },
    {
      "mode": "managed",
      "type": "aws_ses_domain_identity",
      "name": "ses_domain",
      "provider": "provider[\"registry.terraform.io/hashicorp/aws\"]",
      "instances": [
        {
          "schema_version": 0,
          "attributes": {
            "arn": "arn:aws:ses:us-east-2:730335291008:identity/myphonefriend.com",
            "domain": "myphonefriend.com",
            "id": "myphonefriend.com",
            "verification_token": "C+/v1/pNNJWAdEBPC1edowyWRhXMAPNUngVdCVzxVSc="
          },
          "sensitive_attributes": [],
          "private": "bnVsbA=="
        }
      ]
    },
    {
      "mode": "managed",
      "type": "aws_subnet",
      "name": "private_a",
      "provider": "provider[\"registry.terraform.io/hashicorp/aws\"]",
      "instances": [
        {
          "schema_version": 1,
          "attributes": {
            "arn": "arn:aws:ec2:us-east-2:730335291008:subnet/subnet-0201d14b63e52699d",
            "assign_ipv6_address_on_creation": false,
            "availability_zone": "us-east-2a",
            "availability_zone_id": "use2-az1",
            "cidr_block": "172.31.110.0/24",
            "customer_owned_ipv4_pool": "",
            "enable_dns64": false,
            "enable_lni_at_device_index": 0,
            "enable_resource_name_dns_a_record_on_launch": false,
            "enable_resource_name_dns_aaaa_record_on_launch": false,
            "id": "subnet-0201d14b63e52699d",
            "ipv6_cidr_block": "",
            "ipv6_cidr_block_association_id": "",
            "ipv6_native": false,
            "map_customer_owned_ip_on_launch": false,
            "map_public_ip_on_launch": false,
            "outpost_arn": "",
            "owner_id": "730335291008",
            "private_dns_hostname_type_on_launch": "ip-name",
            "tags": {
              "Name": "bianca-private-a"
            },
            "tags_all": {
              "Name": "bianca-private-a"
            },
            "timeouts": null,
            "vpc_id": "vpc-05c16725411127dc3"
          },
          "sensitive_attributes": [],
          "private": "eyJlMmJmYjczMC1lY2FhLTExZTYtOGY4OC0zNDM2M2JjN2M0YzAiOnsiY3JlYXRlIjo2MDAwMDAwMDAwMDAsImRlbGV0ZSI6MTIwMDAwMDAwMDAwMH0sInNjaGVtYV92ZXJzaW9uIjoiMSJ9",
          "dependencies": [
            "data.aws_availability_zones.available"
          ]
        }
      ]
    },
    {
      "mode": "managed",
      "type": "aws_subnet",
      "name": "private_b",
      "provider": "provider[\"registry.terraform.io/hashicorp/aws\"]",
      "instances": [
        {
          "schema_version": 1,
          "attributes": {
            "arn": "arn:aws:ec2:us-east-2:730335291008:subnet/subnet-0ff05ef8a1122d36b",
            "assign_ipv6_address_on_creation": false,
            "availability_zone": "us-east-2b",
            "availability_zone_id": "use2-az2",
            "cidr_block": "172.31.111.0/24",
            "customer_owned_ipv4_pool": "",
            "enable_dns64": false,
            "enable_lni_at_device_index": 0,
            "enable_resource_name_dns_a_record_on_launch": false,
            "enable_resource_name_dns_aaaa_record_on_launch": false,
            "id": "subnet-0ff05ef8a1122d36b",
            "ipv6_cidr_block": "",
            "ipv6_cidr_block_association_id": "",
            "ipv6_native": false,
            "map_customer_owned_ip_on_launch": false,
            "map_public_ip_on_launch": false,
            "outpost_arn": "",
            "owner_id": "730335291008",
            "private_dns_hostname_type_on_launch": "ip-name",
            "tags": {
              "Name": "bianca-private-b"
            },
            "tags_all": {
              "Name": "bianca-private-b"
            },
            "timeouts": null,
            "vpc_id": "vpc-05c16725411127dc3"
          },
          "sensitive_attributes": [],
          "private": "eyJlMmJmYjczMC1lY2FhLTExZTYtOGY4OC0zNDM2M2JjN2M0YzAiOnsiY3JlYXRlIjo2MDAwMDAwMDAwMDAsImRlbGV0ZSI6MTIwMDAwMDAwMDAwMH0sInNjaGVtYV92ZXJzaW9uIjoiMSJ9",
          "dependencies": [
            "data.aws_availability_zones.available"
          ]
        }
      ]
    },
    {
      "mode": "managed",
      "type": "aws_subnet",
      "name": "public_a",
      "provider": "provider[\"registry.terraform.io/hashicorp/aws\"]",
      "instances": [
        {
          "schema_version": 1,
          "attributes": {
            "arn": "arn:aws:ec2:us-east-2:730335291008:subnet/subnet-00ec81340523b7240",
            "assign_ipv6_address_on_creation": false,
            "availability_zone": "us-east-2a",
            "availability_zone_id": "use2-az1",
            "cidr_block": "172.31.100.0/24",
            "customer_owned_ipv4_pool": "",
            "enable_dns64": false,
            "enable_lni_at_device_index": 0,
            "enable_resource_name_dns_a_record_on_launch": false,
            "enable_resource_name_dns_aaaa_record_on_launch": false,
            "id": "subnet-00ec81340523b7240",
            "ipv6_cidr_block": "",
            "ipv6_cidr_block_association_id": "",
            "ipv6_native": false,
            "map_customer_owned_ip_on_launch": false,
            "map_public_ip_on_launch": true,
            "outpost_arn": "",
            "owner_id": "730335291008",
            "private_dns_hostname_type_on_launch": "ip-name",
            "tags": {
              "Name": "bianca-public-a"
            },
            "tags_all": {
              "Name": "bianca-public-a"
            },
            "timeouts": null,
            "vpc_id": "vpc-05c16725411127dc3"
          },
          "sensitive_attributes": [],
          "private": "eyJlMmJmYjczMC1lY2FhLTExZTYtOGY4OC0zNDM2M2JjN2M0YzAiOnsiY3JlYXRlIjo2MDAwMDAwMDAwMDAsImRlbGV0ZSI6MTIwMDAwMDAwMDAwMH0sInNjaGVtYV92ZXJzaW9uIjoiMSJ9",
          "dependencies": [
            "data.aws_availability_zones.available"
          ]
        }
      ]
    },
    {
      "mode": "managed",
      "type": "aws_subnet",
      "name": "public_b",
      "provider": "provider[\"registry.terraform.io/hashicorp/aws\"]",
      "instances": [
        {
          "schema_version": 1,
          "attributes": {
            "arn": "arn:aws:ec2:us-east-2:730335291008:subnet/subnet-06d5200485f11541b",
            "assign_ipv6_address_on_creation": false,
            "availability_zone": "us-east-2b",
            "availability_zone_id": "use2-az2",
            "cidr_block": "172.31.101.0/24",
            "customer_owned_ipv4_pool": "",
            "enable_dns64": false,
            "enable_lni_at_device_index": 0,
            "enable_resource_name_dns_a_record_on_launch": false,
            "enable_resource_name_dns_aaaa_record_on_launch": false,
            "id": "subnet-06d5200485f11541b",
            "ipv6_cidr_block": "",
            "ipv6_cidr_block_association_id": "",
            "ipv6_native": false,
            "map_customer_owned_ip_on_launch": false,
            "map_public_ip_on_launch": true,
            "outpost_arn": "",
            "owner_id": "730335291008",
            "private_dns_hostname_type_on_launch": "ip-name",
            "tags": {
              "Name": "bianca-public-b"
            },
            "tags_all": {
              "Name": "bianca-public-b"
            },
            "timeouts": null,
            "vpc_id": "vpc-05c16725411127dc3"
          },
          "sensitive_attributes": [],
          "private": "eyJlMmJmYjczMC1lY2FhLTExZTYtOGY4OC0zNDM2M2JjN2M0YzAiOnsiY3JlYXRlIjo2MDAwMDAwMDAwMDAsImRlbGV0ZSI6MTIwMDAwMDAwMDAwMH0sInNjaGVtYV92ZXJzaW9uIjoiMSJ9",
          "dependencies": [
            "data.aws_availability_zones.available"
          ]
        }
      ]
    },
    {
      "mode": "managed",
      "type": "aws_vpc_endpoint",
      "name": "ecr_api",
      "provider": "provider[\"registry.terraform.io/hashicorp/aws\"]",
      "instances": [
        {
          "schema_version": 0,
          "attributes": {
            "arn": "arn:aws:ec2:us-east-2:730335291008:vpc-endpoint/vpce-0df912301f69e066c",
            "auto_accept": null,
            "cidr_blocks": [],
            "dns_entry": [
              {
                "dns_name": "vpce-0df912301f69e066c-yfzsetiq.api.ecr.us-east-2.vpce.amazonaws.com",
                "hosted_zone_id": "ZC8PG0KIFKBRI"
              },
              {
                "dns_name": "vpce-0df912301f69e066c-yfzsetiq-us-east-2a.api.ecr.us-east-2.vpce.amazonaws.com",
                "hosted_zone_id": "ZC8PG0KIFKBRI"
              },
              {
                "dns_name": "vpce-0df912301f69e066c-yfzsetiq-us-east-2b.api.ecr.us-east-2.vpce.amazonaws.com",
                "hosted_zone_id": "ZC8PG0KIFKBRI"
              },
              {
                "dns_name": "api.ecr.us-east-2.amazonaws.com",
                "hosted_zone_id": "Z04613812DJHZ517FW6NJ"
              },
              {
                "dns_name": "ecr.us-east-2.api.aws",
                "hosted_zone_id": "Z02871563KVU2MHLR1SBO"
              }
            ],
            "dns_options": [
              {
                "dns_record_ip_type": "ipv4",
                "private_dns_only_for_inbound_resolver_endpoint": false
              }
            ],
            "id": "vpce-0df912301f69e066c",
            "ip_address_type": "ipv4",
            "network_interface_ids": [
              "eni-01d6da315356a02bd",
              "eni-07414a3802a52601b"
            ],
            "owner_id": "730335291008",
            "policy": "{\"Statement\":[{\"Action\":\"*\",\"Effect\":\"Allow\",\"Principal\":\"*\",\"Resource\":\"*\"}]}",
            "prefix_list_id": null,
            "private_dns_enabled": true,
            "requester_managed": false,
            "resource_configuration_arn": "",
            "route_table_ids": [],
            "security_group_ids": [
              "sg-0a0e3e92768a8a82d"
            ],
            "service_name": "com.amazonaws.us-east-2.ecr.api",
            "service_network_arn": "",
            "service_region": "us-east-2",
            "state": "available",
            "subnet_configuration": [
              {
                "ipv4": "172.31.110.238",
                "ipv6": "",
                "subnet_id": "subnet-0201d14b63e52699d"
              },
              {
                "ipv4": "172.31.111.194",
                "ipv6": "",
                "subnet_id": "subnet-0ff05ef8a1122d36b"
              }
            ],
            "subnet_ids": [
              "subnet-0201d14b63e52699d",
              "subnet-0ff05ef8a1122d36b"
            ],
            "tags": {
              "Name": "ecr-api-endpoint"
            },
            "tags_all": {
              "Name": "ecr-api-endpoint"
            },
            "timeouts": null,
            "vpc_endpoint_type": "Interface",
            "vpc_id": "vpc-05c16725411127dc3"
          },
          "sensitive_attributes": [],
          "private": "eyJlMmJmYjczMC1lY2FhLTExZTYtOGY4OC0zNDM2M2JjN2M0YzAiOnsiY3JlYXRlIjo2MDAwMDAwMDAwMDAsImRlbGV0ZSI6NjAwMDAwMDAwMDAwLCJ1cGRhdGUiOjYwMDAwMDAwMDAwMH19",
          "dependencies": [
            "aws_security_group.vpc_endpoints_sg",
            "aws_subnet.private_a",
            "aws_subnet.private_b",
            "data.aws_availability_zones.available"
          ]
        }
      ]
    },
    {
      "mode": "managed",
      "type": "aws_vpc_endpoint",
      "name": "ecr_dkr",
      "provider": "provider[\"registry.terraform.io/hashicorp/aws\"]",
      "instances": [
        {
          "schema_version": 0,
          "attributes": {
            "arn": "arn:aws:ec2:us-east-2:730335291008:vpc-endpoint/vpce-05c01602ab0af7368",
            "auto_accept": null,
            "cidr_blocks": [],
            "dns_entry": [
              {
                "dns_name": "vpce-05c01602ab0af7368-gy1zy9y8.dkr.ecr.us-east-2.vpce.amazonaws.com",
                "hosted_zone_id": "ZC8PG0KIFKBRI"
              },
              {
                "dns_name": "vpce-05c01602ab0af7368-gy1zy9y8-us-east-2b.dkr.ecr.us-east-2.vpce.amazonaws.com",
                "hosted_zone_id": "ZC8PG0KIFKBRI"
              },
              {
                "dns_name": "vpce-05c01602ab0af7368-gy1zy9y8-us-east-2a.dkr.ecr.us-east-2.vpce.amazonaws.com",
                "hosted_zone_id": "ZC8PG0KIFKBRI"
              },
              {
                "dns_name": "dkr.ecr.us-east-2.amazonaws.com",
                "hosted_zone_id": "Z046138827YIWOWM7ND0G"
              },
              {
                "dns_name": "*.dkr.ecr.us-east-2.amazonaws.com",
                "hosted_zone_id": "Z046138827YIWOWM7ND0G"
              },
              {
                "dns_name": "dkr-ecr.us-east-2.on.aws",
                "hosted_zone_id": "Z051992322TCXXYESNV86"
              },
              {
                "dns_name": "*.dkr-ecr.us-east-2.on.aws",
                "hosted_zone_id": "Z051992322TCXXYESNV86"
              }
            ],
            "dns_options": [
              {
                "dns_record_ip_type": "ipv4",
                "private_dns_only_for_inbound_resolver_endpoint": false
              }
            ],
            "id": "vpce-05c01602ab0af7368",
            "ip_address_type": "ipv4",
            "network_interface_ids": [
              "eni-030228ee5ec77957a",
              "eni-081f31d7bf759e851"
            ],
            "owner_id": "730335291008",
            "policy": "{\"Statement\":[{\"Action\":\"*\",\"Effect\":\"Allow\",\"Principal\":\"*\",\"Resource\":\"*\"}]}",
            "prefix_list_id": null,
            "private_dns_enabled": true,
            "requester_managed": false,
            "resource_configuration_arn": "",
            "route_table_ids": [],
            "security_group_ids": [
              "sg-0a0e3e92768a8a82d"
            ],
            "service_name": "com.amazonaws.us-east-2.ecr.dkr",
            "service_network_arn": "",
            "service_region": "us-east-2",
            "state": "available",
            "subnet_configuration": [
              {
                "ipv4": "172.31.110.120",
                "ipv6": "",
                "subnet_id": "subnet-0201d14b63e52699d"
              },
              {
                "ipv4": "172.31.111.197",
                "ipv6": "",
                "subnet_id": "subnet-0ff05ef8a1122d36b"
              }
            ],
            "subnet_ids": [
              "subnet-0201d14b63e52699d",
              "subnet-0ff05ef8a1122d36b"
            ],
            "tags": {
              "Name": "ecr-dkr-endpoint"
            },
            "tags_all": {
              "Name": "ecr-dkr-endpoint"
            },
            "timeouts": null,
            "vpc_endpoint_type": "Interface",
            "vpc_id": "vpc-05c16725411127dc3"
          },
          "sensitive_attributes": [],
          "private": "eyJlMmJmYjczMC1lY2FhLTExZTYtOGY4OC0zNDM2M2JjN2M0YzAiOnsiY3JlYXRlIjo2MDAwMDAwMDAwMDAsImRlbGV0ZSI6NjAwMDAwMDAwMDAwLCJ1cGRhdGUiOjYwMDAwMDAwMDAwMH19",
          "dependencies": [
            "aws_security_group.vpc_endpoints_sg",
            "aws_subnet.private_a",
            "aws_subnet.private_b",
            "data.aws_availability_zones.available"
          ]
        }
      ]
    },
    {
      "mode": "managed",
      "type": "aws_vpc_endpoint",
      "name": "s3",
      "provider": "provider[\"registry.terraform.io/hashicorp/aws\"]",
      "instances": [
        {
          "schema_version": 0,
          "attributes": {
            "arn": "arn:aws:ec2:us-east-2:730335291008:vpc-endpoint/vpce-0b37afe4382b05277",
            "auto_accept": null,
            "cidr_blocks": [
              "18.34.252.0/22",
              "52.219.141.0/24",
              "18.34.72.0/21",
              "52.219.96.0/20",
              "52.219.224.0/21",
              "16.12.60.0/22",
              "52.219.232.0/22",
              "52.219.80.0/20",
              "3.5.128.0/22",
              "52.219.142.0/23",
              "3.5.132.0/23",
              "16.12.64.0/22",
              "52.219.212.0/22",
              "52.219.176.0/22"
            ],
            "dns_entry": [],
            "dns_options": [],
            "id": "vpce-0b37afe4382b05277",
            "ip_address_type": "",
            "network_interface_ids": [],
            "owner_id": "730335291008",
            "policy": "{\"Statement\":[{\"Action\":\"*\",\"Effect\":\"Allow\",\"Principal\":\"*\",\"Resource\":\"*\"}],\"Version\":\"2008-10-17\"}",
            "prefix_list_id": "pl-7ba54012",
            "private_dns_enabled": false,
            "requester_managed": false,
            "resource_configuration_arn": "",
            "route_table_ids": [
              "rtb-0c254ef3103d3b738"
            ],
            "security_group_ids": [],
            "service_name": "com.amazonaws.us-east-2.s3",
            "service_network_arn": "",
            "service_region": "us-east-2",
            "state": "available",
            "subnet_configuration": [],
            "subnet_ids": [],
            "tags": {
              "Name": "s3-endpoint"
            },
            "tags_all": {
              "Name": "s3-endpoint"
            },
            "timeouts": null,
            "vpc_endpoint_type": "Gateway",
            "vpc_id": "vpc-05c16725411127dc3"
          },
          "sensitive_attributes": [],
          "private": "eyJlMmJmYjczMC1lY2FhLTExZTYtOGY4OC0zNDM2M2JjN2M0YzAiOnsiY3JlYXRlIjo2MDAwMDAwMDAwMDAsImRlbGV0ZSI6NjAwMDAwMDAwMDAwLCJ1cGRhdGUiOjYwMDAwMDAwMDAwMH19",
          "dependencies": [
            "aws_eip.nat_gateway",
            "aws_internet_gateway.gw",
            "aws_nat_gateway.main",
            "aws_route_table.private",
            "aws_subnet.public_a",
            "data.aws_availability_zones.available"
          ]
        }
      ]
    }
  ],
  "check_results": null
}
